// !$*UTF8*$!
{
	archiveVersion = 1;
	classes = {
	};
	objectVersion = 55;
	objects = {

/* Begin PBXBuildFile section */
		4DE80CEF277B039900A41AE6 /* 7347.cpp in Sources */ = {isa = PBXBuildFile; fileRef = 4DE80CEE277B039900A41AE6 /* 7347.cpp */; };
		4DE80D00277B17E300A41AE6 /* 2631.cpp in Sources */ = {isa = PBXBuildFile; fileRef = 4DE80CFA277B15A000A41AE6 /* 2631.cpp */; };
		4DE80D08277B1F5100A41AE6 /* 11497.cpp in Sources */ = {isa = PBXBuildFile; fileRef = 4DE80D07277B1F5100A41AE6 /* 11497.cpp */; };
		4DE80D13277B4F3B00A41AE6 /* 14676.cpp in Sources */ = {isa = PBXBuildFile; fileRef = 4DE80D12277B4F3B00A41AE6 /* 14676.cpp */; };
		4DE80D1E277B518900A41AE6 /* 5567.cpp in Sources */ = {isa = PBXBuildFile; fileRef = 4DE80D1D277B518900A41AE6 /* 5567.cpp */; };
		4DE80D29277B51A600A41AE6 /* 22942.cpp in Sources */ = {isa = PBXBuildFile; fileRef = 4DE80D28277B51A600A41AE6 /* 22942.cpp */; };
		4DFD2F832771D18F00A849C3 /* 1158.cpp in Sources */ = {isa = PBXBuildFile; fileRef = 4DFD2F822771D18F00A849C3 /* 1158.cpp */; };
		4DFD2F9C2771DA8400A849C3 /* 10828.cpp in Sources */ = {isa = PBXBuildFile; fileRef = 4DFD2F952771D90700A849C3 /* 10828.cpp */; };
/* End PBXBuildFile section */

/* Begin PBXCopyFilesBuildPhase section */
		4DE80CEA277B039900A41AE6 /* CopyFiles */ = {
			isa = PBXCopyFilesBuildPhase;
			buildActionMask = 2147483647;
			dstPath = /usr/share/man/man1/;
			dstSubfolderSpec = 0;
			files = (
			);
			runOnlyForDeploymentPostprocessing = 1;
		};
		4DE80CF6277B15A000A41AE6 /* CopyFiles */ = {
			isa = PBXCopyFilesBuildPhase;
			buildActionMask = 2147483647;
			dstPath = /usr/share/man/man1/;
			dstSubfolderSpec = 0;
			files = (
			);
			runOnlyForDeploymentPostprocessing = 1;
		};
		4DE80D03277B1F5100A41AE6 /* CopyFiles */ = {
			isa = PBXCopyFilesBuildPhase;
			buildActionMask = 2147483647;
			dstPath = /usr/share/man/man1/;
			dstSubfolderSpec = 0;
			files = (
			);
			runOnlyForDeploymentPostprocessing = 1;
		};
		4DE80D0E277B4F3B00A41AE6 /* CopyFiles */ = {
			isa = PBXCopyFilesBuildPhase;
			buildActionMask = 2147483647;
			dstPath = /usr/share/man/man1/;
			dstSubfolderSpec = 0;
			files = (
			);
			runOnlyForDeploymentPostprocessing = 1;
		};
		4DE80D19277B518900A41AE6 /* CopyFiles */ = {
			isa = PBXCopyFilesBuildPhase;
			buildActionMask = 2147483647;
			dstPath = /usr/share/man/man1/;
			dstSubfolderSpec = 0;
			files = (
			);
			runOnlyForDeploymentPostprocessing = 1;
		};
		4DE80D24277B51A600A41AE6 /* CopyFiles */ = {
			isa = PBXCopyFilesBuildPhase;
			buildActionMask = 2147483647;
			dstPath = /usr/share/man/man1/;
			dstSubfolderSpec = 0;
			files = (
			);
			runOnlyForDeploymentPostprocessing = 1;
		};
		4DFD2F7D2771D18F00A849C3 /* CopyFiles */ = {
			isa = PBXCopyFilesBuildPhase;
			buildActionMask = 2147483647;
			dstPath = /usr/share/man/man1/;
			dstSubfolderSpec = 0;
			files = (
			);
			runOnlyForDeploymentPostprocessing = 1;
		};
		4DFD2F912771D90600A849C3 /* CopyFiles */ = {
			isa = PBXCopyFilesBuildPhase;
			buildActionMask = 2147483647;
			dstPath = /usr/share/man/man1/;
			dstSubfolderSpec = 0;
			files = (
			);
			runOnlyForDeploymentPostprocessing = 1;
		};
/* End PBXCopyFilesBuildPhase section */

/* Begin PBXFileReference section */
		4DE80CEC277B039900A41AE6 /* 7347 */ = {isa = PBXFileReference; explicitFileType = "compiled.mach-o.executable"; includeInIndex = 0; path = 7347; sourceTree = BUILT_PRODUCTS_DIR; };
		4DE80CEE277B039900A41AE6 /* 7347.cpp */ = {isa = PBXFileReference; lastKnownFileType = sourcecode.cpp.cpp; path = 7347.cpp; sourceTree = "<group>"; };
		4DE80CF8277B15A000A41AE6 /* 2631 */ = {isa = PBXFileReference; explicitFileType = "compiled.mach-o.executable"; includeInIndex = 0; path = 2631; sourceTree = BUILT_PRODUCTS_DIR; };
		4DE80CFA277B15A000A41AE6 /* 2631.cpp */ = {isa = PBXFileReference; lastKnownFileType = sourcecode.cpp.cpp; path = 2631.cpp; sourceTree = "<group>"; };
		4DE80D05277B1F5100A41AE6 /* 11497 */ = {isa = PBXFileReference; explicitFileType = "compiled.mach-o.executable"; includeInIndex = 0; path = 11497; sourceTree = BUILT_PRODUCTS_DIR; };
		4DE80D07277B1F5100A41AE6 /* 11497.cpp */ = {isa = PBXFileReference; lastKnownFileType = sourcecode.cpp.cpp; path = 11497.cpp; sourceTree = "<group>"; };
		4DE80D10277B4F3B00A41AE6 /* 14676 */ = {isa = PBXFileReference; explicitFileType = "compiled.mach-o.executable"; includeInIndex = 0; path = 14676; sourceTree = BUILT_PRODUCTS_DIR; };
		4DE80D12277B4F3B00A41AE6 /* 14676.cpp */ = {isa = PBXFileReference; lastKnownFileType = sourcecode.cpp.cpp; path = 14676.cpp; sourceTree = "<group>"; };
		4DE80D1B277B518900A41AE6 /* 5567 */ = {isa = PBXFileReference; explicitFileType = "compiled.mach-o.executable"; includeInIndex = 0; path = 5567; sourceTree = BUILT_PRODUCTS_DIR; };
		4DE80D1D277B518900A41AE6 /* 5567.cpp */ = {isa = PBXFileReference; lastKnownFileType = sourcecode.cpp.cpp; path = 5567.cpp; sourceTree = "<group>"; };
		4DE80D26277B51A600A41AE6 /* 22942 */ = {isa = PBXFileReference; explicitFileType = "compiled.mach-o.executable"; includeInIndex = 0; path = 22942; sourceTree = BUILT_PRODUCTS_DIR; };
		4DE80D28277B51A600A41AE6 /* 22942.cpp */ = {isa = PBXFileReference; lastKnownFileType = sourcecode.cpp.cpp; path = 22942.cpp; sourceTree = "<group>"; };
		4DFD2F7F2771D18F00A849C3 /* 1158 */ = {isa = PBXFileReference; explicitFileType = "compiled.mach-o.executable"; includeInIndex = 0; path = 1158; sourceTree = BUILT_PRODUCTS_DIR; };
		4DFD2F822771D18F00A849C3 /* 1158.cpp */ = {isa = PBXFileReference; lastKnownFileType = sourcecode.cpp.cpp; path = 1158.cpp; sourceTree = "<group>"; };
		4DFD2F932771D90600A849C3 /* 10828 */ = {isa = PBXFileReference; explicitFileType = "compiled.mach-o.executable"; includeInIndex = 0; path = 10828; sourceTree = BUILT_PRODUCTS_DIR; };
		4DFD2F952771D90700A849C3 /* 10828.cpp */ = {isa = PBXFileReference; lastKnownFileType = sourcecode.cpp.cpp; path = 10828.cpp; sourceTree = "<group>"; };
/* End PBXFileReference section */

/* Begin PBXFrameworksBuildPhase section */
		4DE80CE9277B039900A41AE6 /* Frameworks */ = {
			isa = PBXFrameworksBuildPhase;
			buildActionMask = 2147483647;
			files = (
			);
			runOnlyForDeploymentPostprocessing = 0;
		};
		4DE80CF5277B15A000A41AE6 /* Frameworks */ = {
			isa = PBXFrameworksBuildPhase;
			buildActionMask = 2147483647;
			files = (
			);
			runOnlyForDeploymentPostprocessing = 0;
		};
		4DE80D02277B1F5100A41AE6 /* Frameworks */ = {
			isa = PBXFrameworksBuildPhase;
			buildActionMask = 2147483647;
			files = (
			);
			runOnlyForDeploymentPostprocessing = 0;
		};
		4DE80D0D277B4F3B00A41AE6 /* Frameworks */ = {
			isa = PBXFrameworksBuildPhase;
			buildActionMask = 2147483647;
			files = (
			);
			runOnlyForDeploymentPostprocessing = 0;
		};
		4DE80D18277B518900A41AE6 /* Frameworks */ = {
			isa = PBXFrameworksBuildPhase;
			buildActionMask = 2147483647;
			files = (
			);
			runOnlyForDeploymentPostprocessing = 0;
		};
		4DE80D23277B51A600A41AE6 /* Frameworks */ = {
			isa = PBXFrameworksBuildPhase;
			buildActionMask = 2147483647;
			files = (
			);
			runOnlyForDeploymentPostprocessing = 0;
		};
		4DFD2F7C2771D18F00A849C3 /* Frameworks */ = {
			isa = PBXFrameworksBuildPhase;
			buildActionMask = 2147483647;
			files = (
			);
			runOnlyForDeploymentPostprocessing = 0;
		};
		4DFD2F902771D90600A849C3 /* Frameworks */ = {
			isa = PBXFrameworksBuildPhase;
			buildActionMask = 2147483647;
			files = (
			);
			runOnlyForDeploymentPostprocessing = 0;
		};
/* End PBXFrameworksBuildPhase section */

/* Begin PBXGroup section */
		4DE80CF3277B03F100A41AE6 /* SJAlgorithm */ = {
			isa = PBXGroup;
			children = (
				4DE80CFA277B15A000A41AE6 /* 2631.cpp */,
				4DE80D1D277B518900A41AE6 /* 5567.cpp */,
				4DE80CEE277B039900A41AE6 /* 7347.cpp */,
				4DE80D07277B1F5100A41AE6 /* 11497.cpp */,
				4DE80D12277B4F3B00A41AE6 /* 14676.cpp */,
				4DE80D28277B51A600A41AE6 /* 22942.cpp */,
			);
			path = SJAlgorithm;
			sourceTree = "<group>";
		};
		4DFD2F762771D18F00A849C3 = {
			isa = PBXGroup;
			children = (
				4DFD2F9A2771DA3300A849C3 /* Backjoon */,
				4DFD2F802771D18F00A849C3 /* Products */,
			);
			sourceTree = "<group>";
		};
		4DFD2F802771D18F00A849C3 /* Products */ = {
			isa = PBXGroup;
			children = (
				4DFD2F7F2771D18F00A849C3 /* 1158 */,
				4DFD2F932771D90600A849C3 /* 10828 */,
				4DE80CEC277B039900A41AE6 /* 7347 */,
				4DE80CF8277B15A000A41AE6 /* 2631 */,
				4DE80D05277B1F5100A41AE6 /* 11497 */,
				4DE80D10277B4F3B00A41AE6 /* 14676 */,
				4DE80D1B277B518900A41AE6 /* 5567 */,
				4DE80D26277B51A600A41AE6 /* 22942 */,
			);
			name = Products;
			sourceTree = "<group>";
		};
		4DFD2F892771D4E500A849C3 /* DataStructure */ = {
			isa = PBXGroup;
			children = (
				4DFD2F952771D90700A849C3 /* 10828.cpp */,
				4DFD2F822771D18F00A849C3 /* 1158.cpp */,
			);
			path = DataStructure;
			sourceTree = "<group>";
		};
		4DFD2F9A2771DA3300A849C3 /* Backjoon */ = {
			isa = PBXGroup;
			children = (
				4DFD2F892771D4E500A849C3 /* DataStructure */,
				4DE80CF3277B03F100A41AE6 /* SJAlgorithm */,
			);
			path = Backjoon;
			sourceTree = "<group>";
		};
/* End PBXGroup section */

/* Begin PBXNativeTarget section */
		4DE80CEB277B039900A41AE6 /* 7347 */ = {
			isa = PBXNativeTarget;
			buildConfigurationList = 4DE80CF0277B039900A41AE6 /* Build configuration list for PBXNativeTarget "7347" */;
			buildPhases = (
				4DE80CE8277B039900A41AE6 /* Sources */,
				4DE80CE9277B039900A41AE6 /* Frameworks */,
				4DE80CEA277B039900A41AE6 /* CopyFiles */,
			);
			buildRules = (
			);
			dependencies = (
			);
			name = 7347;
			productName = 7347;
			productReference = 4DE80CEC277B039900A41AE6 /* 7347 */;
			productType = "com.apple.product-type.tool";
		};
		4DE80CF7277B15A000A41AE6 /* 2631 */ = {
			isa = PBXNativeTarget;
			buildConfigurationList = 4DE80CFC277B15A000A41AE6 /* Build configuration list for PBXNativeTarget "2631" */;
			buildPhases = (
				4DE80CF4277B15A000A41AE6 /* Sources */,
				4DE80CF5277B15A000A41AE6 /* Frameworks */,
				4DE80CF6277B15A000A41AE6 /* CopyFiles */,
			);
			buildRules = (
			);
			dependencies = (
			);
			name = 2631;
			productName = 2631;
			productReference = 4DE80CF8277B15A000A41AE6 /* 2631 */;
			productType = "com.apple.product-type.tool";
		};
		4DE80D04277B1F5100A41AE6 /* 11497 */ = {
			isa = PBXNativeTarget;
			buildConfigurationList = 4DE80D09277B1F5100A41AE6 /* Build configuration list for PBXNativeTarget "11497" */;
			buildPhases = (
				4DE80D01277B1F5100A41AE6 /* Sources */,
				4DE80D02277B1F5100A41AE6 /* Frameworks */,
				4DE80D03277B1F5100A41AE6 /* CopyFiles */,
			);
			buildRules = (
			);
			dependencies = (
			);
			name = 11497;
			productName = 11497;
			productReference = 4DE80D05277B1F5100A41AE6 /* 11497 */;
			productType = "com.apple.product-type.tool";
		};
		4DE80D0F277B4F3B00A41AE6 /* 14676 */ = {
			isa = PBXNativeTarget;
			buildConfigurationList = 4DE80D14277B4F3B00A41AE6 /* Build configuration list for PBXNativeTarget "14676" */;
			buildPhases = (
				4DE80D0C277B4F3B00A41AE6 /* Sources */,
				4DE80D0D277B4F3B00A41AE6 /* Frameworks */,
				4DE80D0E277B4F3B00A41AE6 /* CopyFiles */,
			);
			buildRules = (
			);
			dependencies = (
			);
			name = 14676;
			productName = 14676;
			productReference = 4DE80D10277B4F3B00A41AE6 /* 14676 */;
			productType = "com.apple.product-type.tool";
		};
		4DE80D1A277B518900A41AE6 /* 5567 */ = {
			isa = PBXNativeTarget;
			buildConfigurationList = 4DE80D1F277B518900A41AE6 /* Build configuration list for PBXNativeTarget "5567" */;
			buildPhases = (
				4DE80D17277B518900A41AE6 /* Sources */,
				4DE80D18277B518900A41AE6 /* Frameworks */,
				4DE80D19277B518900A41AE6 /* CopyFiles */,
			);
			buildRules = (
			);
			dependencies = (
			);
			name = 5567;
			productName = 5567;
			productReference = 4DE80D1B277B518900A41AE6 /* 5567 */;
			productType = "com.apple.product-type.tool";
		};
		4DE80D25277B51A600A41AE6 /* 22942 */ = {
			isa = PBXNativeTarget;
			buildConfigurationList = 4DE80D2A277B51A600A41AE6 /* Build configuration list for PBXNativeTarget "22942" */;
			buildPhases = (
				4DE80D22277B51A600A41AE6 /* Sources */,
				4DE80D23277B51A600A41AE6 /* Frameworks */,
				4DE80D24277B51A600A41AE6 /* CopyFiles */,
			);
			buildRules = (
			);
			dependencies = (
			);
			name = 22942;
			productName = 22942;
			productReference = 4DE80D26277B51A600A41AE6 /* 22942 */;
			productType = "com.apple.product-type.tool";
		};
		4DFD2F7E2771D18F00A849C3 /* 1158 */ = {
			isa = PBXNativeTarget;
			buildConfigurationList = 4DFD2F862771D18F00A849C3 /* Build configuration list for PBXNativeTarget "1158" */;
			buildPhases = (
				4DFD2F7B2771D18F00A849C3 /* Sources */,
				4DFD2F7C2771D18F00A849C3 /* Frameworks */,
				4DFD2F7D2771D18F00A849C3 /* CopyFiles */,
			);
			buildRules = (
			);
			dependencies = (
			);
			name = 1158;
			productName = Algorithm;
			productReference = 4DFD2F7F2771D18F00A849C3 /* 1158 */;
			productType = "com.apple.product-type.tool";
		};
		4DFD2F922771D90600A849C3 /* 10828 */ = {
			isa = PBXNativeTarget;
			buildConfigurationList = 4DFD2F972771D90700A849C3 /* Build configuration list for PBXNativeTarget "10828" */;
			buildPhases = (
				4DFD2F8F2771D90600A849C3 /* Sources */,
				4DFD2F902771D90600A849C3 /* Frameworks */,
				4DFD2F912771D90600A849C3 /* CopyFiles */,
			);
			buildRules = (
			);
			dependencies = (
			);
			name = 10828;
			productName = second_main;
			productReference = 4DFD2F932771D90600A849C3 /* 10828 */;
			productType = "com.apple.product-type.tool";
		};
/* End PBXNativeTarget section */

/* Begin PBXProject section */
		4DFD2F772771D18F00A849C3 /* Project object */ = {
			isa = PBXProject;
			attributes = {
				BuildIndependentTargetsInParallel = 1;
				LastUpgradeCheck = 1310;
				TargetAttributes = {
					4DE80CEB277B039900A41AE6 = {
						CreatedOnToolsVersion = 13.1;
					};
					4DE80CF7277B15A000A41AE6 = {
						CreatedOnToolsVersion = 13.1;
					};
					4DE80D04277B1F5100A41AE6 = {
						CreatedOnToolsVersion = 13.1;
					};
					4DE80D0F277B4F3B00A41AE6 = {
						CreatedOnToolsVersion = 13.1;
					};
					4DE80D1A277B518900A41AE6 = {
						CreatedOnToolsVersion = 13.1;
					};
					4DE80D25277B51A600A41AE6 = {
						CreatedOnToolsVersion = 13.1;
					};
					4DFD2F7E2771D18F00A849C3 = {
						CreatedOnToolsVersion = 13.1;
					};
					4DFD2F922771D90600A849C3 = {
						CreatedOnToolsVersion = 13.1;
					};
				};
			};
			buildConfigurationList = 4DFD2F7A2771D18F00A849C3 /* Build configuration list for PBXProject "Algorithm" */;
			compatibilityVersion = "Xcode 13.0";
			developmentRegion = en;
			hasScannedForEncodings = 0;
			knownRegions = (
				en,
				Base,
			);
			mainGroup = 4DFD2F762771D18F00A849C3;
			productRefGroup = 4DFD2F802771D18F00A849C3 /* Products */;
			projectDirPath = "";
			projectRoot = "";
			targets = (
				4DFD2F7E2771D18F00A849C3 /* 1158 */,
				4DFD2F922771D90600A849C3 /* 10828 */,
				4DE80CEB277B039900A41AE6 /* 7347 */,
				4DE80CF7277B15A000A41AE6 /* 2631 */,
				4DE80D04277B1F5100A41AE6 /* 11497 */,
				4DE80D0F277B4F3B00A41AE6 /* 14676 */,
				4DE80D1A277B518900A41AE6 /* 5567 */,
				4DE80D25277B51A600A41AE6 /* 22942 */,
			);
		};
/* End PBXProject section */

/* Begin PBXSourcesBuildPhase section */
		4DE80CE8277B039900A41AE6 /* Sources */ = {
			isa = PBXSourcesBuildPhase;
			buildActionMask = 2147483647;
			files = (
				4DE80CEF277B039900A41AE6 /* 7347.cpp in Sources */,
			);
			runOnlyForDeploymentPostprocessing = 0;
		};
		4DE80CF4277B15A000A41AE6 /* Sources */ = {
			isa = PBXSourcesBuildPhase;
			buildActionMask = 2147483647;
			files = (
				4DE80D00277B17E300A41AE6 /* 2631.cpp in Sources */,
			);
			runOnlyForDeploymentPostprocessing = 0;
		};
		4DE80D01277B1F5100A41AE6 /* Sources */ = {
			isa = PBXSourcesBuildPhase;
			buildActionMask = 2147483647;
			files = (
				4DE80D08277B1F5100A41AE6 /* 11497.cpp in Sources */,
			);
			runOnlyForDeploymentPostprocessing = 0;
		};
		4DE80D0C277B4F3B00A41AE6 /* Sources */ = {
			isa = PBXSourcesBuildPhase;
			buildActionMask = 2147483647;
			files = (
				4DE80D13277B4F3B00A41AE6 /* 14676.cpp in Sources */,
			);
			runOnlyForDeploymentPostprocessing = 0;
		};
		4DE80D17277B518900A41AE6 /* Sources */ = {
			isa = PBXSourcesBuildPhase;
			buildActionMask = 2147483647;
			files = (
				4DE80D1E277B518900A41AE6 /* 5567.cpp in Sources */,
			);
			runOnlyForDeploymentPostprocessing = 0;
		};
		4DE80D22277B51A600A41AE6 /* Sources */ = {
			isa = PBXSourcesBuildPhase;
			buildActionMask = 2147483647;
			files = (
				4DE80D29277B51A600A41AE6 /* 22942.cpp in Sources */,
			);
			runOnlyForDeploymentPostprocessing = 0;
		};
		4DFD2F7B2771D18F00A849C3 /* Sources */ = {
			isa = PBXSourcesBuildPhase;
			buildActionMask = 2147483647;
			files = (
				4DFD2F832771D18F00A849C3 /* 1158.cpp in Sources */,
			);
			runOnlyForDeploymentPostprocessing = 0;
		};
		4DFD2F8F2771D90600A849C3 /* Sources */ = {
			isa = PBXSourcesBuildPhase;
			buildActionMask = 2147483647;
			files = (
				4DFD2F9C2771DA8400A849C3 /* 10828.cpp in Sources */,
			);
			runOnlyForDeploymentPostprocessing = 0;
		};
/* End PBXSourcesBuildPhase section */

/* Begin XCBuildConfiguration section */
		4DE80CF1277B039900A41AE6 /* Debug */ = {
			isa = XCBuildConfiguration;
			buildSettings = {
				CODE_SIGN_STYLE = Automatic;
				DEVELOPMENT_TEAM = 2KQLD72485;
				ENABLE_HARDENED_RUNTIME = YES;
				PRODUCT_NAME = "$(TARGET_NAME)";
			};
			name = Debug;
		};
		4DE80CF2277B039900A41AE6 /* Release */ = {
			isa = XCBuildConfiguration;
			buildSettings = {
				CODE_SIGN_STYLE = Automatic;
				DEVELOPMENT_TEAM = 2KQLD72485;
				ENABLE_HARDENED_RUNTIME = YES;
				PRODUCT_NAME = "$(TARGET_NAME)";
			};
			name = Release;
		};
		4DE80CFD277B15A000A41AE6 /* Debug */ = {
			isa = XCBuildConfiguration;
			buildSettings = {
				CODE_SIGN_STYLE = Automatic;
				DEVELOPMENT_TEAM = 2KQLD72485;
				ENABLE_HARDENED_RUNTIME = YES;
				PRODUCT_NAME = "$(TARGET_NAME)";
			};
			name = Debug;
		};
		4DE80CFE277B15A000A41AE6 /* Release */ = {
			isa = XCBuildConfiguration;
			buildSettings = {
				CODE_SIGN_STYLE = Automatic;
				DEVELOPMENT_TEAM = 2KQLD72485;
				ENABLE_HARDENED_RUNTIME = YES;
				PRODUCT_NAME = "$(TARGET_NAME)";
			};
			name = Release;
		};
		4DE80D0A277B1F5100A41AE6 /* Debug */ = {
			isa = XCBuildConfiguration;
			buildSettings = {
				CODE_SIGN_STYLE = Automatic;
				DEVELOPMENT_TEAM = 2KQLD72485;
				ENABLE_HARDENED_RUNTIME = YES;
				PRODUCT_NAME = "$(TARGET_NAME)";
			};
			name = Debug;
		};
		4DE80D0B277B1F5100A41AE6 /* Release */ = {
			isa = XCBuildConfiguration;
			buildSettings = {
				CODE_SIGN_STYLE = Automatic;
				DEVELOPMENT_TEAM = 2KQLD72485;
				ENABLE_HARDENED_RUNTIME = YES;
				PRODUCT_NAME = "$(TARGET_NAME)";
			};
			name = Release;
		};
		4DE80D15277B4F3B00A41AE6 /* Debug */ = {
			isa = XCBuildConfiguration;
			buildSettings = {
				CODE_SIGN_STYLE = Automatic;
				DEVELOPMENT_TEAM = 2KQLD72485;
				ENABLE_HARDENED_RUNTIME = YES;
				PRODUCT_NAME = "$(TARGET_NAME)";
			};
			name = Debug;
		};
		4DE80D16277B4F3B00A41AE6 /* Release */ = {
			isa = XCBuildConfiguration;
			buildSettings = {
				CODE_SIGN_STYLE = Automatic;
				DEVELOPMENT_TEAM = 2KQLD72485;
				ENABLE_HARDENED_RUNTIME = YES;
				PRODUCT_NAME = "$(TARGET_NAME)";
			};
			name = Release;
		};
		4DE80D20277B518900A41AE6 /* Debug */ = {
			isa = XCBuildConfiguration;
			buildSettings = {
				CODE_SIGN_STYLE = Automatic;
				DEVELOPMENT_TEAM = 2KQLD72485;
				ENABLE_HARDENED_RUNTIME = YES;
				PRODUCT_NAME = "$(TARGET_NAME)";
			};
			name = Debug;
		};
		4DE80D21277B518900A41AE6 /* Release */ = {
			isa = XCBuildConfiguration;
			buildSettings = {
				CODE_SIGN_STYLE = Automatic;
				DEVELOPMENT_TEAM = 2KQLD72485;
				ENABLE_HARDENED_RUNTIME = YES;
				PRODUCT_NAME = "$(TARGET_NAME)";
			};
			name = Release;
		};
		4DE80D2B277B51A600A41AE6 /* Debug */ = {
			isa = XCBuildConfiguration;
			buildSettings = {
				CODE_SIGN_STYLE = Automatic;
				DEVELOPMENT_TEAM = 2KQLD72485;
				ENABLE_HARDENED_RUNTIME = YES;
				PRODUCT_NAME = "$(TARGET_NAME)";
			};
			name = Debug;
		};
		4DE80D2C277B51A600A41AE6 /* Release */ = {
			isa = XCBuildConfiguration;
			buildSettings = {
				CODE_SIGN_STYLE = Automatic;
				DEVELOPMENT_TEAM = 2KQLD72485;
				ENABLE_HARDENED_RUNTIME = YES;
				PRODUCT_NAME = "$(TARGET_NAME)";
			};
			name = Release;
		};
		4DFD2F842771D18F00A849C3 /* Debug */ = {
			isa = XCBuildConfiguration;
			buildSettings = {
				ALWAYS_SEARCH_USER_PATHS = NO;
				CLANG_ANALYZER_NONNULL = YES;
				CLANG_ANALYZER_NUMBER_OBJECT_CONVERSION = YES_AGGRESSIVE;
				CLANG_CXX_LANGUAGE_STANDARD = "gnu++17";
				CLANG_CXX_LIBRARY = "libc++";
				CLANG_ENABLE_MODULES = YES;
				CLANG_ENABLE_OBJC_ARC = YES;
				CLANG_ENABLE_OBJC_WEAK = YES;
				CLANG_WARN_BLOCK_CAPTURE_AUTORELEASING = YES;
				CLANG_WARN_BOOL_CONVERSION = YES;
				CLANG_WARN_COMMA = YES;
				CLANG_WARN_CONSTANT_CONVERSION = YES;
				CLANG_WARN_DEPRECATED_OBJC_IMPLEMENTATIONS = YES;
				CLANG_WARN_DIRECT_OBJC_ISA_USAGE = YES_ERROR;
				CLANG_WARN_DOCUMENTATION_COMMENTS = YES;
				CLANG_WARN_EMPTY_BODY = YES;
				CLANG_WARN_ENUM_CONVERSION = YES;
				CLANG_WARN_INFINITE_RECURSION = YES;
				CLANG_WARN_INT_CONVERSION = YES;
				CLANG_WARN_NON_LITERAL_NULL_CONVERSION = YES;
				CLANG_WARN_OBJC_IMPLICIT_RETAIN_SELF = YES;
				CLANG_WARN_OBJC_LITERAL_CONVERSION = YES;
				CLANG_WARN_OBJC_ROOT_CLASS = YES_ERROR;
				CLANG_WARN_QUOTED_INCLUDE_IN_FRAMEWORK_HEADER = YES;
				CLANG_WARN_RANGE_LOOP_ANALYSIS = YES;
				CLANG_WARN_STRICT_PROTOTYPES = YES;
				CLANG_WARN_SUSPICIOUS_MOVE = YES;
				CLANG_WARN_UNGUARDED_AVAILABILITY = YES_AGGRESSIVE;
				CLANG_WARN_UNREACHABLE_CODE = YES;
				CLANG_WARN__DUPLICATE_METHOD_MATCH = YES;
				COPY_PHASE_STRIP = NO;
				DEBUG_INFORMATION_FORMAT = dwarf;
				ENABLE_STRICT_OBJC_MSGSEND = YES;
				ENABLE_TESTABILITY = YES;
				GCC_C_LANGUAGE_STANDARD = gnu11;
				GCC_DYNAMIC_NO_PIC = NO;
				GCC_NO_COMMON_BLOCKS = YES;
				GCC_OPTIMIZATION_LEVEL = 0;
				GCC_PREPROCESSOR_DEFINITIONS = (
					"DEBUG=1",
					"$(inherited)",
				);
				GCC_WARN_64_TO_32_BIT_CONVERSION = YES;
				GCC_WARN_ABOUT_RETURN_TYPE = YES_ERROR;
				GCC_WARN_UNDECLARED_SELECTOR = YES;
				GCC_WARN_UNINITIALIZED_AUTOS = YES_AGGRESSIVE;
				GCC_WARN_UNUSED_FUNCTION = YES;
				GCC_WARN_UNUSED_VARIABLE = YES;
				HEADER_SEARCH_PATHS = /usr/local/include;
				MACOSX_DEPLOYMENT_TARGET = 12.0;
				MTL_ENABLE_DEBUG_INFO = INCLUDE_SOURCE;
				MTL_FAST_MATH = YES;
				ONLY_ACTIVE_ARCH = YES;
				SDKROOT = macosx;
			};
			name = Debug;
		};
		4DFD2F852771D18F00A849C3 /* Release */ = {
			isa = XCBuildConfiguration;
			buildSettings = {
				ALWAYS_SEARCH_USER_PATHS = NO;
				CLANG_ANALYZER_NONNULL = YES;
				CLANG_ANALYZER_NUMBER_OBJECT_CONVERSION = YES_AGGRESSIVE;
				CLANG_CXX_LANGUAGE_STANDARD = "gnu++17";
				CLANG_CXX_LIBRARY = "libc++";
				CLANG_ENABLE_MODULES = YES;
				CLANG_ENABLE_OBJC_ARC = YES;
				CLANG_ENABLE_OBJC_WEAK = YES;
				CLANG_WARN_BLOCK_CAPTURE_AUTORELEASING = YES;
				CLANG_WARN_BOOL_CONVERSION = YES;
				CLANG_WARN_COMMA = YES;
				CLANG_WARN_CONSTANT_CONVERSION = YES;
				CLANG_WARN_DEPRECATED_OBJC_IMPLEMENTATIONS = YES;
				CLANG_WARN_DIRECT_OBJC_ISA_USAGE = YES_ERROR;
				CLANG_WARN_DOCUMENTATION_COMMENTS = YES;
				CLANG_WARN_EMPTY_BODY = YES;
				CLANG_WARN_ENUM_CONVERSION = YES;
				CLANG_WARN_INFINITE_RECURSION = YES;
				CLANG_WARN_INT_CONVERSION = YES;
				CLANG_WARN_NON_LITERAL_NULL_CONVERSION = YES;
				CLANG_WARN_OBJC_IMPLICIT_RETAIN_SELF = YES;
				CLANG_WARN_OBJC_LITERAL_CONVERSION = YES;
				CLANG_WARN_OBJC_ROOT_CLASS = YES_ERROR;
				CLANG_WARN_QUOTED_INCLUDE_IN_FRAMEWORK_HEADER = YES;
				CLANG_WARN_RANGE_LOOP_ANALYSIS = YES;
				CLANG_WARN_STRICT_PROTOTYPES = YES;
				CLANG_WARN_SUSPICIOUS_MOVE = YES;
				CLANG_WARN_UNGUARDED_AVAILABILITY = YES_AGGRESSIVE;
				CLANG_WARN_UNREACHABLE_CODE = YES;
				CLANG_WARN__DUPLICATE_METHOD_MATCH = YES;
				COPY_PHASE_STRIP = NO;
				DEBUG_INFORMATION_FORMAT = "dwarf-with-dsym";
				ENABLE_NS_ASSERTIONS = NO;
				ENABLE_STRICT_OBJC_MSGSEND = YES;
				GCC_C_LANGUAGE_STANDARD = gnu11;
				GCC_NO_COMMON_BLOCKS = YES;
				GCC_WARN_64_TO_32_BIT_CONVERSION = YES;
				GCC_WARN_ABOUT_RETURN_TYPE = YES_ERROR;
				GCC_WARN_UNDECLARED_SELECTOR = YES;
				GCC_WARN_UNINITIALIZED_AUTOS = YES_AGGRESSIVE;
				GCC_WARN_UNUSED_FUNCTION = YES;
				GCC_WARN_UNUSED_VARIABLE = YES;
				HEADER_SEARCH_PATHS = /usr/local/include;
				MACOSX_DEPLOYMENT_TARGET = 12.0;
				MTL_ENABLE_DEBUG_INFO = NO;
				MTL_FAST_MATH = YES;
				SDKROOT = macosx;
			};
			name = Release;
		};
		4DFD2F872771D18F00A849C3 /* Debug */ = {
			isa = XCBuildConfiguration;
			buildSettings = {
				CODE_SIGN_STYLE = Automatic;
				DEVELOPMENT_TEAM = 2KQLD72485;
				ENABLE_HARDENED_RUNTIME = YES;
				PRODUCT_NAME = "$(TARGET_NAME)";
			};
			name = Debug;
		};
		4DFD2F882771D18F00A849C3 /* Release */ = {
			isa = XCBuildConfiguration;
			buildSettings = {
				CODE_SIGN_STYLE = Automatic;
				DEVELOPMENT_TEAM = 2KQLD72485;
				ENABLE_HARDENED_RUNTIME = YES;
				PRODUCT_NAME = "$(TARGET_NAME)";
			};
			name = Release;
		};
		4DFD2F982771D90700A849C3 /* Debug */ = {
			isa = XCBuildConfiguration;
			buildSettings = {
				CODE_SIGN_STYLE = Automatic;
				DEVELOPMENT_TEAM = 2KQLD72485;
				ENABLE_HARDENED_RUNTIME = YES;
				PRODUCT_NAME = "$(TARGET_NAME)";
			};
			name = Debug;
		};
		4DFD2F992771D90700A849C3 /* Release */ = {
			isa = XCBuildConfiguration;
			buildSettings = {
				CODE_SIGN_STYLE = Automatic;
				DEVELOPMENT_TEAM = 2KQLD72485;
				ENABLE_HARDENED_RUNTIME = YES;
				PRODUCT_NAME = "$(TARGET_NAME)";
			};
			name = Release;
		};
/* End XCBuildConfiguration section */

/* Begin XCConfigurationList section */
		4DE80CF0277B039900A41AE6 /* Build configuration list for PBXNativeTarget "7347" */ = {
			isa = XCConfigurationList;
			buildConfigurations = (
				4DE80CF1277B039900A41AE6 /* Debug */,
				4DE80CF2277B039900A41AE6 /* Release */,
			);
			defaultConfigurationIsVisible = 0;
			defaultConfigurationName = Release;
		};
		4DE80CFC277B15A000A41AE6 /* Build configuration list for PBXNativeTarget "2631" */ = {
			isa = XCConfigurationList;
			buildConfigurations = (
				4DE80CFD277B15A000A41AE6 /* Debug */,
				4DE80CFE277B15A000A41AE6 /* Release */,
			);
			defaultConfigurationIsVisible = 0;
			defaultConfigurationName = Release;
		};
		4DE80D09277B1F5100A41AE6 /* Build configuration list for PBXNativeTarget "11497" */ = {
			isa = XCConfigurationList;
			buildConfigurations = (
				4DE80D0A277B1F5100A41AE6 /* Debug */,
				4DE80D0B277B1F5100A41AE6 /* Release */,
			);
			defaultConfigurationIsVisible = 0;
			defaultConfigurationName = Release;
		};
		4DE80D14277B4F3B00A41AE6 /* Build configuration list for PBXNativeTarget "14676" */ = {
			isa = XCConfigurationList;
			buildConfigurations = (
				4DE80D15277B4F3B00A41AE6 /* Debug */,
				4DE80D16277B4F3B00A41AE6 /* Release */,
			);
			defaultConfigurationIsVisible = 0;
			defaultConfigurationName = Release;
		};
		4DE80D1F277B518900A41AE6 /* Build configuration list for PBXNativeTarget "5567" */ = {
			isa = XCConfigurationList;
			buildConfigurations = (
				4DE80D20277B518900A41AE6 /* Debug */,
				4DE80D21277B518900A41AE6 /* Release */,
			);
			defaultConfigurationIsVisible = 0;
			defaultConfigurationName = Release;
		};
		4DE80D2A277B51A600A41AE6 /* Build configuration list for PBXNativeTarget "22942" */ = {
			isa = XCConfigurationList;
			buildConfigurations = (
				4DE80D2B277B51A600A41AE6 /* Debug */,
				4DE80D2C277B51A600A41AE6 /* Release */,
			);
			defaultConfigurationIsVisible = 0;
			defaultConfigurationName = Release;
		};
		4DFD2F7A2771D18F00A849C3 /* Build configuration list for PBXProject "Algorithm" */ = {
			isa = XCConfigurationList;
			buildConfigurations = (
				4DFD2F842771D18F00A849C3 /* Debug */,
				4DFD2F852771D18F00A849C3 /* Release */,
			);
			defaultConfigurationIsVisible = 0;
			defaultConfigurationName = Release;
		};
		4DFD2F862771D18F00A849C3 /* Build configuration list for PBXNativeTarget "1158" */ = {
			isa = XCConfigurationList;
			buildConfigurations = (
				4DFD2F872771D18F00A849C3 /* Debug */,
				4DFD2F882771D18F00A849C3 /* Release */,
			);
			defaultConfigurationIsVisible = 0;
			defaultConfigurationName = Release;
		};
		4DFD2F972771D90700A849C3 /* Build configuration list for PBXNativeTarget "10828" */ = {
			isa = XCConfigurationList;
			buildConfigurations = (
				4DFD2F982771D90700A849C3 /* Debug */,
				4DFD2F992771D90700A849C3 /* Release */,
			);
			defaultConfigurationIsVisible = 0;
			defaultConfigurationName = Release;
		};
/* End XCConfigurationList section */
	};
	rootObject = 4DFD2F772771D18F00A849C3 /* Project object */;
}
