// !$*UTF8*$!
{
	archiveVersion = 1;
	classes = {
	};
	objectVersion = 55;
	objects = {

/* Begin PBXBuildFile section */
		4D11E8602785DBFF00ABB60D /* 1005.cpp in Sources */ = {isa = PBXBuildFile; fileRef = 4D11E85F2785DBFF00ABB60D /* 1005.cpp */; };
		4D11E86B2785DE9200ABB60D /* 1935.cpp in Sources */ = {isa = PBXBuildFile; fileRef = 4D11E86A2785DE9200ABB60D /* 1935.cpp */; };
		4D610DF2278D6FAD00DC22ED /* Test.cpp in Sources */ = {isa = PBXBuildFile; fileRef = 4D610DF1278D6FAD00DC22ED /* Test.cpp */; };
		4D7E3FA62781AAF7005D62A8 /* 18258.cpp in Sources */ = {isa = PBXBuildFile; fileRef = 4D7E3FA52781AAF7005D62A8 /* 18258.cpp */; };
		4D8045FC278DD01200AB2A15 /* 10871.cpp in Sources */ = {isa = PBXBuildFile; fileRef = 4D8045FA278DD01200AB2A15 /* 10871.cpp */; };
		4D8045FF278DD0D300AB2A15 /* 10808.cpp in Sources */ = {isa = PBXBuildFile; fileRef = 4D8045FD278DD0D300AB2A15 /* 10808.cpp */; };
		4D80460B278DD0ED00AB2A15 /* 10808.cpp in Sources */ = {isa = PBXBuildFile; fileRef = 4D8045FD278DD0D300AB2A15 /* 10808.cpp */; };
		4D80460C278DD0F400AB2A15 /* 10871.cpp in Sources */ = {isa = PBXBuildFile; fileRef = 4D8045FA278DD01200AB2A15 /* 10871.cpp */; };
		4D8C1BF0278732F90074F6DC /* 10799.cpp in Sources */ = {isa = PBXBuildFile; fileRef = 4D8C1BEF278732F90074F6DC /* 10799.cpp */; };
		4D8C1BFB27873BFB0074F6DC /* 1966.cpp in Sources */ = {isa = PBXBuildFile; fileRef = 4D8C1BFA27873BFB0074F6DC /* 1966.cpp */; };
		4DA9B4F527940159000DF666 /* 14950.cpp in Sources */ = {isa = PBXBuildFile; fileRef = 4DA9B4F427940159000DF666 /* 14950.cpp */; };
		4DA9B50027940685000DF666 /* 11509.cpp in Sources */ = {isa = PBXBuildFile; fileRef = 4DA9B4FF27940685000DF666 /* 11509.cpp */; };
		4DA9B50B27940FEB000DF666 /* 4096.cpp in Sources */ = {isa = PBXBuildFile; fileRef = 4DA9B50A27940FEB000DF666 /* 4096.cpp */; };
		4DA9B516279411AF000DF666 /* 21922.cpp in Sources */ = {isa = PBXBuildFile; fileRef = 4DA9B515279411AF000DF666 /* 21922.cpp */; };
		4DA9B52127944AEF000DF666 /* 10845.cpp in Sources */ = {isa = PBXBuildFile; fileRef = 4DA9B52027944AEF000DF666 /* 10845.cpp */; };
		4DC9CB242780A880009A9C3F /* 9012.cpp in Sources */ = {isa = PBXBuildFile; fileRef = 4DC9CB232780A880009A9C3F /* 9012.cpp */; };
		4DCACE332782A2E200BD20E9 /* 2164.cpp in Sources */ = {isa = PBXBuildFile; fileRef = 4DCACE322782A2E200BD20E9 /* 2164.cpp */; };
		4DCACE3E2782A5BA00BD20E9 /* 12896.cpp in Sources */ = {isa = PBXBuildFile; fileRef = 4DCACE3D2782A5BA00BD20E9 /* 12896.cpp */; };
		4DCACE492782AA3E00BD20E9 /* 10866.cpp in Sources */ = {isa = PBXBuildFile; fileRef = 4DCACE482782AA3E00BD20E9 /* 10866.cpp */; };
		4DCACE542782AD9A00BD20E9 /* 1874.cpp in Sources */ = {isa = PBXBuildFile; fileRef = 4DCACE532782AD9A00BD20E9 /* 1874.cpp */; };
		4DCFDFFD27847F4100AF215E /* 21313.cpp in Sources */ = {isa = PBXBuildFile; fileRef = 4DCFDFFC27847F4100AF215E /* 21313.cpp */; };
		4DCFE0082784818D00AF215E /* 20327.cpp in Sources */ = {isa = PBXBuildFile; fileRef = 4DCFE0072784818D00AF215E /* 20327.cpp */; };
		4DE80CEF277B039900A41AE6 /* 7347.cpp in Sources */ = {isa = PBXBuildFile; fileRef = 4DE80CEE277B039900A41AE6 /* 7347.cpp */; };
		4DE80D00277B17E300A41AE6 /* 2631.cpp in Sources */ = {isa = PBXBuildFile; fileRef = 4DE80CFA277B15A000A41AE6 /* 2631.cpp */; };
		4DE80D08277B1F5100A41AE6 /* 11497.cpp in Sources */ = {isa = PBXBuildFile; fileRef = 4DE80D07277B1F5100A41AE6 /* 11497.cpp */; };
		4DE80D13277B4F3B00A41AE6 /* 14676.cpp in Sources */ = {isa = PBXBuildFile; fileRef = 4DE80D12277B4F3B00A41AE6 /* 14676.cpp */; };
		4DE80D1E277B518900A41AE6 /* 5567.cpp in Sources */ = {isa = PBXBuildFile; fileRef = 4DE80D1D277B518900A41AE6 /* 5567.cpp */; };
		4DE80D29277B51A600A41AE6 /* 22942.cpp in Sources */ = {isa = PBXBuildFile; fileRef = 4DE80D28277B51A600A41AE6 /* 22942.cpp */; };
		4DEACBE22791D285003D4028 /* 1406.cpp in Sources */ = {isa = PBXBuildFile; fileRef = 4DEACBE12791D285003D4028 /* 1406.cpp */; };
		4DFD2F832771D18F00A849C3 /* 1158.cpp in Sources */ = {isa = PBXBuildFile; fileRef = 4DFD2F822771D18F00A849C3 /* 1158.cpp */; };
		4DFD2F9C2771DA8400A849C3 /* 10828.cpp in Sources */ = {isa = PBXBuildFile; fileRef = 4DFD2F952771D90700A849C3 /* 10828.cpp */; };
/* End PBXBuildFile section */

/* Begin PBXCopyFilesBuildPhase section */
		4D11E85B2785DBFF00ABB60D /* CopyFiles */ = {
			isa = PBXCopyFilesBuildPhase;
			buildActionMask = 2147483647;
			dstPath = /usr/share/man/man1/;
			dstSubfolderSpec = 0;
			files = (
			);
			runOnlyForDeploymentPostprocessing = 1;
		};
		4D11E8662785DE9200ABB60D /* CopyFiles */ = {
			isa = PBXCopyFilesBuildPhase;
			buildActionMask = 2147483647;
			dstPath = /usr/share/man/man1/;
			dstSubfolderSpec = 0;
			files = (
			);
			runOnlyForDeploymentPostprocessing = 1;
		};
		4D610DED278D6FAD00DC22ED /* CopyFiles */ = {
			isa = PBXCopyFilesBuildPhase;
			buildActionMask = 2147483647;
			dstPath = /usr/share/man/man1/;
			dstSubfolderSpec = 0;
			files = (
			);
			runOnlyForDeploymentPostprocessing = 1;
		};
		4D610DF9278DA2DF00DC22ED /* CopyFiles */ = {
			isa = PBXCopyFilesBuildPhase;
			buildActionMask = 2147483647;
			dstPath = /usr/share/man/man1/;
			dstSubfolderSpec = 0;
			files = (
			);
			runOnlyForDeploymentPostprocessing = 1;
		};
		4D7E3FA12781AAF7005D62A8 /* CopyFiles */ = {
			isa = PBXCopyFilesBuildPhase;
			buildActionMask = 2147483647;
			dstPath = /usr/share/man/man1/;
			dstSubfolderSpec = 0;
			files = (
			);
			runOnlyForDeploymentPostprocessing = 1;
		};
		4D804602278DD0E400AB2A15 /* CopyFiles */ = {
			isa = PBXCopyFilesBuildPhase;
			buildActionMask = 2147483647;
			dstPath = /usr/share/man/man1/;
			dstSubfolderSpec = 0;
			files = (
			);
			runOnlyForDeploymentPostprocessing = 1;
		};
		4D8C1BEB278732F90074F6DC /* CopyFiles */ = {
			isa = PBXCopyFilesBuildPhase;
			buildActionMask = 2147483647;
			dstPath = /usr/share/man/man1/;
			dstSubfolderSpec = 0;
			files = (
			);
			runOnlyForDeploymentPostprocessing = 1;
		};
		4D8C1BF627873BFB0074F6DC /* CopyFiles */ = {
			isa = PBXCopyFilesBuildPhase;
			buildActionMask = 2147483647;
			dstPath = /usr/share/man/man1/;
			dstSubfolderSpec = 0;
			files = (
			);
			runOnlyForDeploymentPostprocessing = 1;
		};
		4DA9B4F027940159000DF666 /* CopyFiles */ = {
			isa = PBXCopyFilesBuildPhase;
			buildActionMask = 2147483647;
			dstPath = /usr/share/man/man1/;
			dstSubfolderSpec = 0;
			files = (
			);
			runOnlyForDeploymentPostprocessing = 1;
		};
		4DA9B4FB27940685000DF666 /* CopyFiles */ = {
			isa = PBXCopyFilesBuildPhase;
			buildActionMask = 2147483647;
			dstPath = /usr/share/man/man1/;
			dstSubfolderSpec = 0;
			files = (
			);
			runOnlyForDeploymentPostprocessing = 1;
		};
		4DA9B50627940FEB000DF666 /* CopyFiles */ = {
			isa = PBXCopyFilesBuildPhase;
			buildActionMask = 2147483647;
			dstPath = /usr/share/man/man1/;
			dstSubfolderSpec = 0;
			files = (
			);
			runOnlyForDeploymentPostprocessing = 1;
		};
		4DA9B511279411AF000DF666 /* CopyFiles */ = {
			isa = PBXCopyFilesBuildPhase;
			buildActionMask = 2147483647;
			dstPath = /usr/share/man/man1/;
			dstSubfolderSpec = 0;
			files = (
			);
			runOnlyForDeploymentPostprocessing = 1;
		};
		4DA9B51C27944AEF000DF666 /* CopyFiles */ = {
			isa = PBXCopyFilesBuildPhase;
			buildActionMask = 2147483647;
			dstPath = /usr/share/man/man1/;
			dstSubfolderSpec = 0;
			files = (
			);
			runOnlyForDeploymentPostprocessing = 1;
		};
		4DC9CB1F2780A880009A9C3F /* CopyFiles */ = {
			isa = PBXCopyFilesBuildPhase;
			buildActionMask = 2147483647;
			dstPath = /usr/share/man/man1/;
			dstSubfolderSpec = 0;
			files = (
			);
			runOnlyForDeploymentPostprocessing = 1;
		};
		4DCACE2E2782A2E200BD20E9 /* CopyFiles */ = {
			isa = PBXCopyFilesBuildPhase;
			buildActionMask = 2147483647;
			dstPath = /usr/share/man/man1/;
			dstSubfolderSpec = 0;
			files = (
			);
			runOnlyForDeploymentPostprocessing = 1;
		};
		4DCACE392782A5BA00BD20E9 /* CopyFiles */ = {
			isa = PBXCopyFilesBuildPhase;
			buildActionMask = 2147483647;
			dstPath = /usr/share/man/man1/;
			dstSubfolderSpec = 0;
			files = (
			);
			runOnlyForDeploymentPostprocessing = 1;
		};
		4DCACE442782AA3E00BD20E9 /* CopyFiles */ = {
			isa = PBXCopyFilesBuildPhase;
			buildActionMask = 2147483647;
			dstPath = /usr/share/man/man1/;
			dstSubfolderSpec = 0;
			files = (
			);
			runOnlyForDeploymentPostprocessing = 1;
		};
		4DCACE4F2782AD9A00BD20E9 /* CopyFiles */ = {
			isa = PBXCopyFilesBuildPhase;
			buildActionMask = 2147483647;
			dstPath = /usr/share/man/man1/;
			dstSubfolderSpec = 0;
			files = (
			);
			runOnlyForDeploymentPostprocessing = 1;
		};
		4DCFDFF827847F4100AF215E /* CopyFiles */ = {
			isa = PBXCopyFilesBuildPhase;
			buildActionMask = 2147483647;
			dstPath = /usr/share/man/man1/;
			dstSubfolderSpec = 0;
			files = (
			);
			runOnlyForDeploymentPostprocessing = 1;
		};
		4DCFE0032784818D00AF215E /* CopyFiles */ = {
			isa = PBXCopyFilesBuildPhase;
			buildActionMask = 2147483647;
			dstPath = /usr/share/man/man1/;
			dstSubfolderSpec = 0;
			files = (
			);
			runOnlyForDeploymentPostprocessing = 1;
		};
		4DE80CEA277B039900A41AE6 /* CopyFiles */ = {
			isa = PBXCopyFilesBuildPhase;
			buildActionMask = 2147483647;
			dstPath = /usr/share/man/man1/;
			dstSubfolderSpec = 0;
			files = (
			);
			runOnlyForDeploymentPostprocessing = 1;
		};
		4DE80CF6277B15A000A41AE6 /* CopyFiles */ = {
			isa = PBXCopyFilesBuildPhase;
			buildActionMask = 2147483647;
			dstPath = /usr/share/man/man1/;
			dstSubfolderSpec = 0;
			files = (
			);
			runOnlyForDeploymentPostprocessing = 1;
		};
		4DE80D03277B1F5100A41AE6 /* CopyFiles */ = {
			isa = PBXCopyFilesBuildPhase;
			buildActionMask = 2147483647;
			dstPath = /usr/share/man/man1/;
			dstSubfolderSpec = 0;
			files = (
			);
			runOnlyForDeploymentPostprocessing = 1;
		};
		4DE80D0E277B4F3B00A41AE6 /* CopyFiles */ = {
			isa = PBXCopyFilesBuildPhase;
			buildActionMask = 2147483647;
			dstPath = /usr/share/man/man1/;
			dstSubfolderSpec = 0;
			files = (
			);
			runOnlyForDeploymentPostprocessing = 1;
		};
		4DE80D19277B518900A41AE6 /* CopyFiles */ = {
			isa = PBXCopyFilesBuildPhase;
			buildActionMask = 2147483647;
			dstPath = /usr/share/man/man1/;
			dstSubfolderSpec = 0;
			files = (
			);
			runOnlyForDeploymentPostprocessing = 1;
		};
		4DE80D24277B51A600A41AE6 /* CopyFiles */ = {
			isa = PBXCopyFilesBuildPhase;
			buildActionMask = 2147483647;
			dstPath = /usr/share/man/man1/;
			dstSubfolderSpec = 0;
			files = (
			);
			runOnlyForDeploymentPostprocessing = 1;
		};
		4DEACBDD2791D285003D4028 /* CopyFiles */ = {
			isa = PBXCopyFilesBuildPhase;
			buildActionMask = 2147483647;
			dstPath = /usr/share/man/man1/;
			dstSubfolderSpec = 0;
			files = (
			);
			runOnlyForDeploymentPostprocessing = 1;
		};
		4DFD2F7D2771D18F00A849C3 /* CopyFiles */ = {
			isa = PBXCopyFilesBuildPhase;
			buildActionMask = 2147483647;
			dstPath = /usr/share/man/man1/;
			dstSubfolderSpec = 0;
			files = (
			);
			runOnlyForDeploymentPostprocessing = 1;
		};
		4DFD2F912771D90600A849C3 /* CopyFiles */ = {
			isa = PBXCopyFilesBuildPhase;
			buildActionMask = 2147483647;
			dstPath = /usr/share/man/man1/;
			dstSubfolderSpec = 0;
			files = (
			);
			runOnlyForDeploymentPostprocessing = 1;
		};
/* End PBXCopyFilesBuildPhase section */

/* Begin PBXFileReference section */
		4D11E85D2785DBFF00ABB60D /* 1005 */ = {isa = PBXFileReference; explicitFileType = "compiled.mach-o.executable"; includeInIndex = 0; path = 1005; sourceTree = BUILT_PRODUCTS_DIR; };
		4D11E85F2785DBFF00ABB60D /* 1005.cpp */ = {isa = PBXFileReference; lastKnownFileType = sourcecode.cpp.cpp; path = 1005.cpp; sourceTree = "<group>"; };
		4D11E8682785DE9200ABB60D /* 1935 */ = {isa = PBXFileReference; explicitFileType = "compiled.mach-o.executable"; includeInIndex = 0; path = 1935; sourceTree = BUILT_PRODUCTS_DIR; };
		4D11E86A2785DE9200ABB60D /* 1935.cpp */ = {isa = PBXFileReference; lastKnownFileType = sourcecode.cpp.cpp; path = 1935.cpp; sourceTree = "<group>"; };
		4D610DEF278D6FAD00DC22ED /* Test */ = {isa = PBXFileReference; explicitFileType = "compiled.mach-o.executable"; includeInIndex = 0; path = Test; sourceTree = BUILT_PRODUCTS_DIR; };
		4D610DF1278D6FAD00DC22ED /* Test.cpp */ = {isa = PBXFileReference; lastKnownFileType = sourcecode.cpp.cpp; name = Test.cpp; path = ../../Test/Test.cpp; sourceTree = "<group>"; };
		4D610DFB278DA2DF00DC22ED /* 10871 */ = {isa = PBXFileReference; explicitFileType = "compiled.mach-o.executable"; includeInIndex = 0; path = 10871; sourceTree = BUILT_PRODUCTS_DIR; };
		4D7E3FA32781AAF7005D62A8 /* 18258 */ = {isa = PBXFileReference; explicitFileType = "compiled.mach-o.executable"; includeInIndex = 0; path = 18258; sourceTree = BUILT_PRODUCTS_DIR; };
		4D7E3FA52781AAF7005D62A8 /* 18258.cpp */ = {isa = PBXFileReference; lastKnownFileType = sourcecode.cpp.cpp; path = 18258.cpp; sourceTree = "<group>"; };
		4D8045FA278DD01200AB2A15 /* 10871.cpp */ = {isa = PBXFileReference; lastKnownFileType = sourcecode.cpp.cpp; path = 10871.cpp; sourceTree = "<group>"; };
		4D8045FD278DD0D300AB2A15 /* 10808.cpp */ = {isa = PBXFileReference; lastKnownFileType = sourcecode.cpp.cpp; path = 10808.cpp; sourceTree = "<group>"; };
		4D804604278DD0E400AB2A15 /* 10808 */ = {isa = PBXFileReference; explicitFileType = "compiled.mach-o.executable"; includeInIndex = 0; path = 10808; sourceTree = BUILT_PRODUCTS_DIR; };
		4D8C1BED278732F90074F6DC /* 10799 */ = {isa = PBXFileReference; explicitFileType = "compiled.mach-o.executable"; includeInIndex = 0; path = 10799; sourceTree = BUILT_PRODUCTS_DIR; };
		4D8C1BEF278732F90074F6DC /* 10799.cpp */ = {isa = PBXFileReference; lastKnownFileType = sourcecode.cpp.cpp; path = 10799.cpp; sourceTree = "<group>"; };
		4D8C1BF827873BFB0074F6DC /* 1966 */ = {isa = PBXFileReference; explicitFileType = "compiled.mach-o.executable"; includeInIndex = 0; path = 1966; sourceTree = BUILT_PRODUCTS_DIR; };
		4D8C1BFA27873BFB0074F6DC /* 1966.cpp */ = {isa = PBXFileReference; lastKnownFileType = sourcecode.cpp.cpp; path = 1966.cpp; sourceTree = "<group>"; };
		4DA9B4F227940159000DF666 /* 14950 */ = {isa = PBXFileReference; explicitFileType = "compiled.mach-o.executable"; includeInIndex = 0; path = 14950; sourceTree = BUILT_PRODUCTS_DIR; };
		4DA9B4F427940159000DF666 /* 14950.cpp */ = {isa = PBXFileReference; lastKnownFileType = sourcecode.cpp.cpp; path = 14950.cpp; sourceTree = "<group>"; };
		4DA9B4FD27940685000DF666 /* 11509 */ = {isa = PBXFileReference; explicitFileType = "compiled.mach-o.executable"; includeInIndex = 0; path = 11509; sourceTree = BUILT_PRODUCTS_DIR; };
		4DA9B4FF27940685000DF666 /* 11509.cpp */ = {isa = PBXFileReference; lastKnownFileType = sourcecode.cpp.cpp; path = 11509.cpp; sourceTree = "<group>"; };
		4DA9B50827940FEB000DF666 /* 4096 */ = {isa = PBXFileReference; explicitFileType = "compiled.mach-o.executable"; includeInIndex = 0; path = 4096; sourceTree = BUILT_PRODUCTS_DIR; };
		4DA9B50A27940FEB000DF666 /* 4096.cpp */ = {isa = PBXFileReference; lastKnownFileType = sourcecode.cpp.cpp; path = 4096.cpp; sourceTree = "<group>"; };
		4DA9B513279411AF000DF666 /* 21922 */ = {isa = PBXFileReference; explicitFileType = "compiled.mach-o.executable"; includeInIndex = 0; path = 21922; sourceTree = BUILT_PRODUCTS_DIR; };
		4DA9B515279411AF000DF666 /* 21922.cpp */ = {isa = PBXFileReference; lastKnownFileType = sourcecode.cpp.cpp; path = 21922.cpp; sourceTree = "<group>"; };
		4DA9B51E27944AEF000DF666 /* 10845 */ = {isa = PBXFileReference; explicitFileType = "compiled.mach-o.executable"; includeInIndex = 0; path = 10845; sourceTree = BUILT_PRODUCTS_DIR; };
		4DA9B52027944AEF000DF666 /* 10845.cpp */ = {isa = PBXFileReference; lastKnownFileType = sourcecode.cpp.cpp; path = 10845.cpp; sourceTree = "<group>"; };
		4DC9CB212780A880009A9C3F /* 9012 */ = {isa = PBXFileReference; explicitFileType = "compiled.mach-o.executable"; includeInIndex = 0; path = 9012; sourceTree = BUILT_PRODUCTS_DIR; };
		4DC9CB232780A880009A9C3F /* 9012.cpp */ = {isa = PBXFileReference; lastKnownFileType = sourcecode.cpp.cpp; path = 9012.cpp; sourceTree = "<group>"; };
		4DCACE302782A2E200BD20E9 /* 2164 */ = {isa = PBXFileReference; explicitFileType = "compiled.mach-o.executable"; includeInIndex = 0; path = 2164; sourceTree = BUILT_PRODUCTS_DIR; };
		4DCACE322782A2E200BD20E9 /* 2164.cpp */ = {isa = PBXFileReference; lastKnownFileType = sourcecode.cpp.cpp; path = 2164.cpp; sourceTree = "<group>"; };
		4DCACE3B2782A5BA00BD20E9 /* 12896 */ = {isa = PBXFileReference; explicitFileType = "compiled.mach-o.executable"; includeInIndex = 0; path = 12896; sourceTree = BUILT_PRODUCTS_DIR; };
		4DCACE3D2782A5BA00BD20E9 /* 12896.cpp */ = {isa = PBXFileReference; lastKnownFileType = sourcecode.cpp.cpp; path = 12896.cpp; sourceTree = "<group>"; };
		4DCACE462782AA3E00BD20E9 /* 10866 */ = {isa = PBXFileReference; explicitFileType = "compiled.mach-o.executable"; includeInIndex = 0; path = 10866; sourceTree = BUILT_PRODUCTS_DIR; };
		4DCACE482782AA3E00BD20E9 /* 10866.cpp */ = {isa = PBXFileReference; lastKnownFileType = sourcecode.cpp.cpp; path = 10866.cpp; sourceTree = "<group>"; };
		4DCACE512782AD9A00BD20E9 /* 1874 */ = {isa = PBXFileReference; explicitFileType = "compiled.mach-o.executable"; includeInIndex = 0; path = 1874; sourceTree = BUILT_PRODUCTS_DIR; };
		4DCACE532782AD9A00BD20E9 /* 1874.cpp */ = {isa = PBXFileReference; lastKnownFileType = sourcecode.cpp.cpp; path = 1874.cpp; sourceTree = "<group>"; };
		4DCFDFFA27847F4100AF215E /* 21313 */ = {isa = PBXFileReference; explicitFileType = "compiled.mach-o.executable"; includeInIndex = 0; path = 21313; sourceTree = BUILT_PRODUCTS_DIR; };
		4DCFDFFC27847F4100AF215E /* 21313.cpp */ = {isa = PBXFileReference; lastKnownFileType = sourcecode.cpp.cpp; path = 21313.cpp; sourceTree = "<group>"; };
		4DCFE0052784818D00AF215E /* 20327 */ = {isa = PBXFileReference; explicitFileType = "compiled.mach-o.executable"; includeInIndex = 0; path = 20327; sourceTree = BUILT_PRODUCTS_DIR; };
		4DCFE0072784818D00AF215E /* 20327.cpp */ = {isa = PBXFileReference; lastKnownFileType = sourcecode.cpp.cpp; path = 20327.cpp; sourceTree = "<group>"; };
		4DE80CEC277B039900A41AE6 /* 7347 */ = {isa = PBXFileReference; explicitFileType = "compiled.mach-o.executable"; includeInIndex = 0; path = 7347; sourceTree = BUILT_PRODUCTS_DIR; };
		4DE80CEE277B039900A41AE6 /* 7347.cpp */ = {isa = PBXFileReference; lastKnownFileType = sourcecode.cpp.cpp; path = 7347.cpp; sourceTree = "<group>"; };
		4DE80CF8277B15A000A41AE6 /* 2631 */ = {isa = PBXFileReference; explicitFileType = "compiled.mach-o.executable"; includeInIndex = 0; path = 2631; sourceTree = BUILT_PRODUCTS_DIR; };
		4DE80CFA277B15A000A41AE6 /* 2631.cpp */ = {isa = PBXFileReference; lastKnownFileType = sourcecode.cpp.cpp; path = 2631.cpp; sourceTree = "<group>"; };
		4DE80D05277B1F5100A41AE6 /* 11497 */ = {isa = PBXFileReference; explicitFileType = "compiled.mach-o.executable"; includeInIndex = 0; path = 11497; sourceTree = BUILT_PRODUCTS_DIR; };
		4DE80D07277B1F5100A41AE6 /* 11497.cpp */ = {isa = PBXFileReference; lastKnownFileType = sourcecode.cpp.cpp; path = 11497.cpp; sourceTree = "<group>"; };
		4DE80D10277B4F3B00A41AE6 /* 14676 */ = {isa = PBXFileReference; explicitFileType = "compiled.mach-o.executable"; includeInIndex = 0; path = 14676; sourceTree = BUILT_PRODUCTS_DIR; };
		4DE80D12277B4F3B00A41AE6 /* 14676.cpp */ = {isa = PBXFileReference; lastKnownFileType = sourcecode.cpp.cpp; path = 14676.cpp; sourceTree = "<group>"; };
		4DE80D1B277B518900A41AE6 /* 5567 */ = {isa = PBXFileReference; explicitFileType = "compiled.mach-o.executable"; includeInIndex = 0; path = 5567; sourceTree = BUILT_PRODUCTS_DIR; };
		4DE80D1D277B518900A41AE6 /* 5567.cpp */ = {isa = PBXFileReference; lastKnownFileType = sourcecode.cpp.cpp; path = 5567.cpp; sourceTree = "<group>"; };
		4DE80D26277B51A600A41AE6 /* 22942 */ = {isa = PBXFileReference; explicitFileType = "compiled.mach-o.executable"; includeInIndex = 0; path = 22942; sourceTree = BUILT_PRODUCTS_DIR; };
		4DE80D28277B51A600A41AE6 /* 22942.cpp */ = {isa = PBXFileReference; lastKnownFileType = sourcecode.cpp.cpp; path = 22942.cpp; sourceTree = "<group>"; };
		4DEACBDF2791D285003D4028 /* 1406 */ = {isa = PBXFileReference; explicitFileType = "compiled.mach-o.executable"; includeInIndex = 0; path = 1406; sourceTree = BUILT_PRODUCTS_DIR; };
		4DEACBE12791D285003D4028 /* 1406.cpp */ = {isa = PBXFileReference; lastKnownFileType = sourcecode.cpp.cpp; path = 1406.cpp; sourceTree = "<group>"; };
		4DFD2F7F2771D18F00A849C3 /* 1158 */ = {isa = PBXFileReference; explicitFileType = "compiled.mach-o.executable"; includeInIndex = 0; path = 1158; sourceTree = BUILT_PRODUCTS_DIR; };
		4DFD2F822771D18F00A849C3 /* 1158.cpp */ = {isa = PBXFileReference; lastKnownFileType = sourcecode.cpp.cpp; path = 1158.cpp; sourceTree = "<group>"; };
		4DFD2F932771D90600A849C3 /* 10828 */ = {isa = PBXFileReference; explicitFileType = "compiled.mach-o.executable"; includeInIndex = 0; path = 10828; sourceTree = BUILT_PRODUCTS_DIR; };
		4DFD2F952771D90700A849C3 /* 10828.cpp */ = {isa = PBXFileReference; lastKnownFileType = sourcecode.cpp.cpp; path = 10828.cpp; sourceTree = "<group>"; };
/* End PBXFileReference section */

/* Begin PBXFrameworksBuildPhase section */
		4D11E85A2785DBFF00ABB60D /* Frameworks */ = {
			isa = PBXFrameworksBuildPhase;
			buildActionMask = 2147483647;
			files = (
			);
			runOnlyForDeploymentPostprocessing = 0;
		};
		4D11E8652785DE9200ABB60D /* Frameworks */ = {
			isa = PBXFrameworksBuildPhase;
			buildActionMask = 2147483647;
			files = (
			);
			runOnlyForDeploymentPostprocessing = 0;
		};
		4D610DEC278D6FAD00DC22ED /* Frameworks */ = {
			isa = PBXFrameworksBuildPhase;
			buildActionMask = 2147483647;
			files = (
			);
			runOnlyForDeploymentPostprocessing = 0;
		};
		4D610DF8278DA2DF00DC22ED /* Frameworks */ = {
			isa = PBXFrameworksBuildPhase;
			buildActionMask = 2147483647;
			files = (
			);
			runOnlyForDeploymentPostprocessing = 0;
		};
		4D7E3FA02781AAF7005D62A8 /* Frameworks */ = {
			isa = PBXFrameworksBuildPhase;
			buildActionMask = 2147483647;
			files = (
			);
			runOnlyForDeploymentPostprocessing = 0;
		};
		4D804601278DD0E400AB2A15 /* Frameworks */ = {
			isa = PBXFrameworksBuildPhase;
			buildActionMask = 2147483647;
			files = (
			);
			runOnlyForDeploymentPostprocessing = 0;
		};
		4D8C1BEA278732F90074F6DC /* Frameworks */ = {
			isa = PBXFrameworksBuildPhase;
			buildActionMask = 2147483647;
			files = (
			);
			runOnlyForDeploymentPostprocessing = 0;
		};
		4D8C1BF527873BFB0074F6DC /* Frameworks */ = {
			isa = PBXFrameworksBuildPhase;
			buildActionMask = 2147483647;
			files = (
			);
			runOnlyForDeploymentPostprocessing = 0;
		};
		4DA9B4EF27940159000DF666 /* Frameworks */ = {
			isa = PBXFrameworksBuildPhase;
			buildActionMask = 2147483647;
			files = (
			);
			runOnlyForDeploymentPostprocessing = 0;
		};
		4DA9B4FA27940685000DF666 /* Frameworks */ = {
			isa = PBXFrameworksBuildPhase;
			buildActionMask = 2147483647;
			files = (
			);
			runOnlyForDeploymentPostprocessing = 0;
		};
		4DA9B50527940FEB000DF666 /* Frameworks */ = {
			isa = PBXFrameworksBuildPhase;
			buildActionMask = 2147483647;
			files = (
			);
			runOnlyForDeploymentPostprocessing = 0;
		};
		4DA9B510279411AF000DF666 /* Frameworks */ = {
			isa = PBXFrameworksBuildPhase;
			buildActionMask = 2147483647;
			files = (
			);
			runOnlyForDeploymentPostprocessing = 0;
		};
		4DA9B51B27944AEF000DF666 /* Frameworks */ = {
			isa = PBXFrameworksBuildPhase;
			buildActionMask = 2147483647;
			files = (
			);
			runOnlyForDeploymentPostprocessing = 0;
		};
		4DC9CB1E2780A880009A9C3F /* Frameworks */ = {
			isa = PBXFrameworksBuildPhase;
			buildActionMask = 2147483647;
			files = (
			);
			runOnlyForDeploymentPostprocessing = 0;
		};
		4DCACE2D2782A2E200BD20E9 /* Frameworks */ = {
			isa = PBXFrameworksBuildPhase;
			buildActionMask = 2147483647;
			files = (
			);
			runOnlyForDeploymentPostprocessing = 0;
		};
		4DCACE382782A5BA00BD20E9 /* Frameworks */ = {
			isa = PBXFrameworksBuildPhase;
			buildActionMask = 2147483647;
			files = (
			);
			runOnlyForDeploymentPostprocessing = 0;
		};
		4DCACE432782AA3E00BD20E9 /* Frameworks */ = {
			isa = PBXFrameworksBuildPhase;
			buildActionMask = 2147483647;
			files = (
			);
			runOnlyForDeploymentPostprocessing = 0;
		};
		4DCACE4E2782AD9A00BD20E9 /* Frameworks */ = {
			isa = PBXFrameworksBuildPhase;
			buildActionMask = 2147483647;
			files = (
			);
			runOnlyForDeploymentPostprocessing = 0;
		};
		4DCFDFF727847F4100AF215E /* Frameworks */ = {
			isa = PBXFrameworksBuildPhase;
			buildActionMask = 2147483647;
			files = (
			);
			runOnlyForDeploymentPostprocessing = 0;
		};
		4DCFE0022784818D00AF215E /* Frameworks */ = {
			isa = PBXFrameworksBuildPhase;
			buildActionMask = 2147483647;
			files = (
			);
			runOnlyForDeploymentPostprocessing = 0;
		};
		4DE80CE9277B039900A41AE6 /* Frameworks */ = {
			isa = PBXFrameworksBuildPhase;
			buildActionMask = 2147483647;
			files = (
			);
			runOnlyForDeploymentPostprocessing = 0;
		};
		4DE80CF5277B15A000A41AE6 /* Frameworks */ = {
			isa = PBXFrameworksBuildPhase;
			buildActionMask = 2147483647;
			files = (
			);
			runOnlyForDeploymentPostprocessing = 0;
		};
		4DE80D02277B1F5100A41AE6 /* Frameworks */ = {
			isa = PBXFrameworksBuildPhase;
			buildActionMask = 2147483647;
			files = (
			);
			runOnlyForDeploymentPostprocessing = 0;
		};
		4DE80D0D277B4F3B00A41AE6 /* Frameworks */ = {
			isa = PBXFrameworksBuildPhase;
			buildActionMask = 2147483647;
			files = (
			);
			runOnlyForDeploymentPostprocessing = 0;
		};
		4DE80D18277B518900A41AE6 /* Frameworks */ = {
			isa = PBXFrameworksBuildPhase;
			buildActionMask = 2147483647;
			files = (
			);
			runOnlyForDeploymentPostprocessing = 0;
		};
		4DE80D23277B51A600A41AE6 /* Frameworks */ = {
			isa = PBXFrameworksBuildPhase;
			buildActionMask = 2147483647;
			files = (
			);
			runOnlyForDeploymentPostprocessing = 0;
		};
		4DEACBDC2791D285003D4028 /* Frameworks */ = {
			isa = PBXFrameworksBuildPhase;
			buildActionMask = 2147483647;
			files = (
			);
			runOnlyForDeploymentPostprocessing = 0;
		};
		4DFD2F7C2771D18F00A849C3 /* Frameworks */ = {
			isa = PBXFrameworksBuildPhase;
			buildActionMask = 2147483647;
			files = (
			);
			runOnlyForDeploymentPostprocessing = 0;
		};
		4DFD2F902771D90600A849C3 /* Frameworks */ = {
			isa = PBXFrameworksBuildPhase;
			buildActionMask = 2147483647;
			files = (
			);
			runOnlyForDeploymentPostprocessing = 0;
		};
/* End PBXFrameworksBuildPhase section */

/* Begin PBXGroup section */
		4D8045F9278DCFFC00AB2A15 /* ETC */ = {
			isa = PBXGroup;
			children = (
				4DEACBE12791D285003D4028 /* 1406.cpp */,
				4D8045FA278DD01200AB2A15 /* 10871.cpp */,
				4D8045FD278DD0D300AB2A15 /* 10808.cpp */,
				4DA9B52027944AEF000DF666 /* 10845.cpp */,
			);
			path = ETC;
			sourceTree = "<group>";
		};
		4DE80CF3277B03F100A41AE6 /* SJAlgorithm */ = {
			isa = PBXGroup;
			children = (
				4D11E85F2785DBFF00ABB60D /* 1005.cpp */,
				4DE80CFA277B15A000A41AE6 /* 2631.cpp */,
				4DA9B50A27940FEB000DF666 /* 4096.cpp */,
				4DE80D1D277B518900A41AE6 /* 5567.cpp */,
				4DE80CEE277B039900A41AE6 /* 7347.cpp */,
				4DE80D07277B1F5100A41AE6 /* 11497.cpp */,
				4DA9B4FF27940685000DF666 /* 11509.cpp */,
				4DCACE3D2782A5BA00BD20E9 /* 12896.cpp */,
				4DE80D12277B4F3B00A41AE6 /* 14676.cpp */,
				4DA9B4F427940159000DF666 /* 14950.cpp */,
				4DCFE0072784818D00AF215E /* 20327.cpp */,
				4DCFDFFC27847F4100AF215E /* 21313.cpp */,
				4DA9B515279411AF000DF666 /* 21922.cpp */,
				4DE80D28277B51A600A41AE6 /* 22942.cpp */,
				4D610DF1278D6FAD00DC22ED /* Test.cpp */,
			);
			path = SJAlgorithm;
			sourceTree = "<group>";
		};
		4DFD2F762771D18F00A849C3 = {
			isa = PBXGroup;
			children = (
				4DFD2F9A2771DA3300A849C3 /* Backjoon */,
				4DFD2F802771D18F00A849C3 /* Products */,
			);
			sourceTree = "<group>";
		};
		4DFD2F802771D18F00A849C3 /* Products */ = {
			isa = PBXGroup;
			children = (
				4DFD2F7F2771D18F00A849C3 /* 1158 */,
				4DFD2F932771D90600A849C3 /* 10828 */,
				4DE80CEC277B039900A41AE6 /* 7347 */,
				4DE80CF8277B15A000A41AE6 /* 2631 */,
				4DE80D05277B1F5100A41AE6 /* 11497 */,
				4DE80D10277B4F3B00A41AE6 /* 14676 */,
				4DE80D1B277B518900A41AE6 /* 5567 */,
				4DE80D26277B51A600A41AE6 /* 22942 */,
				4DC9CB212780A880009A9C3F /* 9012 */,
				4D7E3FA32781AAF7005D62A8 /* 18258 */,
				4DCACE302782A2E200BD20E9 /* 2164 */,
				4DCACE3B2782A5BA00BD20E9 /* 12896 */,
				4DCACE462782AA3E00BD20E9 /* 10866 */,
				4DCACE512782AD9A00BD20E9 /* 1874 */,
				4DCFDFFA27847F4100AF215E /* 21313 */,
				4DCFE0052784818D00AF215E /* 20327 */,
				4D11E85D2785DBFF00ABB60D /* 1005 */,
				4D11E8682785DE9200ABB60D /* 1935 */,
				4D8C1BED278732F90074F6DC /* 10799 */,
				4D8C1BF827873BFB0074F6DC /* 1966 */,
				4D610DEF278D6FAD00DC22ED /* Test */,
				4D610DFB278DA2DF00DC22ED /* 10871 */,
				4D804604278DD0E400AB2A15 /* 10808 */,
				4DEACBDF2791D285003D4028 /* 1406 */,
				4DA9B4F227940159000DF666 /* 14950 */,
				4DA9B4FD27940685000DF666 /* 11509 */,
				4DA9B50827940FEB000DF666 /* 4096 */,
				4DA9B513279411AF000DF666 /* 21922 */,
				4DA9B51E27944AEF000DF666 /* 10845 */,
			);
			name = Products;
			sourceTree = "<group>";
		};
		4DFD2F892771D4E500A849C3 /* DataStructure */ = {
			isa = PBXGroup;
			children = (
				4DFD2F822771D18F00A849C3 /* 1158.cpp */,
				4DCACE532782AD9A00BD20E9 /* 1874.cpp */,
				4D11E86A2785DE9200ABB60D /* 1935.cpp */,
				4D8C1BFA27873BFB0074F6DC /* 1966.cpp */,
				4DCACE322782A2E200BD20E9 /* 2164.cpp */,
				4DC9CB232780A880009A9C3F /* 9012.cpp */,
				4D8C1BEF278732F90074F6DC /* 10799.cpp */,
				4DFD2F952771D90700A849C3 /* 10828.cpp */,
				4DCACE482782AA3E00BD20E9 /* 10866.cpp */,
				4D7E3FA52781AAF7005D62A8 /* 18258.cpp */,
			);
			path = DataStructure;
			sourceTree = "<group>";
		};
		4DFD2F9A2771DA3300A849C3 /* Backjoon */ = {
			isa = PBXGroup;
			children = (
				4D8045F9278DCFFC00AB2A15 /* ETC */,
				4DFD2F892771D4E500A849C3 /* DataStructure */,
				4DE80CF3277B03F100A41AE6 /* SJAlgorithm */,
			);
			path = Backjoon;
			sourceTree = "<group>";
		};
/* End PBXGroup section */

/* Begin PBXNativeTarget section */
		4D11E85C2785DBFF00ABB60D /* 1005 */ = {
			isa = PBXNativeTarget;
			buildConfigurationList = 4D11E8632785DBFF00ABB60D /* Build configuration list for PBXNativeTarget "1005" */;
			buildPhases = (
				4D11E8592785DBFF00ABB60D /* Sources */,
				4D11E85A2785DBFF00ABB60D /* Frameworks */,
				4D11E85B2785DBFF00ABB60D /* CopyFiles */,
			);
			buildRules = (
			);
			dependencies = (
			);
			name = 1005;
			productName = 1005;
			productReference = 4D11E85D2785DBFF00ABB60D /* 1005 */;
			productType = "com.apple.product-type.tool";
		};
		4D11E8672785DE9200ABB60D /* 1935 */ = {
			isa = PBXNativeTarget;
			buildConfigurationList = 4D11E86C2785DE9200ABB60D /* Build configuration list for PBXNativeTarget "1935" */;
			buildPhases = (
				4D11E8642785DE9200ABB60D /* Sources */,
				4D11E8652785DE9200ABB60D /* Frameworks */,
				4D11E8662785DE9200ABB60D /* CopyFiles */,
			);
			buildRules = (
			);
			dependencies = (
			);
			name = 1935;
			productName = 1935;
			productReference = 4D11E8682785DE9200ABB60D /* 1935 */;
			productType = "com.apple.product-type.tool";
		};
		4D610DEE278D6FAD00DC22ED /* Test */ = {
			isa = PBXNativeTarget;
			buildConfigurationList = 4D610DF3278D6FAD00DC22ED /* Build configuration list for PBXNativeTarget "Test" */;
			buildPhases = (
				4D610DEB278D6FAD00DC22ED /* Sources */,
				4D610DEC278D6FAD00DC22ED /* Frameworks */,
				4D610DED278D6FAD00DC22ED /* CopyFiles */,
			);
			buildRules = (
			);
			dependencies = (
			);
			name = Test;
			productName = Test;
			productReference = 4D610DEF278D6FAD00DC22ED /* Test */;
			productType = "com.apple.product-type.tool";
		};
		4D610DFA278DA2DF00DC22ED /* 10871 */ = {
			isa = PBXNativeTarget;
			buildConfigurationList = 4D610DFF278DA2DF00DC22ED /* Build configuration list for PBXNativeTarget "10871" */;
			buildPhases = (
				4D610DF7278DA2DF00DC22ED /* Sources */,
				4D610DF8278DA2DF00DC22ED /* Frameworks */,
				4D610DF9278DA2DF00DC22ED /* CopyFiles */,
			);
			buildRules = (
			);
			dependencies = (
			);
			name = 10871;
			productName = 10871;
			productReference = 4D610DFB278DA2DF00DC22ED /* 10871 */;
			productType = "com.apple.product-type.tool";
		};
		4D7E3FA22781AAF7005D62A8 /* 18258 */ = {
			isa = PBXNativeTarget;
			buildConfigurationList = 4D7E3FA92781AAF7005D62A8 /* Build configuration list for PBXNativeTarget "18258" */;
			buildPhases = (
				4D7E3F9F2781AAF7005D62A8 /* Sources */,
				4D7E3FA02781AAF7005D62A8 /* Frameworks */,
				4D7E3FA12781AAF7005D62A8 /* CopyFiles */,
			);
			buildRules = (
			);
			dependencies = (
			);
			name = 18258;
			productName = 18258;
			productReference = 4D7E3FA32781AAF7005D62A8 /* 18258 */;
			productType = "com.apple.product-type.tool";
		};
		4D804603278DD0E400AB2A15 /* 10808 */ = {
			isa = PBXNativeTarget;
			buildConfigurationList = 4D804608278DD0E400AB2A15 /* Build configuration list for PBXNativeTarget "10808" */;
			buildPhases = (
				4D804600278DD0E400AB2A15 /* Sources */,
				4D804601278DD0E400AB2A15 /* Frameworks */,
				4D804602278DD0E400AB2A15 /* CopyFiles */,
			);
			buildRules = (
			);
			dependencies = (
			);
			name = 10808;
			productName = 10808;
			productReference = 4D804604278DD0E400AB2A15 /* 10808 */;
			productType = "com.apple.product-type.tool";
		};
		4D8C1BEC278732F90074F6DC /* 10799 */ = {
			isa = PBXNativeTarget;
			buildConfigurationList = 4D8C1BF3278732F90074F6DC /* Build configuration list for PBXNativeTarget "10799" */;
			buildPhases = (
				4D8C1BE9278732F90074F6DC /* Sources */,
				4D8C1BEA278732F90074F6DC /* Frameworks */,
				4D8C1BEB278732F90074F6DC /* CopyFiles */,
			);
			buildRules = (
			);
			dependencies = (
			);
			name = 10799;
			productName = 10799;
			productReference = 4D8C1BED278732F90074F6DC /* 10799 */;
			productType = "com.apple.product-type.tool";
		};
		4D8C1BF727873BFB0074F6DC /* 1966 */ = {
			isa = PBXNativeTarget;
			buildConfigurationList = 4D8C1BFC27873BFB0074F6DC /* Build configuration list for PBXNativeTarget "1966" */;
			buildPhases = (
				4D8C1BF427873BFB0074F6DC /* Sources */,
				4D8C1BF527873BFB0074F6DC /* Frameworks */,
				4D8C1BF627873BFB0074F6DC /* CopyFiles */,
			);
			buildRules = (
			);
			dependencies = (
			);
			name = 1966;
			productName = 1966;
			productReference = 4D8C1BF827873BFB0074F6DC /* 1966 */;
			productType = "com.apple.product-type.tool";
		};
		4DA9B4F127940159000DF666 /* 14950 */ = {
			isa = PBXNativeTarget;
			buildConfigurationList = 4DA9B4F827940159000DF666 /* Build configuration list for PBXNativeTarget "14950" */;
			buildPhases = (
				4DA9B4EE27940159000DF666 /* Sources */,
				4DA9B4EF27940159000DF666 /* Frameworks */,
				4DA9B4F027940159000DF666 /* CopyFiles */,
			);
			buildRules = (
			);
			dependencies = (
			);
			name = 14950;
			productName = 14950;
			productReference = 4DA9B4F227940159000DF666 /* 14950 */;
			productType = "com.apple.product-type.tool";
		};
		4DA9B4FC27940685000DF666 /* 11509 */ = {
			isa = PBXNativeTarget;
			buildConfigurationList = 4DA9B50127940685000DF666 /* Build configuration list for PBXNativeTarget "11509" */;
			buildPhases = (
				4DA9B4F927940685000DF666 /* Sources */,
				4DA9B4FA27940685000DF666 /* Frameworks */,
				4DA9B4FB27940685000DF666 /* CopyFiles */,
			);
			buildRules = (
			);
			dependencies = (
			);
			name = 11509;
			productName = 11509;
			productReference = 4DA9B4FD27940685000DF666 /* 11509 */;
			productType = "com.apple.product-type.tool";
		};
		4DA9B50727940FEB000DF666 /* 4096 */ = {
			isa = PBXNativeTarget;
			buildConfigurationList = 4DA9B50C27940FEB000DF666 /* Build configuration list for PBXNativeTarget "4096" */;
			buildPhases = (
				4DA9B50427940FEB000DF666 /* Sources */,
				4DA9B50527940FEB000DF666 /* Frameworks */,
				4DA9B50627940FEB000DF666 /* CopyFiles */,
			);
			buildRules = (
			);
			dependencies = (
			);
			name = 4096;
			productName = 4096;
			productReference = 4DA9B50827940FEB000DF666 /* 4096 */;
			productType = "com.apple.product-type.tool";
		};
		4DA9B512279411AF000DF666 /* 21922 */ = {
			isa = PBXNativeTarget;
			buildConfigurationList = 4DA9B517279411AF000DF666 /* Build configuration list for PBXNativeTarget "21922" */;
			buildPhases = (
				4DA9B50F279411AF000DF666 /* Sources */,
				4DA9B510279411AF000DF666 /* Frameworks */,
				4DA9B511279411AF000DF666 /* CopyFiles */,
			);
			buildRules = (
			);
			dependencies = (
			);
			name = 21922;
			productName = 21922;
			productReference = 4DA9B513279411AF000DF666 /* 21922 */;
			productType = "com.apple.product-type.tool";
		};
		4DA9B51D27944AEF000DF666 /* 10845 */ = {
			isa = PBXNativeTarget;
			buildConfigurationList = 4DA9B52227944AEF000DF666 /* Build configuration list for PBXNativeTarget "10845" */;
			buildPhases = (
				4DA9B51A27944AEF000DF666 /* Sources */,
				4DA9B51B27944AEF000DF666 /* Frameworks */,
				4DA9B51C27944AEF000DF666 /* CopyFiles */,
			);
			buildRules = (
			);
			dependencies = (
			);
			name = 10845;
			productName = 10845;
			productReference = 4DA9B51E27944AEF000DF666 /* 10845 */;
			productType = "com.apple.product-type.tool";
		};
		4DC9CB202780A880009A9C3F /* 9012 */ = {
			isa = PBXNativeTarget;
			buildConfigurationList = 4DC9CB252780A880009A9C3F /* Build configuration list for PBXNativeTarget "9012" */;
			buildPhases = (
				4DC9CB1D2780A880009A9C3F /* Sources */,
				4DC9CB1E2780A880009A9C3F /* Frameworks */,
				4DC9CB1F2780A880009A9C3F /* CopyFiles */,
			);
			buildRules = (
			);
			dependencies = (
			);
			name = 9012;
			productName = 9012;
			productReference = 4DC9CB212780A880009A9C3F /* 9012 */;
			productType = "com.apple.product-type.tool";
		};
		4DCACE2F2782A2E200BD20E9 /* 2164 */ = {
			isa = PBXNativeTarget;
			buildConfigurationList = 4DCACE362782A2E200BD20E9 /* Build configuration list for PBXNativeTarget "2164" */;
			buildPhases = (
				4DCACE2C2782A2E200BD20E9 /* Sources */,
				4DCACE2D2782A2E200BD20E9 /* Frameworks */,
				4DCACE2E2782A2E200BD20E9 /* CopyFiles */,
			);
			buildRules = (
			);
			dependencies = (
			);
			name = 2164;
			productName = 2164;
			productReference = 4DCACE302782A2E200BD20E9 /* 2164 */;
			productType = "com.apple.product-type.tool";
		};
		4DCACE3A2782A5BA00BD20E9 /* 12896 */ = {
			isa = PBXNativeTarget;
			buildConfigurationList = 4DCACE3F2782A5BA00BD20E9 /* Build configuration list for PBXNativeTarget "12896" */;
			buildPhases = (
				4DCACE372782A5BA00BD20E9 /* Sources */,
				4DCACE382782A5BA00BD20E9 /* Frameworks */,
				4DCACE392782A5BA00BD20E9 /* CopyFiles */,
			);
			buildRules = (
			);
			dependencies = (
			);
			name = 12896;
			productName = 12896;
			productReference = 4DCACE3B2782A5BA00BD20E9 /* 12896 */;
			productType = "com.apple.product-type.tool";
		};
		4DCACE452782AA3E00BD20E9 /* 10866 */ = {
			isa = PBXNativeTarget;
			buildConfigurationList = 4DCACE4A2782AA3E00BD20E9 /* Build configuration list for PBXNativeTarget "10866" */;
			buildPhases = (
				4DCACE422782AA3E00BD20E9 /* Sources */,
				4DCACE432782AA3E00BD20E9 /* Frameworks */,
				4DCACE442782AA3E00BD20E9 /* CopyFiles */,
			);
			buildRules = (
			);
			dependencies = (
			);
			name = 10866;
			productName = 10866;
			productReference = 4DCACE462782AA3E00BD20E9 /* 10866 */;
			productType = "com.apple.product-type.tool";
		};
		4DCACE502782AD9A00BD20E9 /* 1874 */ = {
			isa = PBXNativeTarget;
			buildConfigurationList = 4DCACE552782AD9A00BD20E9 /* Build configuration list for PBXNativeTarget "1874" */;
			buildPhases = (
				4DCACE4D2782AD9A00BD20E9 /* Sources */,
				4DCACE4E2782AD9A00BD20E9 /* Frameworks */,
				4DCACE4F2782AD9A00BD20E9 /* CopyFiles */,
			);
			buildRules = (
			);
			dependencies = (
			);
			name = 1874;
			productName = 1874;
			productReference = 4DCACE512782AD9A00BD20E9 /* 1874 */;
			productType = "com.apple.product-type.tool";
		};
		4DCFDFF927847F4100AF215E /* 21313 */ = {
			isa = PBXNativeTarget;
			buildConfigurationList = 4DCFE00027847F4100AF215E /* Build configuration list for PBXNativeTarget "21313" */;
			buildPhases = (
				4DCFDFF627847F4100AF215E /* Sources */,
				4DCFDFF727847F4100AF215E /* Frameworks */,
				4DCFDFF827847F4100AF215E /* CopyFiles */,
			);
			buildRules = (
			);
			dependencies = (
			);
			name = 21313;
			productName = 21313;
			productReference = 4DCFDFFA27847F4100AF215E /* 21313 */;
			productType = "com.apple.product-type.tool";
		};
		4DCFE0042784818D00AF215E /* 20327 */ = {
			isa = PBXNativeTarget;
			buildConfigurationList = 4DCFE0092784818D00AF215E /* Build configuration list for PBXNativeTarget "20327" */;
			buildPhases = (
				4DCFE0012784818D00AF215E /* Sources */,
				4DCFE0022784818D00AF215E /* Frameworks */,
				4DCFE0032784818D00AF215E /* CopyFiles */,
			);
			buildRules = (
			);
			dependencies = (
			);
			name = 20327;
			productName = 20327;
			productReference = 4DCFE0052784818D00AF215E /* 20327 */;
			productType = "com.apple.product-type.tool";
		};
		4DE80CEB277B039900A41AE6 /* 7347 */ = {
			isa = PBXNativeTarget;
			buildConfigurationList = 4DE80CF0277B039900A41AE6 /* Build configuration list for PBXNativeTarget "7347" */;
			buildPhases = (
				4DE80CE8277B039900A41AE6 /* Sources */,
				4DE80CE9277B039900A41AE6 /* Frameworks */,
				4DE80CEA277B039900A41AE6 /* CopyFiles */,
			);
			buildRules = (
			);
			dependencies = (
			);
			name = 7347;
			productName = 7347;
			productReference = 4DE80CEC277B039900A41AE6 /* 7347 */;
			productType = "com.apple.product-type.tool";
		};
		4DE80CF7277B15A000A41AE6 /* 2631 */ = {
			isa = PBXNativeTarget;
			buildConfigurationList = 4DE80CFC277B15A000A41AE6 /* Build configuration list for PBXNativeTarget "2631" */;
			buildPhases = (
				4DE80CF4277B15A000A41AE6 /* Sources */,
				4DE80CF5277B15A000A41AE6 /* Frameworks */,
				4DE80CF6277B15A000A41AE6 /* CopyFiles */,
			);
			buildRules = (
			);
			dependencies = (
			);
			name = 2631;
			productName = 2631;
			productReference = 4DE80CF8277B15A000A41AE6 /* 2631 */;
			productType = "com.apple.product-type.tool";
		};
		4DE80D04277B1F5100A41AE6 /* 11497 */ = {
			isa = PBXNativeTarget;
			buildConfigurationList = 4DE80D09277B1F5100A41AE6 /* Build configuration list for PBXNativeTarget "11497" */;
			buildPhases = (
				4DE80D01277B1F5100A41AE6 /* Sources */,
				4DE80D02277B1F5100A41AE6 /* Frameworks */,
				4DE80D03277B1F5100A41AE6 /* CopyFiles */,
			);
			buildRules = (
			);
			dependencies = (
			);
			name = 11497;
			productName = 11497;
			productReference = 4DE80D05277B1F5100A41AE6 /* 11497 */;
			productType = "com.apple.product-type.tool";
		};
		4DE80D0F277B4F3B00A41AE6 /* 14676 */ = {
			isa = PBXNativeTarget;
			buildConfigurationList = 4DE80D14277B4F3B00A41AE6 /* Build configuration list for PBXNativeTarget "14676" */;
			buildPhases = (
				4DE80D0C277B4F3B00A41AE6 /* Sources */,
				4DE80D0D277B4F3B00A41AE6 /* Frameworks */,
				4DE80D0E277B4F3B00A41AE6 /* CopyFiles */,
			);
			buildRules = (
			);
			dependencies = (
			);
			name = 14676;
			productName = 14676;
			productReference = 4DE80D10277B4F3B00A41AE6 /* 14676 */;
			productType = "com.apple.product-type.tool";
		};
		4DE80D1A277B518900A41AE6 /* 5567 */ = {
			isa = PBXNativeTarget;
			buildConfigurationList = 4DE80D1F277B518900A41AE6 /* Build configuration list for PBXNativeTarget "5567" */;
			buildPhases = (
				4DE80D17277B518900A41AE6 /* Sources */,
				4DE80D18277B518900A41AE6 /* Frameworks */,
				4DE80D19277B518900A41AE6 /* CopyFiles */,
			);
			buildRules = (
			);
			dependencies = (
			);
			name = 5567;
			productName = 5567;
			productReference = 4DE80D1B277B518900A41AE6 /* 5567 */;
			productType = "com.apple.product-type.tool";
		};
		4DE80D25277B51A600A41AE6 /* 22942 */ = {
			isa = PBXNativeTarget;
			buildConfigurationList = 4DE80D2A277B51A600A41AE6 /* Build configuration list for PBXNativeTarget "22942" */;
			buildPhases = (
				4DE80D22277B51A600A41AE6 /* Sources */,
				4DE80D23277B51A600A41AE6 /* Frameworks */,
				4DE80D24277B51A600A41AE6 /* CopyFiles */,
			);
			buildRules = (
			);
			dependencies = (
			);
			name = 22942;
			productName = 22942;
			productReference = 4DE80D26277B51A600A41AE6 /* 22942 */;
			productType = "com.apple.product-type.tool";
		};
		4DEACBDE2791D285003D4028 /* 1406 */ = {
			isa = PBXNativeTarget;
			buildConfigurationList = 4DEACBE52791D285003D4028 /* Build configuration list for PBXNativeTarget "1406" */;
			buildPhases = (
				4DEACBDB2791D285003D4028 /* Sources */,
				4DEACBDC2791D285003D4028 /* Frameworks */,
				4DEACBDD2791D285003D4028 /* CopyFiles */,
			);
			buildRules = (
			);
			dependencies = (
			);
			name = 1406;
			productName = 1406;
			productReference = 4DEACBDF2791D285003D4028 /* 1406 */;
			productType = "com.apple.product-type.tool";
		};
		4DFD2F7E2771D18F00A849C3 /* 1158 */ = {
			isa = PBXNativeTarget;
			buildConfigurationList = 4DFD2F862771D18F00A849C3 /* Build configuration list for PBXNativeTarget "1158" */;
			buildPhases = (
				4DFD2F7B2771D18F00A849C3 /* Sources */,
				4DFD2F7C2771D18F00A849C3 /* Frameworks */,
				4DFD2F7D2771D18F00A849C3 /* CopyFiles */,
			);
			buildRules = (
			);
			dependencies = (
			);
			name = 1158;
			productName = Algorithm;
			productReference = 4DFD2F7F2771D18F00A849C3 /* 1158 */;
			productType = "com.apple.product-type.tool";
		};
		4DFD2F922771D90600A849C3 /* 10828 */ = {
			isa = PBXNativeTarget;
			buildConfigurationList = 4DFD2F972771D90700A849C3 /* Build configuration list for PBXNativeTarget "10828" */;
			buildPhases = (
				4DFD2F8F2771D90600A849C3 /* Sources */,
				4DFD2F902771D90600A849C3 /* Frameworks */,
				4DFD2F912771D90600A849C3 /* CopyFiles */,
			);
			buildRules = (
			);
			dependencies = (
			);
			name = 10828;
			productName = second_main;
			productReference = 4DFD2F932771D90600A849C3 /* 10828 */;
			productType = "com.apple.product-type.tool";
		};
/* End PBXNativeTarget section */

/* Begin PBXProject section */
		4DFD2F772771D18F00A849C3 /* Project object */ = {
			isa = PBXProject;
			attributes = {
				BuildIndependentTargetsInParallel = 1;
				LastSwiftUpdateCheck = 1310;
				LastUpgradeCheck = 1310;
				TargetAttributes = {
					4D11E85C2785DBFF00ABB60D = {
						CreatedOnToolsVersion = 13.1;
					};
					4D11E8672785DE9200ABB60D = {
						CreatedOnToolsVersion = 13.1;
					};
					4D610DEE278D6FAD00DC22ED = {
						CreatedOnToolsVersion = 13.1;
					};
					4D610DFA278DA2DF00DC22ED = {
						CreatedOnToolsVersion = 13.1;
					};
					4D7E3FA22781AAF7005D62A8 = {
						CreatedOnToolsVersion = 13.1;
					};
					4D804603278DD0E400AB2A15 = {
						CreatedOnToolsVersion = 13.1;
					};
					4D8C1BEC278732F90074F6DC = {
						CreatedOnToolsVersion = 13.1;
					};
					4D8C1BF727873BFB0074F6DC = {
						CreatedOnToolsVersion = 13.1;
					};
					4DA9B4F127940159000DF666 = {
						CreatedOnToolsVersion = 13.1;
					};
					4DA9B4FC27940685000DF666 = {
						CreatedOnToolsVersion = 13.1;
					};
					4DA9B50727940FEB000DF666 = {
						CreatedOnToolsVersion = 13.1;
					};
					4DA9B512279411AF000DF666 = {
						CreatedOnToolsVersion = 13.1;
					};
					4DA9B51D27944AEF000DF666 = {
						CreatedOnToolsVersion = 13.1;
					};
					4DC9CB202780A880009A9C3F = {
						CreatedOnToolsVersion = 13.1;
					};
					4DCACE2F2782A2E200BD20E9 = {
						CreatedOnToolsVersion = 13.1;
					};
					4DCACE3A2782A5BA00BD20E9 = {
						CreatedOnToolsVersion = 13.1;
					};
					4DCACE452782AA3E00BD20E9 = {
						CreatedOnToolsVersion = 13.1;
					};
					4DCACE502782AD9A00BD20E9 = {
						CreatedOnToolsVersion = 13.1;
					};
					4DCFDFF927847F4100AF215E = {
						CreatedOnToolsVersion = 13.1;
					};
					4DCFE0042784818D00AF215E = {
						CreatedOnToolsVersion = 13.1;
					};
					4DE80CEB277B039900A41AE6 = {
						CreatedOnToolsVersion = 13.1;
					};
					4DE80CF7277B15A000A41AE6 = {
						CreatedOnToolsVersion = 13.1;
					};
					4DE80D04277B1F5100A41AE6 = {
						CreatedOnToolsVersion = 13.1;
					};
					4DE80D0F277B4F3B00A41AE6 = {
						CreatedOnToolsVersion = 13.1;
					};
					4DE80D1A277B518900A41AE6 = {
						CreatedOnToolsVersion = 13.1;
					};
					4DE80D25277B51A600A41AE6 = {
						CreatedOnToolsVersion = 13.1;
					};
					4DEACBDE2791D285003D4028 = {
						CreatedOnToolsVersion = 13.1;
					};
					4DFD2F7E2771D18F00A849C3 = {
						CreatedOnToolsVersion = 13.1;
					};
					4DFD2F922771D90600A849C3 = {
						CreatedOnToolsVersion = 13.1;
					};
				};
			};
			buildConfigurationList = 4DFD2F7A2771D18F00A849C3 /* Build configuration list for PBXProject "Algorithm" */;
			compatibilityVersion = "Xcode 13.0";
			developmentRegion = en;
			hasScannedForEncodings = 0;
			knownRegions = (
				en,
				Base,
			);
			mainGroup = 4DFD2F762771D18F00A849C3;
			productRefGroup = 4DFD2F802771D18F00A849C3 /* Products */;
			projectDirPath = "";
			projectRoot = "";
			targets = (
				4DFD2F7E2771D18F00A849C3 /* 1158 */,
				4DFD2F922771D90600A849C3 /* 10828 */,
				4DE80CEB277B039900A41AE6 /* 7347 */,
				4DE80CF7277B15A000A41AE6 /* 2631 */,
				4DE80D04277B1F5100A41AE6 /* 11497 */,
				4DE80D0F277B4F3B00A41AE6 /* 14676 */,
				4DE80D1A277B518900A41AE6 /* 5567 */,
				4DE80D25277B51A600A41AE6 /* 22942 */,
				4DC9CB202780A880009A9C3F /* 9012 */,
				4D7E3FA22781AAF7005D62A8 /* 18258 */,
				4DCACE2F2782A2E200BD20E9 /* 2164 */,
				4DCACE3A2782A5BA00BD20E9 /* 12896 */,
				4DCACE452782AA3E00BD20E9 /* 10866 */,
				4DCACE502782AD9A00BD20E9 /* 1874 */,
				4DCFDFF927847F4100AF215E /* 21313 */,
				4DCFE0042784818D00AF215E /* 20327 */,
				4D11E85C2785DBFF00ABB60D /* 1005 */,
				4D11E8672785DE9200ABB60D /* 1935 */,
				4D8C1BEC278732F90074F6DC /* 10799 */,
				4D8C1BF727873BFB0074F6DC /* 1966 */,
				4D610DEE278D6FAD00DC22ED /* Test */,
				4D610DFA278DA2DF00DC22ED /* 10871 */,
				4D804603278DD0E400AB2A15 /* 10808 */,
				4DEACBDE2791D285003D4028 /* 1406 */,
				4DA9B4F127940159000DF666 /* 14950 */,
				4DA9B4FC27940685000DF666 /* 11509 */,
				4DA9B50727940FEB000DF666 /* 4096 */,
				4DA9B512279411AF000DF666 /* 21922 */,
				4DA9B51D27944AEF000DF666 /* 10845 */,
			);
		};
/* End PBXProject section */

/* Begin PBXSourcesBuildPhase section */
		4D11E8592785DBFF00ABB60D /* Sources */ = {
			isa = PBXSourcesBuildPhase;
			buildActionMask = 2147483647;
			files = (
				4D11E8602785DBFF00ABB60D /* 1005.cpp in Sources */,
			);
			runOnlyForDeploymentPostprocessing = 0;
		};
		4D11E8642785DE9200ABB60D /* Sources */ = {
			isa = PBXSourcesBuildPhase;
			buildActionMask = 2147483647;
			files = (
				4D11E86B2785DE9200ABB60D /* 1935.cpp in Sources */,
			);
			runOnlyForDeploymentPostprocessing = 0;
		};
		4D610DEB278D6FAD00DC22ED /* Sources */ = {
			isa = PBXSourcesBuildPhase;
			buildActionMask = 2147483647;
			files = (
				4D610DF2278D6FAD00DC22ED /* Test.cpp in Sources */,
			);
			runOnlyForDeploymentPostprocessing = 0;
		};
		4D610DF7278DA2DF00DC22ED /* Sources */ = {
			isa = PBXSourcesBuildPhase;
			buildActionMask = 2147483647;
			files = (
				4D80460C278DD0F400AB2A15 /* 10871.cpp in Sources */,
			);
			runOnlyForDeploymentPostprocessing = 0;
		};
		4D7E3F9F2781AAF7005D62A8 /* Sources */ = {
			isa = PBXSourcesBuildPhase;
			buildActionMask = 2147483647;
			files = (
				4D7E3FA62781AAF7005D62A8 /* 18258.cpp in Sources */,
			);
			runOnlyForDeploymentPostprocessing = 0;
		};
		4D804600278DD0E400AB2A15 /* Sources */ = {
			isa = PBXSourcesBuildPhase;
			buildActionMask = 2147483647;
			files = (
				4D80460B278DD0ED00AB2A15 /* 10808.cpp in Sources */,
			);
			runOnlyForDeploymentPostprocessing = 0;
		};
		4D8C1BE9278732F90074F6DC /* Sources */ = {
			isa = PBXSourcesBuildPhase;
			buildActionMask = 2147483647;
			files = (
				4D8C1BF0278732F90074F6DC /* 10799.cpp in Sources */,
			);
			runOnlyForDeploymentPostprocessing = 0;
		};
		4D8C1BF427873BFB0074F6DC /* Sources */ = {
			isa = PBXSourcesBuildPhase;
			buildActionMask = 2147483647;
			files = (
				4D8C1BFB27873BFB0074F6DC /* 1966.cpp in Sources */,
			);
			runOnlyForDeploymentPostprocessing = 0;
		};
		4DA9B4EE27940159000DF666 /* Sources */ = {
			isa = PBXSourcesBuildPhase;
			buildActionMask = 2147483647;
			files = (
				4DA9B4F527940159000DF666 /* 14950.cpp in Sources */,
			);
			runOnlyForDeploymentPostprocessing = 0;
		};
		4DA9B4F927940685000DF666 /* Sources */ = {
			isa = PBXSourcesBuildPhase;
			buildActionMask = 2147483647;
			files = (
				4DA9B50027940685000DF666 /* 11509.cpp in Sources */,
			);
			runOnlyForDeploymentPostprocessing = 0;
		};
		4DA9B50427940FEB000DF666 /* Sources */ = {
			isa = PBXSourcesBuildPhase;
			buildActionMask = 2147483647;
			files = (
				4DA9B50B27940FEB000DF666 /* 4096.cpp in Sources */,
			);
			runOnlyForDeploymentPostprocessing = 0;
		};
		4DA9B50F279411AF000DF666 /* Sources */ = {
			isa = PBXSourcesBuildPhase;
			buildActionMask = 2147483647;
			files = (
				4DA9B516279411AF000DF666 /* 21922.cpp in Sources */,
			);
			runOnlyForDeploymentPostprocessing = 0;
		};
		4DA9B51A27944AEF000DF666 /* Sources */ = {
			isa = PBXSourcesBuildPhase;
			buildActionMask = 2147483647;
			files = (
				4DA9B52127944AEF000DF666 /* 10845.cpp in Sources */,
			);
			runOnlyForDeploymentPostprocessing = 0;
		};
		4DC9CB1D2780A880009A9C3F /* Sources */ = {
			isa = PBXSourcesBuildPhase;
			buildActionMask = 2147483647;
			files = (
				4DC9CB242780A880009A9C3F /* 9012.cpp in Sources */,
			);
			runOnlyForDeploymentPostprocessing = 0;
		};
		4DCACE2C2782A2E200BD20E9 /* Sources */ = {
			isa = PBXSourcesBuildPhase;
			buildActionMask = 2147483647;
			files = (
				4DCACE332782A2E200BD20E9 /* 2164.cpp in Sources */,
			);
			runOnlyForDeploymentPostprocessing = 0;
		};
		4DCACE372782A5BA00BD20E9 /* Sources */ = {
			isa = PBXSourcesBuildPhase;
			buildActionMask = 2147483647;
			files = (
				4DCACE3E2782A5BA00BD20E9 /* 12896.cpp in Sources */,
			);
			runOnlyForDeploymentPostprocessing = 0;
		};
		4DCACE422782AA3E00BD20E9 /* Sources */ = {
			isa = PBXSourcesBuildPhase;
			buildActionMask = 2147483647;
			files = (
				4DCACE492782AA3E00BD20E9 /* 10866.cpp in Sources */,
			);
			runOnlyForDeploymentPostprocessing = 0;
		};
		4DCACE4D2782AD9A00BD20E9 /* Sources */ = {
			isa = PBXSourcesBuildPhase;
			buildActionMask = 2147483647;
			files = (
				4DCACE542782AD9A00BD20E9 /* 1874.cpp in Sources */,
			);
			runOnlyForDeploymentPostprocessing = 0;
		};
		4DCFDFF627847F4100AF215E /* Sources */ = {
			isa = PBXSourcesBuildPhase;
			buildActionMask = 2147483647;
			files = (
				4DCFDFFD27847F4100AF215E /* 21313.cpp in Sources */,
			);
			runOnlyForDeploymentPostprocessing = 0;
		};
		4DCFE0012784818D00AF215E /* Sources */ = {
			isa = PBXSourcesBuildPhase;
			buildActionMask = 2147483647;
			files = (
				4DCFE0082784818D00AF215E /* 20327.cpp in Sources */,
			);
			runOnlyForDeploymentPostprocessing = 0;
		};
		4DE80CE8277B039900A41AE6 /* Sources */ = {
			isa = PBXSourcesBuildPhase;
			buildActionMask = 2147483647;
			files = (
				4DE80CEF277B039900A41AE6 /* 7347.cpp in Sources */,
			);
			runOnlyForDeploymentPostprocessing = 0;
		};
		4DE80CF4277B15A000A41AE6 /* Sources */ = {
			isa = PBXSourcesBuildPhase;
			buildActionMask = 2147483647;
			files = (
				4DE80D00277B17E300A41AE6 /* 2631.cpp in Sources */,
			);
			runOnlyForDeploymentPostprocessing = 0;
		};
		4DE80D01277B1F5100A41AE6 /* Sources */ = {
			isa = PBXSourcesBuildPhase;
			buildActionMask = 2147483647;
			files = (
				4DE80D08277B1F5100A41AE6 /* 11497.cpp in Sources */,
			);
			runOnlyForDeploymentPostprocessing = 0;
		};
		4DE80D0C277B4F3B00A41AE6 /* Sources */ = {
			isa = PBXSourcesBuildPhase;
			buildActionMask = 2147483647;
			files = (
				4DE80D13277B4F3B00A41AE6 /* 14676.cpp in Sources */,
			);
			runOnlyForDeploymentPostprocessing = 0;
		};
		4DE80D17277B518900A41AE6 /* Sources */ = {
			isa = PBXSourcesBuildPhase;
			buildActionMask = 2147483647;
			files = (
				4DE80D1E277B518900A41AE6 /* 5567.cpp in Sources */,
			);
			runOnlyForDeploymentPostprocessing = 0;
		};
		4DE80D22277B51A600A41AE6 /* Sources */ = {
			isa = PBXSourcesBuildPhase;
			buildActionMask = 2147483647;
			files = (
				4DE80D29277B51A600A41AE6 /* 22942.cpp in Sources */,
			);
			runOnlyForDeploymentPostprocessing = 0;
		};
		4DEACBDB2791D285003D4028 /* Sources */ = {
			isa = PBXSourcesBuildPhase;
			buildActionMask = 2147483647;
			files = (
				4DEACBE22791D285003D4028 /* 1406.cpp in Sources */,
			);
			runOnlyForDeploymentPostprocessing = 0;
		};
		4DFD2F7B2771D18F00A849C3 /* Sources */ = {
			isa = PBXSourcesBuildPhase;
			buildActionMask = 2147483647;
			files = (
				4DFD2F832771D18F00A849C3 /* 1158.cpp in Sources */,
				4D8045FF278DD0D300AB2A15 /* 10808.cpp in Sources */,
				4D8045FC278DD01200AB2A15 /* 10871.cpp in Sources */,
			);
			runOnlyForDeploymentPostprocessing = 0;
		};
		4DFD2F8F2771D90600A849C3 /* Sources */ = {
			isa = PBXSourcesBuildPhase;
			buildActionMask = 2147483647;
			files = (
				4DFD2F9C2771DA8400A849C3 /* 10828.cpp in Sources */,
			);
			runOnlyForDeploymentPostprocessing = 0;
		};
/* End PBXSourcesBuildPhase section */

/* Begin XCBuildConfiguration section */
		4D11E8612785DBFF00ABB60D /* Debug */ = {
			isa = XCBuildConfiguration;
			buildSettings = {
				CODE_SIGN_STYLE = Automatic;
				DEVELOPMENT_TEAM = 2KQLD72485;
				ENABLE_HARDENED_RUNTIME = YES;
				PRODUCT_NAME = "$(TARGET_NAME)";
			};
			name = Debug;
		};
		4D11E8622785DBFF00ABB60D /* Release */ = {
			isa = XCBuildConfiguration;
			buildSettings = {
				CODE_SIGN_STYLE = Automatic;
				DEVELOPMENT_TEAM = 2KQLD72485;
				ENABLE_HARDENED_RUNTIME = YES;
				PRODUCT_NAME = "$(TARGET_NAME)";
			};
			name = Release;
		};
		4D11E86D2785DE9200ABB60D /* Debug */ = {
			isa = XCBuildConfiguration;
			buildSettings = {
				CODE_SIGN_STYLE = Automatic;
				DEVELOPMENT_TEAM = 2KQLD72485;
				ENABLE_HARDENED_RUNTIME = YES;
				PRODUCT_NAME = "$(TARGET_NAME)";
			};
			name = Debug;
		};
		4D11E86E2785DE9200ABB60D /* Release */ = {
			isa = XCBuildConfiguration;
			buildSettings = {
				CODE_SIGN_STYLE = Automatic;
				DEVELOPMENT_TEAM = 2KQLD72485;
				ENABLE_HARDENED_RUNTIME = YES;
				PRODUCT_NAME = "$(TARGET_NAME)";
			};
			name = Release;
		};
		4D610DF4278D6FAD00DC22ED /* Debug */ = {
			isa = XCBuildConfiguration;
			buildSettings = {
				CODE_SIGN_STYLE = Automatic;
				DEVELOPMENT_TEAM = 2KQLD72485;
				ENABLE_HARDENED_RUNTIME = YES;
				PRODUCT_NAME = "$(TARGET_NAME)";
			};
			name = Debug;
		};
		4D610DF5278D6FAD00DC22ED /* Release */ = {
			isa = XCBuildConfiguration;
			buildSettings = {
				CODE_SIGN_STYLE = Automatic;
				DEVELOPMENT_TEAM = 2KQLD72485;
				ENABLE_HARDENED_RUNTIME = YES;
				PRODUCT_NAME = "$(TARGET_NAME)";
			};
			name = Release;
		};
		4D610E00278DA2DF00DC22ED /* Debug */ = {
			isa = XCBuildConfiguration;
			buildSettings = {
				CODE_SIGN_STYLE = Automatic;
				DEVELOPMENT_TEAM = 2KQLD72485;
				ENABLE_HARDENED_RUNTIME = YES;
				PRODUCT_NAME = "$(TARGET_NAME)";
			};
			name = Debug;
		};
		4D610E01278DA2DF00DC22ED /* Release */ = {
			isa = XCBuildConfiguration;
			buildSettings = {
				CODE_SIGN_STYLE = Automatic;
				DEVELOPMENT_TEAM = 2KQLD72485;
				ENABLE_HARDENED_RUNTIME = YES;
				PRODUCT_NAME = "$(TARGET_NAME)";
			};
			name = Release;
		};
		4D7E3FA72781AAF7005D62A8 /* Debug */ = {
			isa = XCBuildConfiguration;
			buildSettings = {
				CODE_SIGN_STYLE = Automatic;
				DEVELOPMENT_TEAM = 2KQLD72485;
				ENABLE_HARDENED_RUNTIME = YES;
				PRODUCT_NAME = "$(TARGET_NAME)";
			};
			name = Debug;
		};
		4D7E3FA82781AAF7005D62A8 /* Release */ = {
			isa = XCBuildConfiguration;
			buildSettings = {
				CODE_SIGN_STYLE = Automatic;
				DEVELOPMENT_TEAM = 2KQLD72485;
				ENABLE_HARDENED_RUNTIME = YES;
				PRODUCT_NAME = "$(TARGET_NAME)";
			};
			name = Release;
		};
		4D804609278DD0E400AB2A15 /* Debug */ = {
			isa = XCBuildConfiguration;
			buildSettings = {
				CODE_SIGN_STYLE = Automatic;
				DEVELOPMENT_TEAM = 2KQLD72485;
				ENABLE_HARDENED_RUNTIME = YES;
				PRODUCT_NAME = "$(TARGET_NAME)";
			};
			name = Debug;
		};
		4D80460A278DD0E400AB2A15 /* Release */ = {
			isa = XCBuildConfiguration;
			buildSettings = {
				CODE_SIGN_STYLE = Automatic;
				DEVELOPMENT_TEAM = 2KQLD72485;
				ENABLE_HARDENED_RUNTIME = YES;
				PRODUCT_NAME = "$(TARGET_NAME)";
			};
			name = Release;
		};
		4D8C1BF1278732F90074F6DC /* Debug */ = {
			isa = XCBuildConfiguration;
			buildSettings = {
				CODE_SIGN_STYLE = Automatic;
				DEVELOPMENT_TEAM = 2KQLD72485;
				ENABLE_HARDENED_RUNTIME = YES;
				PRODUCT_NAME = "$(TARGET_NAME)";
			};
			name = Debug;
		};
		4D8C1BF2278732F90074F6DC /* Release */ = {
			isa = XCBuildConfiguration;
			buildSettings = {
				CODE_SIGN_STYLE = Automatic;
				DEVELOPMENT_TEAM = 2KQLD72485;
				ENABLE_HARDENED_RUNTIME = YES;
				PRODUCT_NAME = "$(TARGET_NAME)";
			};
			name = Release;
		};
		4D8C1BFD27873BFB0074F6DC /* Debug */ = {
			isa = XCBuildConfiguration;
			buildSettings = {
				CODE_SIGN_STYLE = Automatic;
				DEVELOPMENT_TEAM = 2KQLD72485;
				ENABLE_HARDENED_RUNTIME = YES;
				PRODUCT_NAME = "$(TARGET_NAME)";
			};
			name = Debug;
		};
		4D8C1BFE27873BFB0074F6DC /* Release */ = {
			isa = XCBuildConfiguration;
			buildSettings = {
				CODE_SIGN_STYLE = Automatic;
				DEVELOPMENT_TEAM = 2KQLD72485;
				ENABLE_HARDENED_RUNTIME = YES;
				PRODUCT_NAME = "$(TARGET_NAME)";
			};
			name = Release;
		};
		4DA9B4F627940159000DF666 /* Debug */ = {
			isa = XCBuildConfiguration;
			buildSettings = {
				CODE_SIGN_STYLE = Automatic;
				DEVELOPMENT_TEAM = 2KQLD72485;
				ENABLE_HARDENED_RUNTIME = YES;
				PRODUCT_NAME = "$(TARGET_NAME)";
			};
			name = Debug;
		};
		4DA9B4F727940159000DF666 /* Release */ = {
			isa = XCBuildConfiguration;
			buildSettings = {
				CODE_SIGN_STYLE = Automatic;
				DEVELOPMENT_TEAM = 2KQLD72485;
				ENABLE_HARDENED_RUNTIME = YES;
				PRODUCT_NAME = "$(TARGET_NAME)";
			};
			name = Release;
		};
		4DA9B50227940685000DF666 /* Debug */ = {
			isa = XCBuildConfiguration;
			buildSettings = {
				CODE_SIGN_STYLE = Automatic;
				DEVELOPMENT_TEAM = 2KQLD72485;
				ENABLE_HARDENED_RUNTIME = YES;
				PRODUCT_NAME = "$(TARGET_NAME)";
			};
			name = Debug;
		};
		4DA9B50327940685000DF666 /* Release */ = {
			isa = XCBuildConfiguration;
			buildSettings = {
				CODE_SIGN_STYLE = Automatic;
				DEVELOPMENT_TEAM = 2KQLD72485;
				ENABLE_HARDENED_RUNTIME = YES;
				PRODUCT_NAME = "$(TARGET_NAME)";
			};
			name = Release;
		};
		4DA9B50D27940FEB000DF666 /* Debug */ = {
			isa = XCBuildConfiguration;
			buildSettings = {
				CODE_SIGN_STYLE = Automatic;
				DEVELOPMENT_TEAM = 2KQLD72485;
				ENABLE_HARDENED_RUNTIME = YES;
				PRODUCT_NAME = "$(TARGET_NAME)";
			};
			name = Debug;
		};
		4DA9B50E27940FEB000DF666 /* Release */ = {
			isa = XCBuildConfiguration;
			buildSettings = {
				CODE_SIGN_STYLE = Automatic;
				DEVELOPMENT_TEAM = 2KQLD72485;
				ENABLE_HARDENED_RUNTIME = YES;
				PRODUCT_NAME = "$(TARGET_NAME)";
			};
			name = Release;
		};
		4DA9B518279411AF000DF666 /* Debug */ = {
			isa = XCBuildConfiguration;
			buildSettings = {
				CODE_SIGN_STYLE = Automatic;
				DEVELOPMENT_TEAM = 2KQLD72485;
				ENABLE_HARDENED_RUNTIME = YES;
				PRODUCT_NAME = "$(TARGET_NAME)";
			};
			name = Debug;
		};
		4DA9B519279411AF000DF666 /* Release */ = {
			isa = XCBuildConfiguration;
			buildSettings = {
				CODE_SIGN_STYLE = Automatic;
				DEVELOPMENT_TEAM = 2KQLD72485;
				ENABLE_HARDENED_RUNTIME = YES;
				PRODUCT_NAME = "$(TARGET_NAME)";
			};
			name = Release;
		};
		4DA9B52327944AEF000DF666 /* Debug */ = {
			isa = XCBuildConfiguration;
			buildSettings = {
				CODE_SIGN_STYLE = Automatic;
				DEVELOPMENT_TEAM = 2KQLD72485;
				ENABLE_HARDENED_RUNTIME = YES;
				PRODUCT_NAME = "$(TARGET_NAME)";
			};
			name = Debug;
		};
		4DA9B52427944AEF000DF666 /* Release */ = {
			isa = XCBuildConfiguration;
			buildSettings = {
				CODE_SIGN_STYLE = Automatic;
				DEVELOPMENT_TEAM = 2KQLD72485;
				ENABLE_HARDENED_RUNTIME = YES;
				PRODUCT_NAME = "$(TARGET_NAME)";
			};
			name = Release;
		};
		4DC9CB262780A880009A9C3F /* Debug */ = {
			isa = XCBuildConfiguration;
			buildSettings = {
				CODE_SIGN_STYLE = Automatic;
				DEVELOPMENT_TEAM = 2KQLD72485;
				ENABLE_HARDENED_RUNTIME = YES;
				PRODUCT_NAME = "$(TARGET_NAME)";
			};
			name = Debug;
		};
		4DC9CB272780A880009A9C3F /* Release */ = {
			isa = XCBuildConfiguration;
			buildSettings = {
				CODE_SIGN_STYLE = Automatic;
				DEVELOPMENT_TEAM = 2KQLD72485;
				ENABLE_HARDENED_RUNTIME = YES;
				PRODUCT_NAME = "$(TARGET_NAME)";
			};
			name = Release;
		};
		4DCACE342782A2E200BD20E9 /* Debug */ = {
			isa = XCBuildConfiguration;
			buildSettings = {
				CODE_SIGN_STYLE = Automatic;
				DEVELOPMENT_TEAM = 2KQLD72485;
				ENABLE_HARDENED_RUNTIME = YES;
				PRODUCT_NAME = "$(TARGET_NAME)";
			};
			name = Debug;
		};
		4DCACE352782A2E200BD20E9 /* Release */ = {
			isa = XCBuildConfiguration;
			buildSettings = {
				CODE_SIGN_STYLE = Automatic;
				DEVELOPMENT_TEAM = 2KQLD72485;
				ENABLE_HARDENED_RUNTIME = YES;
				PRODUCT_NAME = "$(TARGET_NAME)";
			};
			name = Release;
		};
		4DCACE402782A5BA00BD20E9 /* Debug */ = {
			isa = XCBuildConfiguration;
			buildSettings = {
				CODE_SIGN_STYLE = Automatic;
				DEVELOPMENT_TEAM = 2KQLD72485;
				ENABLE_HARDENED_RUNTIME = YES;
				PRODUCT_NAME = "$(TARGET_NAME)";
			};
			name = Debug;
		};
		4DCACE412782A5BA00BD20E9 /* Release */ = {
			isa = XCBuildConfiguration;
			buildSettings = {
				CODE_SIGN_STYLE = Automatic;
				DEVELOPMENT_TEAM = 2KQLD72485;
				ENABLE_HARDENED_RUNTIME = YES;
				PRODUCT_NAME = "$(TARGET_NAME)";
			};
			name = Release;
		};
		4DCACE4B2782AA3E00BD20E9 /* Debug */ = {
			isa = XCBuildConfiguration;
			buildSettings = {
				CODE_SIGN_STYLE = Automatic;
				DEVELOPMENT_TEAM = 2KQLD72485;
				ENABLE_HARDENED_RUNTIME = YES;
				PRODUCT_NAME = "$(TARGET_NAME)";
			};
			name = Debug;
		};
		4DCACE4C2782AA3E00BD20E9 /* Release */ = {
			isa = XCBuildConfiguration;
			buildSettings = {
				CODE_SIGN_STYLE = Automatic;
				DEVELOPMENT_TEAM = 2KQLD72485;
				ENABLE_HARDENED_RUNTIME = YES;
				PRODUCT_NAME = "$(TARGET_NAME)";
			};
			name = Release;
		};
		4DCACE562782AD9A00BD20E9 /* Debug */ = {
			isa = XCBuildConfiguration;
			buildSettings = {
				CODE_SIGN_STYLE = Automatic;
				DEVELOPMENT_TEAM = 2KQLD72485;
				ENABLE_HARDENED_RUNTIME = YES;
				PRODUCT_NAME = "$(TARGET_NAME)";
			};
			name = Debug;
		};
		4DCACE572782AD9A00BD20E9 /* Release */ = {
			isa = XCBuildConfiguration;
			buildSettings = {
				CODE_SIGN_STYLE = Automatic;
				DEVELOPMENT_TEAM = 2KQLD72485;
				ENABLE_HARDENED_RUNTIME = YES;
				PRODUCT_NAME = "$(TARGET_NAME)";
			};
			name = Release;
		};
		4DCFDFFE27847F4100AF215E /* Debug */ = {
			isa = XCBuildConfiguration;
			buildSettings = {
				CODE_SIGN_STYLE = Automatic;
				DEVELOPMENT_TEAM = 2KQLD72485;
				ENABLE_HARDENED_RUNTIME = YES;
				PRODUCT_NAME = "$(TARGET_NAME)";
			};
			name = Debug;
		};
		4DCFDFFF27847F4100AF215E /* Release */ = {
			isa = XCBuildConfiguration;
			buildSettings = {
				CODE_SIGN_STYLE = Automatic;
				DEVELOPMENT_TEAM = 2KQLD72485;
				ENABLE_HARDENED_RUNTIME = YES;
				PRODUCT_NAME = "$(TARGET_NAME)";
			};
			name = Release;
		};
		4DCFE00A2784818D00AF215E /* Debug */ = {
			isa = XCBuildConfiguration;
			buildSettings = {
				CODE_SIGN_STYLE = Automatic;
				DEVELOPMENT_TEAM = 2KQLD72485;
				ENABLE_HARDENED_RUNTIME = YES;
				PRODUCT_NAME = "$(TARGET_NAME)";
			};
			name = Debug;
		};
		4DCFE00B2784818D00AF215E /* Release */ = {
			isa = XCBuildConfiguration;
			buildSettings = {
				CODE_SIGN_STYLE = Automatic;
				DEVELOPMENT_TEAM = 2KQLD72485;
				ENABLE_HARDENED_RUNTIME = YES;
				PRODUCT_NAME = "$(TARGET_NAME)";
			};
			name = Release;
		};
		4DE80CF1277B039900A41AE6 /* Debug */ = {
			isa = XCBuildConfiguration;
			buildSettings = {
				CODE_SIGN_STYLE = Automatic;
				DEVELOPMENT_TEAM = 2KQLD72485;
				ENABLE_HARDENED_RUNTIME = YES;
				PRODUCT_NAME = "$(TARGET_NAME)";
			};
			name = Debug;
		};
		4DE80CF2277B039900A41AE6 /* Release */ = {
			isa = XCBuildConfiguration;
			buildSettings = {
				CODE_SIGN_STYLE = Automatic;
				DEVELOPMENT_TEAM = 2KQLD72485;
				ENABLE_HARDENED_RUNTIME = YES;
				PRODUCT_NAME = "$(TARGET_NAME)";
			};
			name = Release;
		};
		4DE80CFD277B15A000A41AE6 /* Debug */ = {
			isa = XCBuildConfiguration;
			buildSettings = {
				CODE_SIGN_STYLE = Automatic;
				DEVELOPMENT_TEAM = 2KQLD72485;
				ENABLE_HARDENED_RUNTIME = YES;
				PRODUCT_NAME = "$(TARGET_NAME)";
			};
			name = Debug;
		};
		4DE80CFE277B15A000A41AE6 /* Release */ = {
			isa = XCBuildConfiguration;
			buildSettings = {
				CODE_SIGN_STYLE = Automatic;
				DEVELOPMENT_TEAM = 2KQLD72485;
				ENABLE_HARDENED_RUNTIME = YES;
				PRODUCT_NAME = "$(TARGET_NAME)";
			};
			name = Release;
		};
		4DE80D0A277B1F5100A41AE6 /* Debug */ = {
			isa = XCBuildConfiguration;
			buildSettings = {
				CODE_SIGN_STYLE = Automatic;
				DEVELOPMENT_TEAM = 2KQLD72485;
				ENABLE_HARDENED_RUNTIME = YES;
				PRODUCT_NAME = "$(TARGET_NAME)";
			};
			name = Debug;
		};
		4DE80D0B277B1F5100A41AE6 /* Release */ = {
			isa = XCBuildConfiguration;
			buildSettings = {
				CODE_SIGN_STYLE = Automatic;
				DEVELOPMENT_TEAM = 2KQLD72485;
				ENABLE_HARDENED_RUNTIME = YES;
				PRODUCT_NAME = "$(TARGET_NAME)";
			};
			name = Release;
		};
		4DE80D15277B4F3B00A41AE6 /* Debug */ = {
			isa = XCBuildConfiguration;
			buildSettings = {
				CODE_SIGN_STYLE = Automatic;
				DEVELOPMENT_TEAM = 2KQLD72485;
				ENABLE_HARDENED_RUNTIME = YES;
				PRODUCT_NAME = "$(TARGET_NAME)";
			};
			name = Debug;
		};
		4DE80D16277B4F3B00A41AE6 /* Release */ = {
			isa = XCBuildConfiguration;
			buildSettings = {
				CODE_SIGN_STYLE = Automatic;
				DEVELOPMENT_TEAM = 2KQLD72485;
				ENABLE_HARDENED_RUNTIME = YES;
				PRODUCT_NAME = "$(TARGET_NAME)";
			};
			name = Release;
		};
		4DE80D20277B518900A41AE6 /* Debug */ = {
			isa = XCBuildConfiguration;
			buildSettings = {
				CODE_SIGN_STYLE = Automatic;
				DEVELOPMENT_TEAM = 2KQLD72485;
				ENABLE_HARDENED_RUNTIME = YES;
				PRODUCT_NAME = "$(TARGET_NAME)";
			};
			name = Debug;
		};
		4DE80D21277B518900A41AE6 /* Release */ = {
			isa = XCBuildConfiguration;
			buildSettings = {
				CODE_SIGN_STYLE = Automatic;
				DEVELOPMENT_TEAM = 2KQLD72485;
				ENABLE_HARDENED_RUNTIME = YES;
				PRODUCT_NAME = "$(TARGET_NAME)";
			};
			name = Release;
		};
		4DE80D2B277B51A600A41AE6 /* Debug */ = {
			isa = XCBuildConfiguration;
			buildSettings = {
				CODE_SIGN_STYLE = Automatic;
				DEVELOPMENT_TEAM = 2KQLD72485;
				ENABLE_HARDENED_RUNTIME = YES;
				PRODUCT_NAME = "$(TARGET_NAME)";
			};
			name = Debug;
		};
		4DE80D2C277B51A600A41AE6 /* Release */ = {
			isa = XCBuildConfiguration;
			buildSettings = {
				CODE_SIGN_STYLE = Automatic;
				DEVELOPMENT_TEAM = 2KQLD72485;
				ENABLE_HARDENED_RUNTIME = YES;
				PRODUCT_NAME = "$(TARGET_NAME)";
			};
			name = Release;
		};
		4DEACBE32791D285003D4028 /* Debug */ = {
			isa = XCBuildConfiguration;
			buildSettings = {
				CODE_SIGN_STYLE = Automatic;
				DEVELOPMENT_TEAM = 2KQLD72485;
				ENABLE_HARDENED_RUNTIME = YES;
				PRODUCT_NAME = "$(TARGET_NAME)";
			};
			name = Debug;
		};
		4DEACBE42791D285003D4028 /* Release */ = {
			isa = XCBuildConfiguration;
			buildSettings = {
				CODE_SIGN_STYLE = Automatic;
				DEVELOPMENT_TEAM = 2KQLD72485;
				ENABLE_HARDENED_RUNTIME = YES;
				PRODUCT_NAME = "$(TARGET_NAME)";
			};
			name = Release;
		};
		4DFD2F842771D18F00A849C3 /* Debug */ = {
			isa = XCBuildConfiguration;
			buildSettings = {
				ALWAYS_SEARCH_USER_PATHS = NO;
				CLANG_ANALYZER_NONNULL = YES;
				CLANG_ANALYZER_NUMBER_OBJECT_CONVERSION = YES_AGGRESSIVE;
				CLANG_CXX_LANGUAGE_STANDARD = "gnu++17";
				CLANG_CXX_LIBRARY = "libc++";
				CLANG_ENABLE_MODULES = YES;
				CLANG_ENABLE_OBJC_ARC = YES;
				CLANG_ENABLE_OBJC_WEAK = YES;
				CLANG_WARN_BLOCK_CAPTURE_AUTORELEASING = YES;
				CLANG_WARN_BOOL_CONVERSION = YES;
				CLANG_WARN_COMMA = YES;
				CLANG_WARN_CONSTANT_CONVERSION = YES;
				CLANG_WARN_DEPRECATED_OBJC_IMPLEMENTATIONS = YES;
				CLANG_WARN_DIRECT_OBJC_ISA_USAGE = YES_ERROR;
				CLANG_WARN_DOCUMENTATION_COMMENTS = YES;
				CLANG_WARN_EMPTY_BODY = YES;
				CLANG_WARN_ENUM_CONVERSION = YES;
				CLANG_WARN_INFINITE_RECURSION = YES;
				CLANG_WARN_INT_CONVERSION = YES;
				CLANG_WARN_NON_LITERAL_NULL_CONVERSION = YES;
				CLANG_WARN_OBJC_IMPLICIT_RETAIN_SELF = YES;
				CLANG_WARN_OBJC_LITERAL_CONVERSION = YES;
				CLANG_WARN_OBJC_ROOT_CLASS = YES_ERROR;
				CLANG_WARN_QUOTED_INCLUDE_IN_FRAMEWORK_HEADER = YES;
				CLANG_WARN_RANGE_LOOP_ANALYSIS = YES;
				CLANG_WARN_STRICT_PROTOTYPES = YES;
				CLANG_WARN_SUSPICIOUS_MOVE = YES;
				CLANG_WARN_UNGUARDED_AVAILABILITY = YES_AGGRESSIVE;
				CLANG_WARN_UNREACHABLE_CODE = YES;
				CLANG_WARN__DUPLICATE_METHOD_MATCH = YES;
				COPY_PHASE_STRIP = NO;
				DEBUG_INFORMATION_FORMAT = dwarf;
				ENABLE_STRICT_OBJC_MSGSEND = YES;
				ENABLE_TESTABILITY = YES;
				GCC_C_LANGUAGE_STANDARD = gnu11;
				GCC_DYNAMIC_NO_PIC = NO;
				GCC_NO_COMMON_BLOCKS = YES;
				GCC_OPTIMIZATION_LEVEL = 0;
				GCC_PREPROCESSOR_DEFINITIONS = (
					"DEBUG=1",
					"$(inherited)",
				);
				GCC_WARN_64_TO_32_BIT_CONVERSION = YES;
				GCC_WARN_ABOUT_RETURN_TYPE = YES_ERROR;
				GCC_WARN_UNDECLARED_SELECTOR = YES;
				GCC_WARN_UNINITIALIZED_AUTOS = YES_AGGRESSIVE;
				GCC_WARN_UNUSED_FUNCTION = YES;
				GCC_WARN_UNUSED_VARIABLE = YES;
				HEADER_SEARCH_PATHS = /usr/local/include;
				MACOSX_DEPLOYMENT_TARGET = 12.0;
				MTL_ENABLE_DEBUG_INFO = INCLUDE_SOURCE;
				MTL_FAST_MATH = YES;
				ONLY_ACTIVE_ARCH = YES;
				SDKROOT = macosx;
			};
			name = Debug;
		};
		4DFD2F852771D18F00A849C3 /* Release */ = {
			isa = XCBuildConfiguration;
			buildSettings = {
				ALWAYS_SEARCH_USER_PATHS = NO;
				CLANG_ANALYZER_NONNULL = YES;
				CLANG_ANALYZER_NUMBER_OBJECT_CONVERSION = YES_AGGRESSIVE;
				CLANG_CXX_LANGUAGE_STANDARD = "gnu++17";
				CLANG_CXX_LIBRARY = "libc++";
				CLANG_ENABLE_MODULES = YES;
				CLANG_ENABLE_OBJC_ARC = YES;
				CLANG_ENABLE_OBJC_WEAK = YES;
				CLANG_WARN_BLOCK_CAPTURE_AUTORELEASING = YES;
				CLANG_WARN_BOOL_CONVERSION = YES;
				CLANG_WARN_COMMA = YES;
				CLANG_WARN_CONSTANT_CONVERSION = YES;
				CLANG_WARN_DEPRECATED_OBJC_IMPLEMENTATIONS = YES;
				CLANG_WARN_DIRECT_OBJC_ISA_USAGE = YES_ERROR;
				CLANG_WARN_DOCUMENTATION_COMMENTS = YES;
				CLANG_WARN_EMPTY_BODY = YES;
				CLANG_WARN_ENUM_CONVERSION = YES;
				CLANG_WARN_INFINITE_RECURSION = YES;
				CLANG_WARN_INT_CONVERSION = YES;
				CLANG_WARN_NON_LITERAL_NULL_CONVERSION = YES;
				CLANG_WARN_OBJC_IMPLICIT_RETAIN_SELF = YES;
				CLANG_WARN_OBJC_LITERAL_CONVERSION = YES;
				CLANG_WARN_OBJC_ROOT_CLASS = YES_ERROR;
				CLANG_WARN_QUOTED_INCLUDE_IN_FRAMEWORK_HEADER = YES;
				CLANG_WARN_RANGE_LOOP_ANALYSIS = YES;
				CLANG_WARN_STRICT_PROTOTYPES = YES;
				CLANG_WARN_SUSPICIOUS_MOVE = YES;
				CLANG_WARN_UNGUARDED_AVAILABILITY = YES_AGGRESSIVE;
				CLANG_WARN_UNREACHABLE_CODE = YES;
				CLANG_WARN__DUPLICATE_METHOD_MATCH = YES;
				COPY_PHASE_STRIP = NO;
				DEBUG_INFORMATION_FORMAT = "dwarf-with-dsym";
				ENABLE_NS_ASSERTIONS = NO;
				ENABLE_STRICT_OBJC_MSGSEND = YES;
				GCC_C_LANGUAGE_STANDARD = gnu11;
				GCC_NO_COMMON_BLOCKS = YES;
				GCC_WARN_64_TO_32_BIT_CONVERSION = YES;
				GCC_WARN_ABOUT_RETURN_TYPE = YES_ERROR;
				GCC_WARN_UNDECLARED_SELECTOR = YES;
				GCC_WARN_UNINITIALIZED_AUTOS = YES_AGGRESSIVE;
				GCC_WARN_UNUSED_FUNCTION = YES;
				GCC_WARN_UNUSED_VARIABLE = YES;
				HEADER_SEARCH_PATHS = /usr/local/include;
				MACOSX_DEPLOYMENT_TARGET = 12.0;
				MTL_ENABLE_DEBUG_INFO = NO;
				MTL_FAST_MATH = YES;
				SDKROOT = macosx;
			};
			name = Release;
		};
		4DFD2F872771D18F00A849C3 /* Debug */ = {
			isa = XCBuildConfiguration;
			buildSettings = {
				CODE_SIGN_STYLE = Automatic;
				DEVELOPMENT_TEAM = 2KQLD72485;
				ENABLE_HARDENED_RUNTIME = YES;
				PRODUCT_NAME = "$(TARGET_NAME)";
			};
			name = Debug;
		};
		4DFD2F882771D18F00A849C3 /* Release */ = {
			isa = XCBuildConfiguration;
			buildSettings = {
				CODE_SIGN_STYLE = Automatic;
				DEVELOPMENT_TEAM = 2KQLD72485;
				ENABLE_HARDENED_RUNTIME = YES;
				PRODUCT_NAME = "$(TARGET_NAME)";
			};
			name = Release;
		};
		4DFD2F982771D90700A849C3 /* Debug */ = {
			isa = XCBuildConfiguration;
			buildSettings = {
				CODE_SIGN_STYLE = Automatic;
				DEVELOPMENT_TEAM = 2KQLD72485;
				ENABLE_HARDENED_RUNTIME = YES;
				PRODUCT_NAME = "$(TARGET_NAME)";
			};
			name = Debug;
		};
		4DFD2F992771D90700A849C3 /* Release */ = {
			isa = XCBuildConfiguration;
			buildSettings = {
				CODE_SIGN_STYLE = Automatic;
				DEVELOPMENT_TEAM = 2KQLD72485;
				ENABLE_HARDENED_RUNTIME = YES;
				PRODUCT_NAME = "$(TARGET_NAME)";
			};
			name = Release;
		};
/* End XCBuildConfiguration section */

/* Begin XCConfigurationList section */
		4D11E8632785DBFF00ABB60D /* Build configuration list for PBXNativeTarget "1005" */ = {
			isa = XCConfigurationList;
			buildConfigurations = (
				4D11E8612785DBFF00ABB60D /* Debug */,
				4D11E8622785DBFF00ABB60D /* Release */,
			);
			defaultConfigurationIsVisible = 0;
			defaultConfigurationName = Release;
		};
		4D11E86C2785DE9200ABB60D /* Build configuration list for PBXNativeTarget "1935" */ = {
			isa = XCConfigurationList;
			buildConfigurations = (
				4D11E86D2785DE9200ABB60D /* Debug */,
				4D11E86E2785DE9200ABB60D /* Release */,
			);
			defaultConfigurationIsVisible = 0;
			defaultConfigurationName = Release;
		};
		4D610DF3278D6FAD00DC22ED /* Build configuration list for PBXNativeTarget "Test" */ = {
			isa = XCConfigurationList;
			buildConfigurations = (
				4D610DF4278D6FAD00DC22ED /* Debug */,
				4D610DF5278D6FAD00DC22ED /* Release */,
			);
			defaultConfigurationIsVisible = 0;
			defaultConfigurationName = Release;
		};
		4D610DFF278DA2DF00DC22ED /* Build configuration list for PBXNativeTarget "10871" */ = {
			isa = XCConfigurationList;
			buildConfigurations = (
				4D610E00278DA2DF00DC22ED /* Debug */,
				4D610E01278DA2DF00DC22ED /* Release */,
			);
			defaultConfigurationIsVisible = 0;
			defaultConfigurationName = Release;
		};
		4D7E3FA92781AAF7005D62A8 /* Build configuration list for PBXNativeTarget "18258" */ = {
			isa = XCConfigurationList;
			buildConfigurations = (
				4D7E3FA72781AAF7005D62A8 /* Debug */,
				4D7E3FA82781AAF7005D62A8 /* Release */,
			);
			defaultConfigurationIsVisible = 0;
			defaultConfigurationName = Release;
		};
		4D804608278DD0E400AB2A15 /* Build configuration list for PBXNativeTarget "10808" */ = {
			isa = XCConfigurationList;
			buildConfigurations = (
				4D804609278DD0E400AB2A15 /* Debug */,
				4D80460A278DD0E400AB2A15 /* Release */,
			);
			defaultConfigurationIsVisible = 0;
			defaultConfigurationName = Release;
		};
		4D8C1BF3278732F90074F6DC /* Build configuration list for PBXNativeTarget "10799" */ = {
			isa = XCConfigurationList;
			buildConfigurations = (
				4D8C1BF1278732F90074F6DC /* Debug */,
				4D8C1BF2278732F90074F6DC /* Release */,
			);
			defaultConfigurationIsVisible = 0;
			defaultConfigurationName = Release;
		};
		4D8C1BFC27873BFB0074F6DC /* Build configuration list for PBXNativeTarget "1966" */ = {
			isa = XCConfigurationList;
			buildConfigurations = (
				4D8C1BFD27873BFB0074F6DC /* Debug */,
				4D8C1BFE27873BFB0074F6DC /* Release */,
			);
			defaultConfigurationIsVisible = 0;
			defaultConfigurationName = Release;
		};
		4DA9B4F827940159000DF666 /* Build configuration list for PBXNativeTarget "14950" */ = {
			isa = XCConfigurationList;
			buildConfigurations = (
				4DA9B4F627940159000DF666 /* Debug */,
				4DA9B4F727940159000DF666 /* Release */,
			);
			defaultConfigurationIsVisible = 0;
			defaultConfigurationName = Release;
		};
		4DA9B50127940685000DF666 /* Build configuration list for PBXNativeTarget "11509" */ = {
			isa = XCConfigurationList;
			buildConfigurations = (
				4DA9B50227940685000DF666 /* Debug */,
				4DA9B50327940685000DF666 /* Release */,
			);
			defaultConfigurationIsVisible = 0;
			defaultConfigurationName = Release;
		};
		4DA9B50C27940FEB000DF666 /* Build configuration list for PBXNativeTarget "4096" */ = {
			isa = XCConfigurationList;
			buildConfigurations = (
				4DA9B50D27940FEB000DF666 /* Debug */,
				4DA9B50E27940FEB000DF666 /* Release */,
			);
			defaultConfigurationIsVisible = 0;
			defaultConfigurationName = Release;
		};
		4DA9B517279411AF000DF666 /* Build configuration list for PBXNativeTarget "21922" */ = {
			isa = XCConfigurationList;
			buildConfigurations = (
				4DA9B518279411AF000DF666 /* Debug */,
				4DA9B519279411AF000DF666 /* Release */,
			);
			defaultConfigurationIsVisible = 0;
			defaultConfigurationName = Release;
		};
		4DA9B52227944AEF000DF666 /* Build configuration list for PBXNativeTarget "10845" */ = {
			isa = XCConfigurationList;
			buildConfigurations = (
				4DA9B52327944AEF000DF666 /* Debug */,
				4DA9B52427944AEF000DF666 /* Release */,
			);
			defaultConfigurationIsVisible = 0;
			defaultConfigurationName = Release;
		};
		4DC9CB252780A880009A9C3F /* Build configuration list for PBXNativeTarget "9012" */ = {
			isa = XCConfigurationList;
			buildConfigurations = (
				4DC9CB262780A880009A9C3F /* Debug */,
				4DC9CB272780A880009A9C3F /* Release */,
			);
			defaultConfigurationIsVisible = 0;
			defaultConfigurationName = Release;
		};
		4DCACE362782A2E200BD20E9 /* Build configuration list for PBXNativeTarget "2164" */ = {
			isa = XCConfigurationList;
			buildConfigurations = (
				4DCACE342782A2E200BD20E9 /* Debug */,
				4DCACE352782A2E200BD20E9 /* Release */,
			);
			defaultConfigurationIsVisible = 0;
			defaultConfigurationName = Release;
		};
		4DCACE3F2782A5BA00BD20E9 /* Build configuration list for PBXNativeTarget "12896" */ = {
			isa = XCConfigurationList;
			buildConfigurations = (
				4DCACE402782A5BA00BD20E9 /* Debug */,
				4DCACE412782A5BA00BD20E9 /* Release */,
			);
			defaultConfigurationIsVisible = 0;
			defaultConfigurationName = Release;
		};
		4DCACE4A2782AA3E00BD20E9 /* Build configuration list for PBXNativeTarget "10866" */ = {
			isa = XCConfigurationList;
			buildConfigurations = (
				4DCACE4B2782AA3E00BD20E9 /* Debug */,
				4DCACE4C2782AA3E00BD20E9 /* Release */,
			);
			defaultConfigurationIsVisible = 0;
			defaultConfigurationName = Release;
		};
		4DCACE552782AD9A00BD20E9 /* Build configuration list for PBXNativeTarget "1874" */ = {
			isa = XCConfigurationList;
			buildConfigurations = (
				4DCACE562782AD9A00BD20E9 /* Debug */,
				4DCACE572782AD9A00BD20E9 /* Release */,
			);
			defaultConfigurationIsVisible = 0;
			defaultConfigurationName = Release;
		};
		4DCFE00027847F4100AF215E /* Build configuration list for PBXNativeTarget "21313" */ = {
			isa = XCConfigurationList;
			buildConfigurations = (
				4DCFDFFE27847F4100AF215E /* Debug */,
				4DCFDFFF27847F4100AF215E /* Release */,
			);
			defaultConfigurationIsVisible = 0;
			defaultConfigurationName = Release;
		};
		4DCFE0092784818D00AF215E /* Build configuration list for PBXNativeTarget "20327" */ = {
			isa = XCConfigurationList;
			buildConfigurations = (
				4DCFE00A2784818D00AF215E /* Debug */,
				4DCFE00B2784818D00AF215E /* Release */,
			);
			defaultConfigurationIsVisible = 0;
			defaultConfigurationName = Release;
		};
		4DE80CF0277B039900A41AE6 /* Build configuration list for PBXNativeTarget "7347" */ = {
			isa = XCConfigurationList;
			buildConfigurations = (
				4DE80CF1277B039900A41AE6 /* Debug */,
				4DE80CF2277B039900A41AE6 /* Release */,
			);
			defaultConfigurationIsVisible = 0;
			defaultConfigurationName = Release;
		};
		4DE80CFC277B15A000A41AE6 /* Build configuration list for PBXNativeTarget "2631" */ = {
			isa = XCConfigurationList;
			buildConfigurations = (
				4DE80CFD277B15A000A41AE6 /* Debug */,
				4DE80CFE277B15A000A41AE6 /* Release */,
			);
			defaultConfigurationIsVisible = 0;
			defaultConfigurationName = Release;
		};
		4DE80D09277B1F5100A41AE6 /* Build configuration list for PBXNativeTarget "11497" */ = {
			isa = XCConfigurationList;
			buildConfigurations = (
				4DE80D0A277B1F5100A41AE6 /* Debug */,
				4DE80D0B277B1F5100A41AE6 /* Release */,
			);
			defaultConfigurationIsVisible = 0;
			defaultConfigurationName = Release;
		};
		4DE80D14277B4F3B00A41AE6 /* Build configuration list for PBXNativeTarget "14676" */ = {
			isa = XCConfigurationList;
			buildConfigurations = (
				4DE80D15277B4F3B00A41AE6 /* Debug */,
				4DE80D16277B4F3B00A41AE6 /* Release */,
			);
			defaultConfigurationIsVisible = 0;
			defaultConfigurationName = Release;
		};
		4DE80D1F277B518900A41AE6 /* Build configuration list for PBXNativeTarget "5567" */ = {
			isa = XCConfigurationList;
			buildConfigurations = (
				4DE80D20277B518900A41AE6 /* Debug */,
				4DE80D21277B518900A41AE6 /* Release */,
			);
			defaultConfigurationIsVisible = 0;
			defaultConfigurationName = Release;
		};
		4DE80D2A277B51A600A41AE6 /* Build configuration list for PBXNativeTarget "22942" */ = {
			isa = XCConfigurationList;
			buildConfigurations = (
				4DE80D2B277B51A600A41AE6 /* Debug */,
				4DE80D2C277B51A600A41AE6 /* Release */,
			);
			defaultConfigurationIsVisible = 0;
			defaultConfigurationName = Release;
		};
		4DEACBE52791D285003D4028 /* Build configuration list for PBXNativeTarget "1406" */ = {
			isa = XCConfigurationList;
			buildConfigurations = (
				4DEACBE32791D285003D4028 /* Debug */,
				4DEACBE42791D285003D4028 /* Release */,
			);
			defaultConfigurationIsVisible = 0;
			defaultConfigurationName = Release;
		};
		4DFD2F7A2771D18F00A849C3 /* Build configuration list for PBXProject "Algorithm" */ = {
			isa = XCConfigurationList;
			buildConfigurations = (
				4DFD2F842771D18F00A849C3 /* Debug */,
				4DFD2F852771D18F00A849C3 /* Release */,
			);
			defaultConfigurationIsVisible = 0;
			defaultConfigurationName = Release;
		};
		4DFD2F862771D18F00A849C3 /* Build configuration list for PBXNativeTarget "1158" */ = {
			isa = XCConfigurationList;
			buildConfigurations = (
				4DFD2F872771D18F00A849C3 /* Debug */,
				4DFD2F882771D18F00A849C3 /* Release */,
			);
			defaultConfigurationIsVisible = 0;
			defaultConfigurationName = Release;
		};
		4DFD2F972771D90700A849C3 /* Build configuration list for PBXNativeTarget "10828" */ = {
			isa = XCConfigurationList;
			buildConfigurations = (
				4DFD2F982771D90700A849C3 /* Debug */,
				4DFD2F992771D90700A849C3 /* Release */,
			);
			defaultConfigurationIsVisible = 0;
			defaultConfigurationName = Release;
		};
/* End XCConfigurationList section */
	};
	rootObject = 4DFD2F772771D18F00A849C3 /* Project object */;
}
