// !$*UTF8*$!
{
	archiveVersion = 1;
	classes = {
	};
	objectVersion = 55;
	objects = {

/* Begin PBXBuildFile section */
		4D711E5127FB3869008185DC /* 1790.cpp in Sources */ = {isa = PBXBuildFile; fileRef = 4D711E5027FB3869008185DC /* 1790.cpp */; };
/* End PBXBuildFile section */

/* Begin PBXCopyFilesBuildPhase section */
		4DE3931227BBB39200A6BC5A /* CopyFiles */ = {
			isa = PBXCopyFilesBuildPhase;
			buildActionMask = 2147483647;
			dstPath = /usr/share/man/man1/;
			dstSubfolderSpec = 0;
			files = (
			);
			runOnlyForDeploymentPostprocessing = 1;
		};
/* End PBXCopyFilesBuildPhase section */

/* Begin PBXFileReference section */
		4D066B1A27F5F12200DFFAD5 /* 15894.cpp */ = {isa = PBXFileReference; lastKnownFileType = sourcecode.cpp.cpp; path = 15894.cpp; sourceTree = "<group>"; };
		4D066B1C27F5F2A900DFFAD5 /* 1676.cpp */ = {isa = PBXFileReference; lastKnownFileType = sourcecode.cpp.cpp; path = 1676.cpp; sourceTree = "<group>"; };
		4D0B6EE827C4BE45000A97BE /* 1021.cpp */ = {isa = PBXFileReference; lastKnownFileType = sourcecode.cpp.cpp; path = 1021.cpp; sourceTree = "<group>"; };
		4D11E85F2785DBFF00ABB60D /* 1005.cpp */ = {isa = PBXFileReference; lastKnownFileType = sourcecode.cpp.cpp; path = 1005.cpp; sourceTree = "<group>"; };
		4D11E86A2785DE9200ABB60D /* 1935.cpp */ = {isa = PBXFileReference; lastKnownFileType = sourcecode.cpp.cpp; path = 1935.cpp; sourceTree = "<group>"; };
		4D18B7C527E061330064455D /* 9084.cpp */ = {isa = PBXFileReference; lastKnownFileType = sourcecode.cpp.cpp; path = 9084.cpp; sourceTree = "<group>"; };
		4D18B7C727E068C30064455D /* 9251.cpp */ = {isa = PBXFileReference; lastKnownFileType = sourcecode.cpp.cpp; path = 9251.cpp; sourceTree = "<group>"; };
		4D18B7C927E0749C0064455D /* 9461.cpp */ = {isa = PBXFileReference; lastKnownFileType = sourcecode.cpp.cpp; path = 9461.cpp; sourceTree = "<group>"; };
		4D1AD92327C518DA00CAB199 /* 5430.cpp */ = {isa = PBXFileReference; lastKnownFileType = sourcecode.cpp.cpp; path = 5430.cpp; sourceTree = "<group>"; };
		4D1AD92627C5297B00CAB199 /* 10799.cpp */ = {isa = PBXFileReference; lastKnownFileType = sourcecode.cpp.cpp; path = 10799.cpp; sourceTree = "<group>"; };
		4D1AD92A27C52FAC00CAB199 /* 2504.cpp */ = {isa = PBXFileReference; lastKnownFileType = sourcecode.cpp.cpp; path = 2504.cpp; sourceTree = "<group>"; };
		4D1AD92C27C5364500CAB199 /* 3986.cpp */ = {isa = PBXFileReference; lastKnownFileType = sourcecode.cpp.cpp; path = 3986.cpp; sourceTree = "<group>"; };
		4D1AD92E27C5E48300CAB199 /* 4889.cpp */ = {isa = PBXFileReference; lastKnownFileType = sourcecode.cpp.cpp; path = 4889.cpp; sourceTree = "<group>"; };
		4D1E953927F73CD200E24FEF /* 17103.cpp */ = {isa = PBXFileReference; lastKnownFileType = sourcecode.cpp.cpp; path = 17103.cpp; sourceTree = "<group>"; };
		4D1E953B27F73D6700E24FEF /* 1735.cpp */ = {isa = PBXFileReference; lastKnownFileType = sourcecode.cpp.cpp; path = 1735.cpp; sourceTree = "<group>"; };
		4D2AF19C27C9F90300BAEFFE /* 20056.cpp */ = {isa = PBXFileReference; lastKnownFileType = sourcecode.cpp.cpp; path = 20056.cpp; sourceTree = "<group>"; };
		4D335F8B27E8B651007640F7 /* 11399.cpp */ = {isa = PBXFileReference; lastKnownFileType = sourcecode.cpp.cpp; path = 11399.cpp; sourceTree = "<group>"; };
		4D335F8D27E8BA87007640F7 /* 11501.cpp */ = {isa = PBXFileReference; lastKnownFileType = sourcecode.cpp.cpp; path = 11501.cpp; sourceTree = "<group>"; };
		4D36EBE227C88EED0054141D /* 5014.cpp */ = {isa = PBXFileReference; lastKnownFileType = sourcecode.cpp.cpp; path = 5014.cpp; sourceTree = "<group>"; };
		4D36EBE427C8946C0054141D /* 5427.cpp */ = {isa = PBXFileReference; lastKnownFileType = sourcecode.cpp.cpp; path = 5427.cpp; sourceTree = "<group>"; };
		4D36EBE627C8A5430054141D /* 6593.cpp */ = {isa = PBXFileReference; lastKnownFileType = sourcecode.cpp.cpp; path = 6593.cpp; sourceTree = "<group>"; };
		4D36EBE827C8AC5B0054141D /* 7562.cpp */ = {isa = PBXFileReference; lastKnownFileType = sourcecode.cpp.cpp; path = 7562.cpp; sourceTree = "<group>"; };
		4D36EBEA27C8B4940054141D /* 7569.cpp */ = {isa = PBXFileReference; lastKnownFileType = sourcecode.cpp.cpp; path = 7569.cpp; sourceTree = "<group>"; };
		4D36EBEC27C8CB670054141D /* 9328.cpp */ = {isa = PBXFileReference; lastKnownFileType = sourcecode.cpp.cpp; path = 9328.cpp; sourceTree = "<group>"; };
		4D36EBEE27C8E0230054141D /* 9466.cpp */ = {isa = PBXFileReference; lastKnownFileType = sourcecode.cpp.cpp; path = 9466.cpp; sourceTree = "<group>"; };
		4D36EBF027C918650054141D /* 14956.cpp */ = {isa = PBXFileReference; lastKnownFileType = sourcecode.cpp.cpp; path = 14956.cpp; sourceTree = "<group>"; };
		4D36EBF227C91C1C0054141D /* 1992.cpp */ = {isa = PBXFileReference; lastKnownFileType = sourcecode.cpp.cpp; path = 1992.cpp; sourceTree = "<group>"; };
		4D36EBF427C92D320054141D /* 17212.cpp */ = {isa = PBXFileReference; lastKnownFileType = sourcecode.cpp.cpp; path = 17212.cpp; sourceTree = "<group>"; };
		4D3E79C427E22F9300D00222 /* 9465.cpp */ = {isa = PBXFileReference; lastKnownFileType = sourcecode.cpp.cpp; path = 9465.cpp; sourceTree = "<group>"; };
		4D3E79C527E22FB400D00222 /* 9655.cpp */ = {isa = PBXFileReference; lastKnownFileType = sourcecode.cpp.cpp; path = 9655.cpp; sourceTree = "<group>"; };
		4D3E79C627E37DBB00D00222 /* 9657.cpp */ = {isa = PBXFileReference; lastKnownFileType = sourcecode.cpp.cpp; path = 9657.cpp; sourceTree = "<group>"; };
		4D3E79C827E3808100D00222 /* 11000.cpp */ = {isa = PBXFileReference; lastKnownFileType = sourcecode.cpp.cpp; path = 11000.cpp; sourceTree = "<group>"; };
		4D4E79D727BF6D730020BE4F /* 11724.cpp */ = {isa = PBXFileReference; lastKnownFileType = sourcecode.cpp.cpp; path = 11724.cpp; sourceTree = "<group>"; };
		4D4E79D927BF6FC90020BE4F /* 1260.cpp */ = {isa = PBXFileReference; lastKnownFileType = sourcecode.cpp.cpp; path = 1260.cpp; sourceTree = "<group>"; };
		4D4E79DD27BF81000020BE4F /* 11725.cpp */ = {isa = PBXFileReference; lastKnownFileType = sourcecode.cpp.cpp; path = 11725.cpp; sourceTree = "<group>"; };
		4D4E79DF27BF84B80020BE4F /* 1991.cpp */ = {isa = PBXFileReference; lastKnownFileType = sourcecode.cpp.cpp; path = 1991.cpp; sourceTree = "<group>"; };
		4D4E79E327BF94CB0020BE4F /* 2252.cpp */ = {isa = PBXFileReference; lastKnownFileType = sourcecode.cpp.cpp; path = 2252.cpp; sourceTree = "<group>"; };
		4D59C41927B35F1A001ECF45 /* 18808.cpp */ = {isa = PBXFileReference; lastKnownFileType = sourcecode.cpp.cpp; path = 18808.cpp; sourceTree = "<group>"; };
		4D59C42627B37AD9001ECF45 /* 12100.cpp */ = {isa = PBXFileReference; lastKnownFileType = sourcecode.cpp.cpp; path = 12100.cpp; sourceTree = "<group>"; };
		4D59C43127B3C4D6001ECF45 /* 15686.cpp */ = {isa = PBXFileReference; lastKnownFileType = sourcecode.cpp.cpp; path = 15686.cpp; sourceTree = "<group>"; };
		4D5C08BD27B64D54001176E5 /* 1463.cpp */ = {isa = PBXFileReference; lastKnownFileType = sourcecode.cpp.cpp; path = 1463.cpp; sourceTree = "<group>"; };
		4D5C08C827B65025001176E5 /* 9095.cpp */ = {isa = PBXFileReference; lastKnownFileType = sourcecode.cpp.cpp; path = 9095.cpp; sourceTree = "<group>"; };
		4D5C08D527B652C2001176E5 /* 2579.cpp */ = {isa = PBXFileReference; lastKnownFileType = sourcecode.cpp.cpp; path = 2579.cpp; sourceTree = "<group>"; };
		4D60AA7C27D72FF1007C3942 /* 11057.cpp */ = {isa = PBXFileReference; lastKnownFileType = sourcecode.cpp.cpp; path = 11057.cpp; sourceTree = "<group>"; };
		4D60AA7E27D7334E007C3942 /* 11660.cpp */ = {isa = PBXFileReference; lastKnownFileType = sourcecode.cpp.cpp; path = 11660.cpp; sourceTree = "<group>"; };
		4D60AA8027D752FE007C3942 /* 11727.cpp */ = {isa = PBXFileReference; lastKnownFileType = sourcecode.cpp.cpp; path = 11727.cpp; sourceTree = "<group>"; };
		4D60AA8227D75A1D007C3942 /* 14002.cpp */ = {isa = PBXFileReference; lastKnownFileType = sourcecode.cpp.cpp; path = 14002.cpp; sourceTree = "<group>"; };
		4D60AA8427D77B63007C3942 /* 14501.cpp */ = {isa = PBXFileReference; lastKnownFileType = sourcecode.cpp.cpp; path = 14501.cpp; sourceTree = "<group>"; };
		4D60AA8627D79FF1007C3942 /* 1520.cpp */ = {isa = PBXFileReference; lastKnownFileType = sourcecode.cpp.cpp; path = 1520.cpp; sourceTree = "<group>"; };
		4D60AA8827D8ED76007C3942 /* 15486.cpp */ = {isa = PBXFileReference; lastKnownFileType = sourcecode.cpp.cpp; path = 15486.cpp; sourceTree = "<group>"; };
		4D60AA8C27D8F10E007C3942 /* 15988.cpp */ = {isa = PBXFileReference; lastKnownFileType = sourcecode.cpp.cpp; path = 15988.cpp; sourceTree = "<group>"; };
		4D60AA8E27D9D658007C3942 /* 1699.cpp */ = {isa = PBXFileReference; lastKnownFileType = sourcecode.cpp.cpp; path = 1699.cpp; sourceTree = "<group>"; };
		4D60AA9027D9EE5B007C3942 /* 1788.cpp */ = {isa = PBXFileReference; lastKnownFileType = sourcecode.cpp.cpp; path = 1788.cpp; sourceTree = "<group>"; };
		4D60AA9227D9F621007C3942 /* 1904.cpp */ = {isa = PBXFileReference; lastKnownFileType = sourcecode.cpp.cpp; path = 1904.cpp; sourceTree = "<group>"; };
		4D60AA9427D9F880007C3942 /* 1912.cpp */ = {isa = PBXFileReference; lastKnownFileType = sourcecode.cpp.cpp; path = 1912.cpp; sourceTree = "<group>"; };
		4D60AA9627D9FC01007C3942 /* 1915.cpp */ = {isa = PBXFileReference; lastKnownFileType = sourcecode.cpp.cpp; path = 1915.cpp; sourceTree = "<group>"; };
		4D60AA9827DA0285007C3942 /* 1932.cpp */ = {isa = PBXFileReference; lastKnownFileType = sourcecode.cpp.cpp; path = 1932.cpp; sourceTree = "<group>"; };
		4D60AA9A27DA05CC007C3942 /* 2011.cpp */ = {isa = PBXFileReference; lastKnownFileType = sourcecode.cpp.cpp; path = 2011.cpp; sourceTree = "<group>"; };
		4D610DF1278D6FAD00DC22ED /* Test.cpp */ = {isa = PBXFileReference; lastKnownFileType = sourcecode.cpp.cpp; path = Test.cpp; sourceTree = "<group>"; };
		4D6394F327C37D19009CEA1B /* Stack.cpp */ = {isa = PBXFileReference; lastKnownFileType = sourcecode.cpp.cpp; path = Stack.cpp; sourceTree = "<group>"; };
		4D6394F527C37E08009CEA1B /* 10773.cpp */ = {isa = PBXFileReference; lastKnownFileType = sourcecode.cpp.cpp; path = 10773.cpp; sourceTree = "<group>"; };
		4D6394F727C37F65009CEA1B /* 17298.cpp */ = {isa = PBXFileReference; lastKnownFileType = sourcecode.cpp.cpp; path = 17298.cpp; sourceTree = "<group>"; };
		4D6394F927C38F4A009CEA1B /* 1874.cpp */ = {isa = PBXFileReference; lastKnownFileType = sourcecode.cpp.cpp; path = 1874.cpp; sourceTree = "<group>"; };
		4D6394FB27C3A079009CEA1B /* 2493.cpp */ = {isa = PBXFileReference; lastKnownFileType = sourcecode.cpp.cpp; path = 2493.cpp; sourceTree = "<group>"; };
		4D65129427D2531B005D4421 /* 1181.cpp */ = {isa = PBXFileReference; lastKnownFileType = sourcecode.cpp.cpp; path = 1181.cpp; sourceTree = "<group>"; };
		4D65129627D2565A005D4421 /* 1181_1.cpp */ = {isa = PBXFileReference; lastKnownFileType = sourcecode.cpp.cpp; path = 1181_1.cpp; sourceTree = "<group>"; };
		4D65129827D25813005D4421 /* 2910.cpp */ = {isa = PBXFileReference; lastKnownFileType = sourcecode.cpp.cpp; path = 2910.cpp; sourceTree = "<group>"; };
		4D65129A27D3AAF5005D4421 /* 5648.cpp */ = {isa = PBXFileReference; lastKnownFileType = sourcecode.cpp.cpp; path = 5648.cpp; sourceTree = "<group>"; };
		4D65129C27D3ACE7005D4421 /* 1003.cpp */ = {isa = PBXFileReference; lastKnownFileType = sourcecode.cpp.cpp; path = 1003.cpp; sourceTree = "<group>"; };
		4D65129E27D4AAB3005D4421 /* 10844.cpp */ = {isa = PBXFileReference; lastKnownFileType = sourcecode.cpp.cpp; path = 10844.cpp; sourceTree = "<group>"; };
		4D6512A027D4AE85005D4421 /* 10942.cpp */ = {isa = PBXFileReference; lastKnownFileType = sourcecode.cpp.cpp; path = 10942.cpp; sourceTree = "<group>"; };
		4D6512A227D4BA06005D4421 /* 11052.cpp */ = {isa = PBXFileReference; lastKnownFileType = sourcecode.cpp.cpp; path = 11052.cpp; sourceTree = "<group>"; };
		4D663F9927EF4FE900B015B9 /* 10250.cpp */ = {isa = PBXFileReference; lastKnownFileType = sourcecode.cpp.cpp; path = 10250.cpp; sourceTree = "<group>"; };
		4D663F9B27EF552A00B015B9 /* 1038.cpp */ = {isa = PBXFileReference; lastKnownFileType = sourcecode.cpp.cpp; path = 1038.cpp; sourceTree = "<group>"; };
		4D663F9D27EF59A500B015B9 /* 1057.cpp */ = {isa = PBXFileReference; lastKnownFileType = sourcecode.cpp.cpp; path = 1057.cpp; sourceTree = "<group>"; };
		4D663F9F27EF671500B015B9 /* 10610.cpp */ = {isa = PBXFileReference; lastKnownFileType = sourcecode.cpp.cpp; path = 10610.cpp; sourceTree = "<group>"; };
		4D663FA127EF700400B015B9 /* 11050.cpp */ = {isa = PBXFileReference; lastKnownFileType = sourcecode.cpp.cpp; path = 11050.cpp; sourceTree = "<group>"; };
		4D663FA327EF710B00B015B9 /* 1193.cpp */ = {isa = PBXFileReference; lastKnownFileType = sourcecode.cpp.cpp; path = 1193.cpp; sourceTree = "<group>"; };
		4D69A73B27F03E1E003FDE33 /* 1256.cpp */ = {isa = PBXFileReference; lastKnownFileType = sourcecode.cpp.cpp; path = 1256.cpp; sourceTree = "<group>"; };
		4D69A74927F0BB81003FDE33 /* 2422.cpp */ = {isa = PBXFileReference; lastKnownFileType = sourcecode.cpp.cpp; path = 2422.cpp; sourceTree = "<group>"; };
		4D6AD2B727EA11780078F121 /* 1439.cpp */ = {isa = PBXFileReference; lastKnownFileType = sourcecode.cpp.cpp; path = 1439.cpp; sourceTree = "<group>"; };
		4D6AD2B927EA129D0078F121 /* 1541.cpp */ = {isa = PBXFileReference; lastKnownFileType = sourcecode.cpp.cpp; path = 1541.cpp; sourceTree = "<group>"; };
		4D6C68E527CA34FE0081F18A /* 2447.cpp */ = {isa = PBXFileReference; lastKnownFileType = sourcecode.cpp.cpp; path = 2447.cpp; sourceTree = "<group>"; };
		4D6C68E727CA45610081F18A /* 2448.cpp */ = {isa = PBXFileReference; lastKnownFileType = sourcecode.cpp.cpp; path = 2448.cpp; sourceTree = "<group>"; };
		4D6C68EA27CA584C0081F18A /* 2630.cpp */ = {isa = PBXFileReference; lastKnownFileType = sourcecode.cpp.cpp; path = 2630.cpp; sourceTree = "<group>"; };
		4D6C68EC27CA5EF60081F18A /* 1182.cpp */ = {isa = PBXFileReference; lastKnownFileType = sourcecode.cpp.cpp; path = 1182.cpp; sourceTree = "<group>"; };
		4D6C68F027CA81A10081F18A /* 1182_1.cpp */ = {isa = PBXFileReference; lastKnownFileType = sourcecode.cpp.cpp; path = 1182_1.cpp; sourceTree = "<group>"; };
		4D6C68F227CA82120081F18A /* 15650.cpp */ = {isa = PBXFileReference; lastKnownFileType = sourcecode.cpp.cpp; path = 15650.cpp; sourceTree = "<group>"; };
		4D6C68F427CB64540081F18A /* 15651.cpp */ = {isa = PBXFileReference; lastKnownFileType = sourcecode.cpp.cpp; path = 15651.cpp; sourceTree = "<group>"; };
		4D6C68F727CB66DC0081F18A /* 15652.cpp */ = {isa = PBXFileReference; lastKnownFileType = sourcecode.cpp.cpp; path = 15652.cpp; sourceTree = "<group>"; };
		4D6C68FD27CB6D4D0081F18A /* 15654.cpp */ = {isa = PBXFileReference; lastKnownFileType = sourcecode.cpp.cpp; path = 15654.cpp; sourceTree = "<group>"; };
		4D6C68FF27CB6F140081F18A /* 15655.cpp */ = {isa = PBXFileReference; lastKnownFileType = sourcecode.cpp.cpp; path = 15655.cpp; sourceTree = "<group>"; };
		4D6C690127CB734A0081F18A /* 15656.cpp */ = {isa = PBXFileReference; lastKnownFileType = sourcecode.cpp.cpp; path = 15656.cpp; sourceTree = "<group>"; };
		4D6C690327CB74B10081F18A /* 15657.cpp */ = {isa = PBXFileReference; lastKnownFileType = sourcecode.cpp.cpp; path = 15657.cpp; sourceTree = "<group>"; };
		4D6C690527CB76160081F18A /* 15663.cpp */ = {isa = PBXFileReference; lastKnownFileType = sourcecode.cpp.cpp; path = 15663.cpp; sourceTree = "<group>"; };
		4D6C690727CB82460081F18A /* 15664.cpp */ = {isa = PBXFileReference; lastKnownFileType = sourcecode.cpp.cpp; path = 15664.cpp; sourceTree = "<group>"; };
		4D6C690927CB85000081F18A /* 15665.cpp */ = {isa = PBXFileReference; lastKnownFileType = sourcecode.cpp.cpp; path = 15665.cpp; sourceTree = "<group>"; };
		4D6C690B27CB86750081F18A /* 15666.cpp */ = {isa = PBXFileReference; lastKnownFileType = sourcecode.cpp.cpp; path = 15666.cpp; sourceTree = "<group>"; };
		4D6C691227CBCEB20081F18A /* 16987.cpp */ = {isa = PBXFileReference; lastKnownFileType = sourcecode.cpp.cpp; path = 16987.cpp; sourceTree = "<group>"; };
		4D6C691427CCE76A0081F18A /* 1759.cpp */ = {isa = PBXFileReference; lastKnownFileType = sourcecode.cpp.cpp; path = 1759.cpp; sourceTree = "<group>"; };
		4D6C691627CCEF720081F18A /* 1799.cpp */ = {isa = PBXFileReference; lastKnownFileType = sourcecode.cpp.cpp; path = 1799.cpp; sourceTree = "<group>"; };
		4D6C691827CCFD4B0081F18A /* 18809.cpp */ = {isa = PBXFileReference; lastKnownFileType = sourcecode.cpp.cpp; path = 18809.cpp; sourceTree = "<group>"; };
		4D711E4027F8104A008185DC /* A.cpp */ = {isa = PBXFileReference; lastKnownFileType = sourcecode.cpp.cpp; path = A.cpp; sourceTree = "<group>"; };
		4D711E4227F81078008185DC /* B.cpp */ = {isa = PBXFileReference; lastKnownFileType = sourcecode.cpp.cpp; path = B.cpp; sourceTree = "<group>"; };
		4D711E4327F81082008185DC /* C.cpp */ = {isa = PBXFileReference; lastKnownFileType = sourcecode.cpp.cpp; path = C.cpp; sourceTree = "<group>"; };
		4D711E4827F871B5008185DC /* 3980.cpp */ = {isa = PBXFileReference; lastKnownFileType = sourcecode.cpp.cpp; path = 3980.cpp; sourceTree = "<group>"; };
		4D711E4A27F96382008185DC /* 3151.cpp */ = {isa = PBXFileReference; lastKnownFileType = sourcecode.cpp.cpp; path = 3151.cpp; sourceTree = "<group>"; };
		4D711E4C27F968F9008185DC /* 17085.cpp */ = {isa = PBXFileReference; lastKnownFileType = sourcecode.cpp.cpp; path = 17085.cpp; sourceTree = "<group>"; };
		4D711E4E27FB2ED1008185DC /* 1747.cpp */ = {isa = PBXFileReference; lastKnownFileType = sourcecode.cpp.cpp; path = 1747.cpp; sourceTree = "<group>"; };
		4D711E5027FB3869008185DC /* 1790.cpp */ = {isa = PBXFileReference; lastKnownFileType = sourcecode.cpp.cpp; path = 1790.cpp; sourceTree = "<group>"; };
		4D7B2E6727B2252B0023064C /* 15649.cpp */ = {isa = PBXFileReference; lastKnownFileType = sourcecode.cpp.cpp; path = 15649.cpp; sourceTree = "<group>"; };
		4D7B2E7227B2290F0023064C /* 9663.cpp */ = {isa = PBXFileReference; lastKnownFileType = sourcecode.cpp.cpp; path = 9663.cpp; sourceTree = "<group>"; };
		4D7D09E527AFD954000E7AA6 /* 2204.cpp */ = {isa = PBXFileReference; lastKnownFileType = sourcecode.cpp.cpp; path = 2204.cpp; sourceTree = "<group>"; };
		4D7D09F527AFECA7000E7AA6 /* 20162.cpp */ = {isa = PBXFileReference; fileEncoding = 4; lastKnownFileType = sourcecode.cpp.cpp; path = 20162.cpp; sourceTree = "<group>"; };
		4D7D0A0327B0E67E000E7AA6 /* 2178.cpp */ = {isa = PBXFileReference; fileEncoding = 4; lastKnownFileType = sourcecode.cpp.cpp; path = 2178.cpp; sourceTree = "<group>"; };
		4D7D0A0B27B0F1C7000E7AA6 /* 7576.cpp */ = {isa = PBXFileReference; lastKnownFileType = sourcecode.cpp.cpp; path = 7576.cpp; sourceTree = "<group>"; };
		4D7D0A1627B0FA38000E7AA6 /* 4179.cpp */ = {isa = PBXFileReference; lastKnownFileType = sourcecode.cpp.cpp; path = 4179.cpp; sourceTree = "<group>"; };
		4D7D0A2127B100BD000E7AA6 /* 1697.cpp */ = {isa = PBXFileReference; lastKnownFileType = sourcecode.cpp.cpp; path = 1697.cpp; sourceTree = "<group>"; };
		4D7D0A2C27B11671000E7AA6 /* DFS.cpp */ = {isa = PBXFileReference; lastKnownFileType = sourcecode.cpp.cpp; path = DFS.cpp; sourceTree = "<group>"; };
		4D7D0A3727B12590000E7AA6 /* 11729.cpp */ = {isa = PBXFileReference; lastKnownFileType = sourcecode.cpp.cpp; path = 11729.cpp; sourceTree = "<group>"; };
		4D7D0A4227B14A64000E7AA6 /* 1074.cpp */ = {isa = PBXFileReference; lastKnownFileType = sourcecode.cpp.cpp; path = 1074.cpp; sourceTree = "<group>"; };
		4D7D0A5327B150CC000E7AA6 /* 10026.cpp */ = {isa = PBXFileReference; lastKnownFileType = sourcecode.cpp.cpp; path = 10026.cpp; sourceTree = "<group>"; };
		4D7D0A6027B15BCF000E7AA6 /* 1012.cpp */ = {isa = PBXFileReference; lastKnownFileType = sourcecode.cpp.cpp; path = 1012.cpp; sourceTree = "<group>"; };
		4D7D0A6D27B20877000E7AA6 /* 1629.cpp */ = {isa = PBXFileReference; lastKnownFileType = sourcecode.cpp.cpp; path = 1629.cpp; sourceTree = "<group>"; };
		4D7D0A7A27B20C18000E7AA6 /* 17478.cpp */ = {isa = PBXFileReference; lastKnownFileType = sourcecode.cpp.cpp; path = 17478.cpp; sourceTree = "<group>"; };
		4D7D0A8527B2109D000E7AA6 /* 1780.cpp */ = {isa = PBXFileReference; lastKnownFileType = sourcecode.cpp.cpp; path = 1780.cpp; sourceTree = "<group>"; };
		4D7E3FA52781AAF7005D62A8 /* 18258.cpp */ = {isa = PBXFileReference; lastKnownFileType = sourcecode.cpp.cpp; path = 18258.cpp; sourceTree = "<group>"; };
		4D7E910027BFEBD60049718F /* 1197.cpp */ = {isa = PBXFileReference; lastKnownFileType = sourcecode.cpp.cpp; path = 1197.cpp; sourceTree = "<group>"; };
		4D7E910327BFF4FB0049718F /* 11404.cpp */ = {isa = PBXFileReference; lastKnownFileType = sourcecode.cpp.cpp; path = 11404.cpp; sourceTree = "<group>"; };
		4D8045FA278DD01200AB2A15 /* 10871.cpp */ = {isa = PBXFileReference; lastKnownFileType = sourcecode.cpp.cpp; path = 10871.cpp; sourceTree = "<group>"; };
		4D8045FD278DD0D300AB2A15 /* 10808.cpp */ = {isa = PBXFileReference; lastKnownFileType = sourcecode.cpp.cpp; path = 10808.cpp; sourceTree = "<group>"; };
		4D8C1BEF278732F90074F6DC /* 10799.cpp */ = {isa = PBXFileReference; lastKnownFileType = sourcecode.cpp.cpp; path = 10799.cpp; sourceTree = "<group>"; };
		4D8C1BFA27873BFB0074F6DC /* 1966.cpp */ = {isa = PBXFileReference; lastKnownFileType = sourcecode.cpp.cpp; path = 1966.cpp; sourceTree = "<group>"; };
		4D8CFD9B27C4A7A900675668 /* 3015.cpp */ = {isa = PBXFileReference; lastKnownFileType = sourcecode.cpp.cpp; path = 3015.cpp; sourceTree = "<group>"; };
		4D8CFD9D27C4B56A00675668 /* 6198.cpp */ = {isa = PBXFileReference; lastKnownFileType = sourcecode.cpp.cpp; path = 6198.cpp; sourceTree = "<group>"; };
		4D8CFD9F27C4B9E000675668 /* 6549.cpp */ = {isa = PBXFileReference; lastKnownFileType = sourcecode.cpp.cpp; path = 6549.cpp; sourceTree = "<group>"; };
		4D90A63C27A80FD600599CD6 /* BFS.cpp */ = {isa = PBXFileReference; lastKnownFileType = sourcecode.cpp.cpp; path = BFS.cpp; sourceTree = "<group>"; };
		4D90A65227A813EA00599CD6 /* 1926.cpp */ = {isa = PBXFileReference; lastKnownFileType = sourcecode.cpp.cpp; path = 1926.cpp; sourceTree = "<group>"; };
		4D9811D327DCC9C900D6740A /* 2294.cpp */ = {isa = PBXFileReference; lastKnownFileType = sourcecode.cpp.cpp; path = 2294.cpp; sourceTree = "<group>"; };
		4D9811E027DDD9D300D6740A /* 1864.cpp */ = {isa = PBXFileReference; lastKnownFileType = sourcecode.cpp.cpp; path = 1864.cpp; sourceTree = "<group>"; };
		4D9811E327DDD9FB00D6740A /* 14595.cpp */ = {isa = PBXFileReference; lastKnownFileType = sourcecode.cpp.cpp; path = 14595.cpp; sourceTree = "<group>"; };
		4D9811E527DDDA0800D6740A /* 11568.cpp */ = {isa = PBXFileReference; lastKnownFileType = sourcecode.cpp.cpp; path = 11568.cpp; sourceTree = "<group>"; };
		4D9811EF27DDF2A100D6740A /* 2302.cpp */ = {isa = PBXFileReference; lastKnownFileType = sourcecode.cpp.cpp; path = 2302.cpp; sourceTree = "<group>"; };
		4D9CE33F27B29B010034889E /* 15683.cpp */ = {isa = PBXFileReference; lastKnownFileType = sourcecode.cpp.cpp; path = 15683.cpp; sourceTree = "<group>"; };
		4D9D448B27EB443C00CD1263 /* 15903.cpp */ = {isa = PBXFileReference; lastKnownFileType = sourcecode.cpp.cpp; path = 15903.cpp; sourceTree = "<group>"; };
		4D9D448E27EB47F700CD1263 /* 5052.cpp */ = {isa = PBXFileReference; lastKnownFileType = sourcecode.cpp.cpp; path = 5052.cpp; sourceTree = "<group>"; };
		4D9D449027EB4DFA00CD1263 /* 1700.cpp */ = {isa = PBXFileReference; lastKnownFileType = sourcecode.cpp.cpp; path = 1700.cpp; sourceTree = "<group>"; };
		4D9D449227EC2C0100CD1263 /* 1744.cpp */ = {isa = PBXFileReference; lastKnownFileType = sourcecode.cpp.cpp; path = 1744.cpp; sourceTree = "<group>"; };
		4D9D449427EC336000CD1263 /* 2170.cpp */ = {isa = PBXFileReference; lastKnownFileType = sourcecode.cpp.cpp; path = 2170.cpp; sourceTree = "<group>"; };
		4D9D449627EC381300CD1263 /* 2170_1.cpp */ = {isa = PBXFileReference; lastKnownFileType = sourcecode.cpp.cpp; path = 2170_1.cpp; sourceTree = "<group>"; };
		4D9D449827ECC9B000CD1263 /* 2457.cpp */ = {isa = PBXFileReference; lastKnownFileType = sourcecode.cpp.cpp; path = 2457.cpp; sourceTree = "<group>"; };
		4D9D449A27ECCD6F00CD1263 /* 2847.cpp */ = {isa = PBXFileReference; lastKnownFileType = sourcecode.cpp.cpp; path = 2847.cpp; sourceTree = "<group>"; };
		4D9D449C27ECCF5700CD1263 /* 7570.cpp */ = {isa = PBXFileReference; lastKnownFileType = sourcecode.cpp.cpp; path = 7570.cpp; sourceTree = "<group>"; };
		4D9D7D5E27B6AC4A006E9F28 /* 11726.cpp */ = {isa = PBXFileReference; lastKnownFileType = sourcecode.cpp.cpp; path = 11726.cpp; sourceTree = "<group>"; };
		4D9D7D6927B6B1A4006E9F28 /* 11659.cpp */ = {isa = PBXFileReference; lastKnownFileType = sourcecode.cpp.cpp; path = 11659.cpp; sourceTree = "<group>"; };
		4D9D7D7427B6B46B006E9F28 /* 12852.cpp */ = {isa = PBXFileReference; lastKnownFileType = sourcecode.cpp.cpp; path = 12852.cpp; sourceTree = "<group>"; };
		4D9D7D7F27B6CB2A006E9F28 /* 11047.cpp */ = {isa = PBXFileReference; lastKnownFileType = sourcecode.cpp.cpp; path = 11047.cpp; sourceTree = "<group>"; };
		4DA34CDD27C3793200A19A24 /* LinkedLiist.cpp */ = {isa = PBXFileReference; lastKnownFileType = sourcecode.cpp.cpp; path = LinkedLiist.cpp; sourceTree = "<group>"; };
		4DA50F8327C73A8B009E0304 /* 17071.cpp */ = {isa = PBXFileReference; lastKnownFileType = sourcecode.cpp.cpp; path = 17071.cpp; sourceTree = "<group>"; };
		4DA50F8927C7636A009E0304 /* 20304.cpp */ = {isa = PBXFileReference; lastKnownFileType = sourcecode.cpp.cpp; path = 20304.cpp; sourceTree = "<group>"; };
		4DA50F8B27C77137009E0304 /* 2146.cpp */ = {isa = PBXFileReference; lastKnownFileType = sourcecode.cpp.cpp; path = 2146.cpp; sourceTree = "<group>"; };
		4DA50F8D27C77759009E0304 /* 2206.cpp */ = {isa = PBXFileReference; lastKnownFileType = sourcecode.cpp.cpp; path = 2206.cpp; sourceTree = "<group>"; };
		4DA50F8F27C78254009E0304 /* 2468.cpp */ = {isa = PBXFileReference; lastKnownFileType = sourcecode.cpp.cpp; path = 2468.cpp; sourceTree = "<group>"; };
		4DA50F9127C78ACF009E0304 /* 2573.cpp */ = {isa = PBXFileReference; lastKnownFileType = sourcecode.cpp.cpp; path = 2573.cpp; sourceTree = "<group>"; };
		4DA50F9327C7AF82009E0304 /* 2583.cpp */ = {isa = PBXFileReference; lastKnownFileType = sourcecode.cpp.cpp; path = 2583.cpp; sourceTree = "<group>"; };
		4DA50F9527C7C28B009E0304 /* 2667.cpp */ = {isa = PBXFileReference; lastKnownFileType = sourcecode.cpp.cpp; path = 2667.cpp; sourceTree = "<group>"; };
		4DA50F9727C7C8F0009E0304 /* 3197.cpp */ = {isa = PBXFileReference; lastKnownFileType = sourcecode.cpp.cpp; path = 3197.cpp; sourceTree = "<group>"; };
		4DA62F3C27EF0F0600742AAA /* 22943.cpp */ = {isa = PBXFileReference; lastKnownFileType = sourcecode.cpp.cpp; path = 22943.cpp; sourceTree = "<group>"; };
		4DA62F3F27EF1B2600742AAA /* 1011.cpp */ = {isa = PBXFileReference; lastKnownFileType = sourcecode.cpp.cpp; path = 1011.cpp; sourceTree = "<group>"; };
		4DA62F4127EF1D1400742AAA /* 1019.cpp */ = {isa = PBXFileReference; lastKnownFileType = sourcecode.cpp.cpp; path = 1019.cpp; sourceTree = "<group>"; };
		4DA6D25727DB91C10059A0AD /* 2240.cpp */ = {isa = PBXFileReference; lastKnownFileType = sourcecode.cpp.cpp; path = 2240.cpp; sourceTree = "<group>"; };
		4DA6D25927DB9A6E0059A0AD /* 2240_1.cpp */ = {isa = PBXFileReference; lastKnownFileType = sourcecode.cpp.cpp; path = 2240_1.cpp; sourceTree = "<group>"; };
		4DA6D25B27DC90010059A0AD /* 2293.cpp */ = {isa = PBXFileReference; lastKnownFileType = sourcecode.cpp.cpp; path = 2293.cpp; sourceTree = "<group>"; };
		4DA9B4F427940159000DF666 /* 14950.cpp */ = {isa = PBXFileReference; lastKnownFileType = sourcecode.cpp.cpp; path = 14950.cpp; sourceTree = "<group>"; };
		4DA9B4FF27940685000DF666 /* 11509.cpp */ = {isa = PBXFileReference; lastKnownFileType = sourcecode.cpp.cpp; path = 11509.cpp; sourceTree = "<group>"; };
		4DA9B50A27940FEB000DF666 /* 4096.cpp */ = {isa = PBXFileReference; lastKnownFileType = sourcecode.cpp.cpp; path = 4096.cpp; sourceTree = "<group>"; };
		4DA9B515279411AF000DF666 /* 21922.cpp */ = {isa = PBXFileReference; lastKnownFileType = sourcecode.cpp.cpp; path = 21922.cpp; sourceTree = "<group>"; };
		4DA9B52027944AEF000DF666 /* 10845.cpp */ = {isa = PBXFileReference; lastKnownFileType = sourcecode.cpp.cpp; path = 10845.cpp; sourceTree = "<group>"; };
		4DAB7F3127DA291400342940 /* 2133.cpp */ = {isa = PBXFileReference; lastKnownFileType = sourcecode.cpp.cpp; path = 2133.cpp; sourceTree = "<group>"; };
		4DAB7F3327DA4C7300342940 /* 2156.cpp */ = {isa = PBXFileReference; lastKnownFileType = sourcecode.cpp.cpp; path = 2156.cpp; sourceTree = "<group>"; };
		4DAB7F3527DA573100342940 /* 2193.cpp */ = {isa = PBXFileReference; lastKnownFileType = sourcecode.cpp.cpp; path = 2193.cpp; sourceTree = "<group>"; };
		4DB4064327F34FEC00368556 /* 1292.cpp */ = {isa = PBXFileReference; lastKnownFileType = sourcecode.cpp.cpp; path = 1292.cpp; sourceTree = "<group>"; };
		4DB4064527F49B5F00368556 /* 1456.cpp */ = {isa = PBXFileReference; lastKnownFileType = sourcecode.cpp.cpp; path = 1456.cpp; sourceTree = "<group>"; };
		4DB4064727F4A06200368556 /* 1476.cpp */ = {isa = PBXFileReference; lastKnownFileType = sourcecode.cpp.cpp; path = 1476.cpp; sourceTree = "<group>"; };
		4DB620EE27B7F3A2001244AB /* 17610.cpp */ = {isa = PBXFileReference; lastKnownFileType = sourcecode.cpp.cpp; path = 17610.cpp; sourceTree = "<group>"; };
		4DB620F927B7F3B4001244AB /* 3187.cpp */ = {isa = PBXFileReference; lastKnownFileType = sourcecode.cpp.cpp; path = 3187.cpp; sourceTree = "<group>"; };
		4DB6210427B7F3C8001244AB /* 14391.cpp */ = {isa = PBXFileReference; lastKnownFileType = sourcecode.cpp.cpp; path = 14391.cpp; sourceTree = "<group>"; };
		4DC9CB232780A880009A9C3F /* 9012.cpp */ = {isa = PBXFileReference; lastKnownFileType = sourcecode.cpp.cpp; path = 9012.cpp; sourceTree = "<group>"; };
		4DCACE322782A2E200BD20E9 /* 2164.cpp */ = {isa = PBXFileReference; lastKnownFileType = sourcecode.cpp.cpp; path = 2164.cpp; sourceTree = "<group>"; };
		4DCACE3D2782A5BA00BD20E9 /* 12896.cpp */ = {isa = PBXFileReference; lastKnownFileType = sourcecode.cpp.cpp; path = 12896.cpp; sourceTree = "<group>"; };
		4DCACE482782AA3E00BD20E9 /* 10866.cpp */ = {isa = PBXFileReference; lastKnownFileType = sourcecode.cpp.cpp; path = 10866.cpp; sourceTree = "<group>"; };
		4DCACE532782AD9A00BD20E9 /* 1874.cpp */ = {isa = PBXFileReference; lastKnownFileType = sourcecode.cpp.cpp; path = 1874.cpp; sourceTree = "<group>"; };
		4DCFDFFC27847F4100AF215E /* 21313.cpp */ = {isa = PBXFileReference; lastKnownFileType = sourcecode.cpp.cpp; path = 21313.cpp; sourceTree = "<group>"; };
		4DCFE0072784818D00AF215E /* 20327.cpp */ = {isa = PBXFileReference; lastKnownFileType = sourcecode.cpp.cpp; path = 20327.cpp; sourceTree = "<group>"; };
		4DD0C5F727D5DBA3000A6D85 /* 11053.cpp */ = {isa = PBXFileReference; lastKnownFileType = sourcecode.cpp.cpp; path = 11053.cpp; sourceTree = "<group>"; };
		4DD0C5F927D5E16E000A6D85 /* 11055.cpp */ = {isa = PBXFileReference; lastKnownFileType = sourcecode.cpp.cpp; path = 11055.cpp; sourceTree = "<group>"; };
		4DD29AFA27B63C0F00F2DE43 /* 11652.cpp */ = {isa = PBXFileReference; lastKnownFileType = sourcecode.cpp.cpp; path = 11652.cpp; sourceTree = "<group>"; };
		4DD29B0527B6465300F2DE43 /* 7795.cpp */ = {isa = PBXFileReference; lastKnownFileType = sourcecode.cpp.cpp; path = 7795.cpp; sourceTree = "<group>"; };
		4DD4056E27C5EC46007B9C10 /* 11967.cpp */ = {isa = PBXFileReference; lastKnownFileType = sourcecode.cpp.cpp; path = 11967.cpp; sourceTree = "<group>"; };
		4DD4057027C607BF007B9C10 /* 13549.cpp */ = {isa = PBXFileReference; lastKnownFileType = sourcecode.cpp.cpp; path = 13549.cpp; sourceTree = "<group>"; };
		4DD4057227C6109A007B9C10 /* 13549_1.cpp */ = {isa = PBXFileReference; lastKnownFileType = sourcecode.cpp.cpp; path = 13549_1.cpp; sourceTree = "<group>"; };
		4DD4057427C6130E007B9C10 /* 13913.cpp */ = {isa = PBXFileReference; lastKnownFileType = sourcecode.cpp.cpp; path = 13913.cpp; sourceTree = "<group>"; };
		4DD4057627C61BEB007B9C10 /* 14442.cpp */ = {isa = PBXFileReference; lastKnownFileType = sourcecode.cpp.cpp; path = 14442.cpp; sourceTree = "<group>"; };
		4DD4057827C63E28007B9C10 /* 1600.cpp */ = {isa = PBXFileReference; lastKnownFileType = sourcecode.cpp.cpp; path = 1600.cpp; sourceTree = "<group>"; };
		4DD4057A27C65947007B9C10 /* 16920.cpp */ = {isa = PBXFileReference; lastKnownFileType = sourcecode.cpp.cpp; path = 16920.cpp; sourceTree = "<group>"; };
		4DD4057D27C67D91007B9C10 /* 16933.cpp */ = {isa = PBXFileReference; lastKnownFileType = sourcecode.cpp.cpp; path = 16933.cpp; sourceTree = "<group>"; };
		4DD423DA27C232510094A25D /* 1753.cpp */ = {isa = PBXFileReference; lastKnownFileType = sourcecode.cpp.cpp; path = 1753.cpp; sourceTree = "<group>"; };
		4DD423DC27C238070094A25D /* 11779.cpp */ = {isa = PBXFileReference; lastKnownFileType = sourcecode.cpp.cpp; path = 11779.cpp; sourceTree = "<group>"; };
		4DD423DE27C23DAC0094A25D /* 14284.cpp */ = {isa = PBXFileReference; lastKnownFileType = sourcecode.cpp.cpp; path = 14284.cpp; sourceTree = "<group>"; };
		4DD6CB6727DE3283004C354C /* 2482.cpp */ = {isa = PBXFileReference; lastKnownFileType = sourcecode.cpp.cpp; path = 2482.cpp; sourceTree = "<group>"; };
		4DD74F2D27C0C28E0013AA93 /* 11780.cpp */ = {isa = PBXFileReference; lastKnownFileType = sourcecode.cpp.cpp; path = 11780.cpp; sourceTree = "<group>"; };
		4DD74F2F27C0DD9F0013AA93 /* 1577.cpp */ = {isa = PBXFileReference; lastKnownFileType = sourcecode.cpp.cpp; path = 1577.cpp; sourceTree = "<group>"; };
		4DD74F3127C0EE940013AA93 /* 4095.cpp */ = {isa = PBXFileReference; lastKnownFileType = sourcecode.cpp.cpp; path = 4095.cpp; sourceTree = "<group>"; };
		4DD74F3527C11DAC0013AA93 /* 2644.cpp */ = {isa = PBXFileReference; lastKnownFileType = sourcecode.cpp.cpp; path = 2644.cpp; sourceTree = "<group>"; };
		4DD74F3C27C1239F0013AA93 /* 10807.cpp */ = {isa = PBXFileReference; lastKnownFileType = sourcecode.cpp.cpp; path = 10807.cpp; sourceTree = "<group>"; };
		4DD74F3E27C125810013AA93 /* 11328.cpp */ = {isa = PBXFileReference; lastKnownFileType = sourcecode.cpp.cpp; path = 11328.cpp; sourceTree = "<group>"; };
		4DD74F4027C131820013AA93 /* 13300.cpp */ = {isa = PBXFileReference; lastKnownFileType = sourcecode.cpp.cpp; path = 13300.cpp; sourceTree = "<group>"; };
		4DD74F4227C1349E0013AA93 /* 1475.cpp */ = {isa = PBXFileReference; lastKnownFileType = sourcecode.cpp.cpp; path = 1475.cpp; sourceTree = "<group>"; };
		4DD74F4427C13AA50013AA93 /* 1919.cpp */ = {isa = PBXFileReference; lastKnownFileType = sourcecode.cpp.cpp; path = 1919.cpp; sourceTree = "<group>"; };
		4DD74F4627C13CA30013AA93 /* 2577.cpp */ = {isa = PBXFileReference; lastKnownFileType = sourcecode.cpp.cpp; path = 2577.cpp; sourceTree = "<group>"; };
		4DD74F4827C13E560013AA93 /* 3273.cpp */ = {isa = PBXFileReference; lastKnownFileType = sourcecode.cpp.cpp; path = 3273.cpp; sourceTree = "<group>"; };
		4DD74F4B27C149CB0013AA93 /* 5397.cpp */ = {isa = PBXFileReference; lastKnownFileType = sourcecode.cpp.cpp; path = 5397.cpp; sourceTree = "<group>"; };
		4DDD080927DF63CD003E7061 /* 20154.cpp */ = {isa = PBXFileReference; lastKnownFileType = sourcecode.cpp.cpp; path = 20154.cpp; sourceTree = "<group>"; };
		4DDD080B27DF6BE4003E7061 /* 5624.cpp */ = {isa = PBXFileReference; lastKnownFileType = sourcecode.cpp.cpp; path = 5624.cpp; sourceTree = "<group>"; };
		4DDD080D27DF6DC3003E7061 /* 11279.cpp */ = {isa = PBXFileReference; lastKnownFileType = sourcecode.cpp.cpp; path = 11279.cpp; sourceTree = "<group>"; };
		4DDD080F27DF711F003E7061 /* 19539.cpp */ = {isa = PBXFileReference; lastKnownFileType = sourcecode.cpp.cpp; path = 19539.cpp; sourceTree = "<group>"; };
		4DDD081327DF8119003E7061 /* 2748.cpp */ = {isa = PBXFileReference; lastKnownFileType = sourcecode.cpp.cpp; path = 2748.cpp; sourceTree = "<group>"; };
		4DDD081527DF8224003E7061 /* 4883.cpp */ = {isa = PBXFileReference; lastKnownFileType = sourcecode.cpp.cpp; path = 4883.cpp; sourceTree = "<group>"; };
		4DE0F6BF27A375260044391C /* 4949.cpp */ = {isa = PBXFileReference; lastKnownFileType = sourcecode.cpp.cpp; path = 4949.cpp; sourceTree = "<group>"; };
		4DE0F6CA27A383000044391C /* 2504.cpp */ = {isa = PBXFileReference; lastKnownFileType = sourcecode.cpp.cpp; path = 2504.cpp; sourceTree = "<group>"; };
		4DE3929627B9F6E800A6BC5A /* 1931.cpp */ = {isa = PBXFileReference; lastKnownFileType = sourcecode.cpp.cpp; path = 1931.cpp; sourceTree = "<group>"; };
		4DE392A327BA005500A6BC5A /* 2217.cpp */ = {isa = PBXFileReference; lastKnownFileType = sourcecode.cpp.cpp; path = 2217.cpp; sourceTree = "<group>"; };
		4DE392AE27BA047900A6BC5A /* 1026.cpp */ = {isa = PBXFileReference; lastKnownFileType = sourcecode.cpp.cpp; path = 1026.cpp; sourceTree = "<group>"; };
		4DE392B927BA06BB00A6BC5A /* 12865.cpp */ = {isa = PBXFileReference; lastKnownFileType = sourcecode.cpp.cpp; path = 12865.cpp; sourceTree = "<group>"; };
		4DE392C527BA12BB00A6BC5A /* 1978.cpp */ = {isa = PBXFileReference; lastKnownFileType = sourcecode.cpp.cpp; path = 1978.cpp; sourceTree = "<group>"; };
		4DE392D027BA164F00A6BC5A /* 1929.cpp */ = {isa = PBXFileReference; lastKnownFileType = sourcecode.cpp.cpp; path = 1929.cpp; sourceTree = "<group>"; };
		4DE392DD27BB83AF00A6BC5A /* 11653.cpp */ = {isa = PBXFileReference; lastKnownFileType = sourcecode.cpp.cpp; path = 11653.cpp; sourceTree = "<group>"; };
		4DE392E827BB8A2200A6BC5A /* 6064.cpp */ = {isa = PBXFileReference; lastKnownFileType = sourcecode.cpp.cpp; path = 6064.cpp; sourceTree = "<group>"; };
		4DE392F327BB90C100A6BC5A /* 11051.cpp */ = {isa = PBXFileReference; lastKnownFileType = sourcecode.cpp.cpp; path = 11051.cpp; sourceTree = "<group>"; };
		4DE392FF27BB96E500A6BC5A /* 1920.cpp */ = {isa = PBXFileReference; lastKnownFileType = sourcecode.cpp.cpp; path = 1920.cpp; sourceTree = "<group>"; };
		4DE3930A27BBADF300A6BC5A /* 10816.cpp */ = {isa = PBXFileReference; lastKnownFileType = sourcecode.cpp.cpp; path = 10816.cpp; sourceTree = "<group>"; };
		4DE3931427BBB39200A6BC5A /* main */ = {isa = PBXFileReference; explicitFileType = "compiled.mach-o.executable"; includeInIndex = 0; path = main; sourceTree = BUILT_PRODUCTS_DIR; };
		4DE3931C27BBD6D800A6BC5A /* 18870.cpp */ = {isa = PBXFileReference; lastKnownFileType = sourcecode.cpp.cpp; path = 18870.cpp; sourceTree = "<group>"; };
		4DE3931E27BBD78900A6BC5A /* Sample.cpp */ = {isa = PBXFileReference; lastKnownFileType = sourcecode.cpp.cpp; path = Sample.cpp; sourceTree = "<group>"; };
		4DE3931F27BBE91B00A6BC5A /* 2295.cpp */ = {isa = PBXFileReference; lastKnownFileType = sourcecode.cpp.cpp; path = 2295.cpp; sourceTree = "<group>"; };
		4DE3932127BCE68000A6BC5A /* 1654.cpp */ = {isa = PBXFileReference; lastKnownFileType = sourcecode.cpp.cpp; path = 1654.cpp; sourceTree = "<group>"; };
		4DE3932427BD45E500A6BC5A /* 2230.cpp */ = {isa = PBXFileReference; lastKnownFileType = sourcecode.cpp.cpp; path = 2230.cpp; sourceTree = "<group>"; };
		4DE3932627BE1AC000A6BC5A /* 1806.cpp */ = {isa = PBXFileReference; lastKnownFileType = sourcecode.cpp.cpp; path = 1806.cpp; sourceTree = "<group>"; };
		4DE3932A27BE2CE600A6BC5A /* 7785.cpp */ = {isa = PBXFileReference; lastKnownFileType = sourcecode.cpp.cpp; path = 7785.cpp; sourceTree = "<group>"; };
		4DE3932C27BE30AD00A6BC5A /* 1620.cpp */ = {isa = PBXFileReference; lastKnownFileType = sourcecode.cpp.cpp; path = 1620.cpp; sourceTree = "<group>"; };
		4DE3933127BE51D900A6BC5A /* 7662.cpp */ = {isa = PBXFileReference; lastKnownFileType = sourcecode.cpp.cpp; path = 7662.cpp; sourceTree = "<group>"; };
		4DE3933327BE5A7B00A6BC5A /* 1202.cpp */ = {isa = PBXFileReference; lastKnownFileType = sourcecode.cpp.cpp; path = 1202.cpp; sourceTree = "<group>"; };
		4DE3933627BE904000A6BC5A /* 1927.cpp */ = {isa = PBXFileReference; lastKnownFileType = sourcecode.cpp.cpp; path = 1927.cpp; sourceTree = "<group>"; };
		4DE3933827BE9FA300A6BC5A /* 11286.cpp */ = {isa = PBXFileReference; lastKnownFileType = sourcecode.cpp.cpp; path = 11286.cpp; sourceTree = "<group>"; };
		4DE3933B27BEA36600A6BC5A /* 1715.cpp */ = {isa = PBXFileReference; lastKnownFileType = sourcecode.cpp.cpp; path = 1715.cpp; sourceTree = "<group>"; };
		4DE51EDD27EDC63A002E1F41 /* 8980.cpp */ = {isa = PBXFileReference; lastKnownFileType = sourcecode.cpp.cpp; path = 8980.cpp; sourceTree = "<group>"; };
		4DE7F83727CFA0AC00130401 /* 1941.cpp */ = {isa = PBXFileReference; lastKnownFileType = sourcecode.cpp.cpp; path = 1941.cpp; sourceTree = "<group>"; };
		4DE7F83927CFB0AF00130401 /* 6603.cpp */ = {isa = PBXFileReference; lastKnownFileType = sourcecode.cpp.cpp; path = 6603.cpp; sourceTree = "<group>"; };
		4DE7F83B27CFB60200130401 /* 11722.cpp */ = {isa = PBXFileReference; lastKnownFileType = sourcecode.cpp.cpp; path = 11722.cpp; sourceTree = "<group>"; };
		4DE7F83D27D1040C00130401 /* 11559.cpp */ = {isa = PBXFileReference; lastKnownFileType = sourcecode.cpp.cpp; path = 11559.cpp; sourceTree = "<group>"; };
		4DE7F83F27D1097000130401 /* 9375.cpp */ = {isa = PBXFileReference; lastKnownFileType = sourcecode.cpp.cpp; path = 9375.cpp; sourceTree = "<group>"; };
		4DE7F84127D1C82C00130401 /* 10814.cpp */ = {isa = PBXFileReference; lastKnownFileType = sourcecode.cpp.cpp; path = 10814.cpp; sourceTree = "<group>"; };
		4DE7F84327D1CB9100130401 /* 10989.cpp */ = {isa = PBXFileReference; lastKnownFileType = sourcecode.cpp.cpp; path = 10989.cpp; sourceTree = "<group>"; };
		4DE7F84527D1F4DD00130401 /* 11650.cpp */ = {isa = PBXFileReference; lastKnownFileType = sourcecode.cpp.cpp; path = 11650.cpp; sourceTree = "<group>"; };
		4DE7F84727D1F6DE00130401 /* 11651.cpp */ = {isa = PBXFileReference; lastKnownFileType = sourcecode.cpp.cpp; path = 11651.cpp; sourceTree = "<group>"; };
		4DE7F84927D200E100130401 /* 11931.cpp */ = {isa = PBXFileReference; lastKnownFileType = sourcecode.cpp.cpp; path = 11931.cpp; sourceTree = "<group>"; };
		4DE7F84B27D2024500130401 /* 2750.cpp */ = {isa = PBXFileReference; lastKnownFileType = sourcecode.cpp.cpp; path = 2750.cpp; sourceTree = "<group>"; };
		4DE7F84D27D2046300130401 /* 2751.cpp */ = {isa = PBXFileReference; lastKnownFileType = sourcecode.cpp.cpp; path = 2751.cpp; sourceTree = "<group>"; };
		4DE7F84F27D204DC00130401 /* 2751_1.cpp */ = {isa = PBXFileReference; lastKnownFileType = sourcecode.cpp.cpp; path = 2751_1.cpp; sourceTree = "<group>"; };
		4DE7F85127D2092000130401 /* 10825.cpp */ = {isa = PBXFileReference; lastKnownFileType = sourcecode.cpp.cpp; path = 10825.cpp; sourceTree = "<group>"; };
		4DE7F85327D20C6E00130401 /* 11656.cpp */ = {isa = PBXFileReference; lastKnownFileType = sourcecode.cpp.cpp; path = 11656.cpp; sourceTree = "<group>"; };
		4DE80CEE277B039900A41AE6 /* 7347.cpp */ = {isa = PBXFileReference; lastKnownFileType = sourcecode.cpp.cpp; path = 7347.cpp; sourceTree = "<group>"; };
		4DE80CFA277B15A000A41AE6 /* 2631.cpp */ = {isa = PBXFileReference; lastKnownFileType = sourcecode.cpp.cpp; path = 2631.cpp; sourceTree = "<group>"; };
		4DE80D07277B1F5100A41AE6 /* 11497.cpp */ = {isa = PBXFileReference; lastKnownFileType = sourcecode.cpp.cpp; path = 11497.cpp; sourceTree = "<group>"; };
		4DE80D12277B4F3B00A41AE6 /* 14676.cpp */ = {isa = PBXFileReference; lastKnownFileType = sourcecode.cpp.cpp; path = 14676.cpp; sourceTree = "<group>"; };
		4DE80D1D277B518900A41AE6 /* 5567.cpp */ = {isa = PBXFileReference; lastKnownFileType = sourcecode.cpp.cpp; path = 5567.cpp; sourceTree = "<group>"; };
		4DE80D28277B51A600A41AE6 /* 22942.cpp */ = {isa = PBXFileReference; lastKnownFileType = sourcecode.cpp.cpp; path = 22942.cpp; sourceTree = "<group>"; };
		4DEACBE12791D285003D4028 /* 1406.cpp */ = {isa = PBXFileReference; lastKnownFileType = sourcecode.cpp.cpp; path = 1406.cpp; sourceTree = "<group>"; };
		4DF159CF27B3E67000A4175A /* 11728.cpp */ = {isa = PBXFileReference; lastKnownFileType = sourcecode.cpp.cpp; path = 11728.cpp; sourceTree = "<group>"; };
		4DF159DA27B412D200A4175A /* 15688.cpp */ = {isa = PBXFileReference; lastKnownFileType = sourcecode.cpp.cpp; path = 15688.cpp; sourceTree = "<group>"; };
		4DF159E827B41A6600A4175A /* 1431.cpp */ = {isa = PBXFileReference; lastKnownFileType = sourcecode.cpp.cpp; path = 1431.cpp; sourceTree = "<group>"; };
		4DF2CBA127B6A7BD004CB492 /* 1149.cpp */ = {isa = PBXFileReference; lastKnownFileType = sourcecode.cpp.cpp; path = 1149.cpp; sourceTree = "<group>"; };
		4DF6C0A327C4C9E50093F580 /* 11003.cpp */ = {isa = PBXFileReference; lastKnownFileType = sourcecode.cpp.cpp; path = 11003.cpp; sourceTree = "<group>"; };
		4DFD2F822771D18F00A849C3 /* 1158.cpp */ = {isa = PBXFileReference; lastKnownFileType = sourcecode.cpp.cpp; path = 1158.cpp; sourceTree = "<group>"; };
		4DFD2F952771D90700A849C3 /* 10828.cpp */ = {isa = PBXFileReference; lastKnownFileType = sourcecode.cpp.cpp; path = 10828.cpp; sourceTree = "<group>"; };
/* End PBXFileReference section */

/* Begin PBXFrameworksBuildPhase section */
		4DE3931127BBB39200A6BC5A /* Frameworks */ = {
			isa = PBXFrameworksBuildPhase;
			buildActionMask = 2147483647;
			files = (
			);
			runOnlyForDeploymentPostprocessing = 0;
		};
/* End PBXFrameworksBuildPhase section */

/* Begin PBXGroup section */
		4D0B6EE727C4BDE2000A97BE /* Deque */ = {
			isa = PBXGroup;
			children = (
				4D0B6EE827C4BE45000A97BE /* 1021.cpp */,
				4D1AD92327C518DA00CAB199 /* 5430.cpp */,
				4DF6C0A327C4C9E50093F580 /* 11003.cpp */,
			);
			path = Deque;
			sourceTree = "<group>";
		};
		4D1AD92527C5296200CAB199 /* Bracket */ = {
			isa = PBXGroup;
			children = (
				4D1AD92C27C5364500CAB199 /* 3986.cpp */,
				4D1AD92E27C5E48300CAB199 /* 4889.cpp */,
				4DE0F6BF27A375260044391C /* 4949.cpp */,
				4D1AD92627C5297B00CAB199 /* 10799.cpp */,
			);
			path = Bracket;
			sourceTree = "<group>";
		};
		4D1AD92927C52F9300CAB199 /* _reSolve */ = {
			isa = PBXGroup;
			children = (
				4D1AD92A27C52FAC00CAB199 /* 2504.cpp */,
			);
			path = _reSolve;
			sourceTree = "<group>";
		};
		4D4E79D527BF66D00020BE4F /* Graph */ = {
			isa = PBXGroup;
			children = (
				4D4E79D927BF6FC90020BE4F /* 1260.cpp */,
				4D4E79D727BF6D730020BE4F /* 11724.cpp */,
			);
			path = Graph;
			sourceTree = "<group>";
		};
		4D4E79DB27BF7C9D0020BE4F /* Tree */ = {
			isa = PBXGroup;
			children = (
				4D4E79DF27BF84B80020BE4F /* 1991.cpp */,
				4D4E79DD27BF81000020BE4F /* 11725.cpp */,
			);
			path = Tree;
			sourceTree = "<group>";
		};
		4D4E79E127BF90B00020BE4F /* TopologicalSort */ = {
			isa = PBXGroup;
			children = (
				4D4E79E327BF94CB0020BE4F /* 2252.cpp */,
			);
			path = TopologicalSort;
			sourceTree = "<group>";
		};
		4D5C08B627B64CC3001176E5 /* DP */ = {
			isa = PBXGroup;
			children = (
				4D65129C27D3ACE7005D4421 /* 1003.cpp */,
				4DF2CBA127B6A7BD004CB492 /* 1149.cpp */,
				4D5C08BD27B64D54001176E5 /* 1463.cpp */,
				4D60AA8627D79FF1007C3942 /* 1520.cpp */,
				4D60AA8E27D9D658007C3942 /* 1699.cpp */,
				4D60AA9027D9EE5B007C3942 /* 1788.cpp */,
				4D60AA9227D9F621007C3942 /* 1904.cpp */,
				4D60AA9427D9F880007C3942 /* 1912.cpp */,
				4D60AA9627D9FC01007C3942 /* 1915.cpp */,
				4D60AA9827DA0285007C3942 /* 1932.cpp */,
				4D60AA9A27DA05CC007C3942 /* 2011.cpp */,
				4DAB7F3127DA291400342940 /* 2133.cpp */,
				4DAB7F3327DA4C7300342940 /* 2156.cpp */,
				4DAB7F3527DA573100342940 /* 2193.cpp */,
				4DA6D25727DB91C10059A0AD /* 2240.cpp */,
				4DA6D25927DB9A6E0059A0AD /* 2240_1.cpp */,
				4DA6D25B27DC90010059A0AD /* 2293.cpp */,
				4D9811D327DCC9C900D6740A /* 2294.cpp */,
				4D9811EF27DDF2A100D6740A /* 2302.cpp */,
				4DD6CB6727DE3283004C354C /* 2482.cpp */,
				4D5C08D527B652C2001176E5 /* 2579.cpp */,
				4DDD081327DF8119003E7061 /* 2748.cpp */,
				4DDD081527DF8224003E7061 /* 4883.cpp */,
				4D18B7C527E061330064455D /* 9084.cpp */,
				4D5C08C827B65025001176E5 /* 9095.cpp */,
				4D18B7C727E068C30064455D /* 9251.cpp */,
				4D18B7C927E0749C0064455D /* 9461.cpp */,
				4D3E79C427E22F9300D00222 /* 9465.cpp */,
				4D3E79C527E22FB400D00222 /* 9655.cpp */,
				4D3E79C627E37DBB00D00222 /* 9657.cpp */,
				4D65129E27D4AAB3005D4421 /* 10844.cpp */,
				4D6512A027D4AE85005D4421 /* 10942.cpp */,
				4D6512A227D4BA06005D4421 /* 11052.cpp */,
				4DD0C5F727D5DBA3000A6D85 /* 11053.cpp */,
				4DD0C5F927D5E16E000A6D85 /* 11055.cpp */,
				4D60AA7C27D72FF1007C3942 /* 11057.cpp */,
				4D9D7D6927B6B1A4006E9F28 /* 11659.cpp */,
				4D60AA7E27D7334E007C3942 /* 11660.cpp */,
				4D9D7D5E27B6AC4A006E9F28 /* 11726.cpp */,
				4D60AA8027D752FE007C3942 /* 11727.cpp */,
				4D9D7D7427B6B46B006E9F28 /* 12852.cpp */,
				4DE392B927BA06BB00A6BC5A /* 12865.cpp */,
				4D60AA8227D75A1D007C3942 /* 14002.cpp */,
				4D60AA8427D77B63007C3942 /* 14501.cpp */,
				4D60AA8827D8ED76007C3942 /* 15486.cpp */,
				4D60AA8C27D8F10E007C3942 /* 15988.cpp */,
			);
			path = DP;
			sourceTree = "<group>";
		};
		4D69A74827F0BB66003FDE33 /* 220327~220401 */ = {
			isa = PBXGroup;
			children = (
				4D69A74927F0BB81003FDE33 /* 2422.cpp */,
				4D711E4827F871B5008185DC /* 3980.cpp */,
				4D711E4A27F96382008185DC /* 3151.cpp */,
				4D711E4C27F968F9008185DC /* 17085.cpp */,
			);
			path = "220327~220401";
			sourceTree = "<group>";
		};
		4D711E3F27F8102B008185DC /* Coding_Test */ = {
			isa = PBXGroup;
			children = (
				4D711E4727F8705D008185DC /* ShowMeTheCode */,
			);
			path = Coding_Test;
			sourceTree = "<group>";
		};
		4D711E4727F8705D008185DC /* ShowMeTheCode */ = {
			isa = PBXGroup;
			children = (
				4D711E4027F8104A008185DC /* A.cpp */,
				4D711E4227F81078008185DC /* B.cpp */,
				4D711E4327F81082008185DC /* C.cpp */,
			);
			path = ShowMeTheCode;
			sourceTree = "<group>";
		};
		4D7D0A4727B1504D000E7AA6 /* BFS */ = {
			isa = PBXGroup;
			children = (
				4D7D0A6027B15BCF000E7AA6 /* 1012.cpp */,
				4DD4057827C63E28007B9C10 /* 1600.cpp */,
				4D7D0A2127B100BD000E7AA6 /* 1697.cpp */,
				4D90A65227A813EA00599CD6 /* 1926.cpp */,
				4DA50F8B27C77137009E0304 /* 2146.cpp */,
				4D7D0A0327B0E67E000E7AA6 /* 2178.cpp */,
				4DA50F8D27C77759009E0304 /* 2206.cpp */,
				4DA50F8F27C78254009E0304 /* 2468.cpp */,
				4DA50F9127C78ACF009E0304 /* 2573.cpp */,
				4DA50F9327C7AF82009E0304 /* 2583.cpp */,
				4DA50F9527C7C28B009E0304 /* 2667.cpp */,
				4DA50F9727C7C8F0009E0304 /* 3197.cpp */,
				4D7D0A1627B0FA38000E7AA6 /* 4179.cpp */,
				4D36EBE227C88EED0054141D /* 5014.cpp */,
				4D36EBE427C8946C0054141D /* 5427.cpp */,
				4D36EBE627C8A5430054141D /* 6593.cpp */,
				4D36EBE827C8AC5B0054141D /* 7562.cpp */,
				4D36EBEA27C8B4940054141D /* 7569.cpp */,
				4D7D0A0B27B0F1C7000E7AA6 /* 7576.cpp */,
				4D36EBEC27C8CB670054141D /* 9328.cpp */,
				4D36EBEE27C8E0230054141D /* 9466.cpp */,
				4D7D0A5327B150CC000E7AA6 /* 10026.cpp */,
				4DD4056E27C5EC46007B9C10 /* 11967.cpp */,
				4DD4057227C6109A007B9C10 /* 13549_1.cpp */,
				4DD4057027C607BF007B9C10 /* 13549.cpp */,
				4DD4057427C6130E007B9C10 /* 13913.cpp */,
				4DD4057627C61BEB007B9C10 /* 14442.cpp */,
				4DD4057A27C65947007B9C10 /* 16920.cpp */,
				4DD4057D27C67D91007B9C10 /* 16933.cpp */,
				4DA50F8327C73A8B009E0304 /* 17071.cpp */,
				4DA50F8927C7636A009E0304 /* 20304.cpp */,
				4D90A63C27A80FD600599CD6 /* BFS.cpp */,
			);
			path = BFS;
			sourceTree = "<group>";
		};
		4D7D0A6527B15FC0000E7AA6 /* Recursion */ = {
			isa = PBXGroup;
			children = (
				4D7D0A4227B14A64000E7AA6 /* 1074.cpp */,
				4D7D0A6D27B20877000E7AA6 /* 1629.cpp */,
				4D7D0A8527B2109D000E7AA6 /* 1780.cpp */,
				4D36EBF227C91C1C0054141D /* 1992.cpp */,
				4D6C68E527CA34FE0081F18A /* 2447.cpp */,
				4D6C68E727CA45610081F18A /* 2448.cpp */,
				4D6C68EA27CA584C0081F18A /* 2630.cpp */,
				4D7D0A3727B12590000E7AA6 /* 11729.cpp */,
				4D36EBF027C918650054141D /* 14956.cpp */,
				4D7D0A7A27B20C18000E7AA6 /* 17478.cpp */,
			);
			path = Recursion;
			sourceTree = "<group>";
		};
		4D7D0A8A27B21C7D000E7AA6 /* BackTracking */ = {
			isa = PBXGroup;
			children = (
				4D6C68EC27CA5EF60081F18A /* 1182.cpp */,
				4D6C68F027CA81A10081F18A /* 1182_1.cpp */,
				4D6C691427CCE76A0081F18A /* 1759.cpp */,
				4D6C691627CCEF720081F18A /* 1799.cpp */,
				4DE7F83727CFA0AC00130401 /* 1941.cpp */,
				4DE7F83927CFB0AF00130401 /* 6603.cpp */,
				4D7B2E7227B2290F0023064C /* 9663.cpp */,
				4D7B2E6727B2252B0023064C /* 15649.cpp */,
				4D6C68F227CA82120081F18A /* 15650.cpp */,
				4D6C68F427CB64540081F18A /* 15651.cpp */,
				4D6C68F727CB66DC0081F18A /* 15652.cpp */,
				4D6C68FD27CB6D4D0081F18A /* 15654.cpp */,
				4D6C68FF27CB6F140081F18A /* 15655.cpp */,
				4D6C690127CB734A0081F18A /* 15656.cpp */,
				4D6C690327CB74B10081F18A /* 15657.cpp */,
				4D6C690527CB76160081F18A /* 15663.cpp */,
				4D6C690727CB82460081F18A /* 15664.cpp */,
				4D6C690927CB85000081F18A /* 15665.cpp */,
				4D6C690B27CB86750081F18A /* 15666.cpp */,
				4D6C691227CBCEB20081F18A /* 16987.cpp */,
				4D6C691827CCFD4B0081F18A /* 18809.cpp */,
			);
			path = BackTracking;
			sourceTree = "<group>";
		};
		4D7E90FF27BFEBC70049718F /* MST */ = {
			isa = PBXGroup;
			children = (
				4D7E910027BFEBD60049718F /* 1197.cpp */,
			);
			path = MST;
			sourceTree = "<group>";
		};
		4D7E910227BFF2130049718F /* Floyd */ = {
			isa = PBXGroup;
			children = (
				4D7E910327BFF4FB0049718F /* 11404.cpp */,
				4DD74F2D27C0C28E0013AA93 /* 11780.cpp */,
			);
			path = Floyd;
			sourceTree = "<group>";
		};
		4D8045F9278DCFFC00AB2A15 /* ETC */ = {
			isa = PBXGroup;
			children = (
				4D7D0A2C27B11671000E7AA6 /* DFS.cpp */,
				4DE3931E27BBD78900A6BC5A /* Sample.cpp */,
				4D610DF1278D6FAD00DC22ED /* Test.cpp */,
				4D6394F327C37D19009CEA1B /* Stack.cpp */,
				4DA34CDD27C3793200A19A24 /* LinkedLiist.cpp */,
			);
			path = ETC;
			sourceTree = "<group>";
		};
		4D8CFDA227C4BD7500675668 /* Queue */ = {
			isa = PBXGroup;
			children = (
				4DA9B52027944AEF000DF666 /* 10845.cpp */,
			);
			path = Queue;
			sourceTree = "<group>";
		};
		4D9811D527DDD65600D6740A /* 220306~220312 */ = {
			isa = PBXGroup;
			children = (
				4D9811E027DDD9D300D6740A /* 1864.cpp */,
				4D9811E527DDDA0800D6740A /* 11568.cpp */,
				4D9811E327DDD9FB00D6740A /* 14595.cpp */,
			);
			path = "220306~220312";
			sourceTree = "<group>";
		};
		4D9811D627DDD67D00D6740A /* 220227~220305 */ = {
			isa = PBXGroup;
			children = (
				4DE7F83F27D1097000130401 /* 9375.cpp */,
				4DE7F83B27CFB60200130401 /* 11722.cpp */,
			);
			path = "220227~220305";
			sourceTree = "<group>";
		};
		4D9811D727DDD69C00D6740A /* 220220~220226 */ = {
			isa = PBXGroup;
			children = (
				4D36EBF427C92D320054141D /* 17212.cpp */,
				4D2AF19C27C9F90300BAEFFE /* 20056.cpp */,
			);
			path = "220220~220226";
			sourceTree = "<group>";
		};
		4D9811D827DDD6B900D6740A /* 220213~220219 */ = {
			isa = PBXGroup;
			children = (
				4DD74F2F27C0DD9F0013AA93 /* 1577.cpp */,
				4DD74F3527C11DAC0013AA93 /* 2644.cpp */,
				4DD74F3127C0EE940013AA93 /* 4095.cpp */,
				4DD423DE27C23DAC0094A25D /* 14284.cpp */,
			);
			path = "220213~220219";
			sourceTree = "<group>";
		};
		4D9811D927DDD6C800D6740A /* 220206~220212 */ = {
			isa = PBXGroup;
			children = (
				4DE0F6CA27A383000044391C /* 2504.cpp */,
				4DB620F927B7F3B4001244AB /* 3187.cpp */,
				4DB6210427B7F3C8001244AB /* 14391.cpp */,
				4DB620EE27B7F3A2001244AB /* 17610.cpp */,
			);
			path = "220206~220212";
			sourceTree = "<group>";
		};
		4D9811DA27DDD6DB00D6740A /* 220130~220205 */ = {
			isa = PBXGroup;
			children = (
				4D7D09E527AFD954000E7AA6 /* 2204.cpp */,
				4D7D09F527AFECA7000E7AA6 /* 20162.cpp */,
			);
			path = "220130~220205";
			sourceTree = "<group>";
		};
		4D9811DB27DDD6EB00D6740A /* 220123~220129 */ = {
			isa = PBXGroup;
			children = (
				4DA9B50A27940FEB000DF666 /* 4096.cpp */,
				4DA9B4FF27940685000DF666 /* 11509.cpp */,
				4DA9B4F427940159000DF666 /* 14950.cpp */,
				4DA9B515279411AF000DF666 /* 21922.cpp */,
			);
			path = "220123~220129";
			sourceTree = "<group>";
		};
		4D9811DC27DDD70800D6740A /* 220116~220122 */ = {
			isa = PBXGroup;
			children = (
			);
			path = "220116~220122";
			sourceTree = "<group>";
		};
		4D9811DD27DDD71800D6740A /* 220109~220115 */ = {
			isa = PBXGroup;
			children = (
			);
			path = "220109~220115";
			sourceTree = "<group>";
		};
		4D9811DE27DDD73800D6740A /* 220102~220108 */ = {
			isa = PBXGroup;
			children = (
				4D11E85F2785DBFF00ABB60D /* 1005.cpp */,
				4DCACE3D2782A5BA00BD20E9 /* 12896.cpp */,
				4DCFE0072784818D00AF215E /* 20327.cpp */,
				4DCFDFFC27847F4100AF215E /* 21313.cpp */,
			);
			path = "220102~220108";
			sourceTree = "<group>";
		};
		4D9811DF27DDD98400D6740A /* 211222~220102 */ = {
			isa = PBXGroup;
			children = (
				4DE80CFA277B15A000A41AE6 /* 2631.cpp */,
				4DE80D1D277B518900A41AE6 /* 5567.cpp */,
				4DE80CEE277B039900A41AE6 /* 7347.cpp */,
				4DE80D07277B1F5100A41AE6 /* 11497.cpp */,
				4DE80D12277B4F3B00A41AE6 /* 14676.cpp */,
				4DE80D28277B51A600A41AE6 /* 22942.cpp */,
			);
			path = "211222~220102";
			sourceTree = "<group>";
		};
		4D9CE34427B29B100034889E /* Simulation */ = {
			isa = PBXGroup;
			children = (
				4DE7F83D27D1040C00130401 /* 11559.cpp */,
				4D59C42627B37AD9001ECF45 /* 12100.cpp */,
				4D9CE33F27B29B010034889E /* 15683.cpp */,
				4D59C43127B3C4D6001ECF45 /* 15686.cpp */,
				4D59C41927B35F1A001ECF45 /* 18808.cpp */,
			);
			path = Simulation;
			sourceTree = "<group>";
		};
		4D9D448D27EB470700CD1263 /* 220320~220326 */ = {
			isa = PBXGroup;
			children = (
				4D9D448E27EB47F700CD1263 /* 5052.cpp */,
				4DA62F3C27EF0F0600742AAA /* 22943.cpp */,
			);
			path = "220320~220326";
			sourceTree = "<group>";
		};
		4D9D7D8427B6CB3F006E9F28 /* Greedy */ = {
			isa = PBXGroup;
			children = (
				4DE392AE27BA047900A6BC5A /* 1026.cpp */,
				4D6AD2B727EA11780078F121 /* 1439.cpp */,
				4D6AD2B927EA129D0078F121 /* 1541.cpp */,
				4D9D449027EB4DFA00CD1263 /* 1700.cpp */,
				4D9D449227EC2C0100CD1263 /* 1744.cpp */,
				4DE3929627B9F6E800A6BC5A /* 1931.cpp */,
				4D9D449427EC336000CD1263 /* 2170.cpp */,
				4D9D449627EC381300CD1263 /* 2170_1.cpp */,
				4DE392A327BA005500A6BC5A /* 2217.cpp */,
				4D9D449827ECC9B000CD1263 /* 2457.cpp */,
				4D9D449A27ECCD6F00CD1263 /* 2847.cpp */,
				4D9D449C27ECCF5700CD1263 /* 7570.cpp */,
				4DE51EDD27EDC63A002E1F41 /* 8980.cpp */,
				4D3E79C827E3808100D00222 /* 11000.cpp */,
				4D9D7D7F27B6CB2A006E9F28 /* 11047.cpp */,
				4D335F8B27E8B651007640F7 /* 11399.cpp */,
				4D335F8D27E8BA87007640F7 /* 11501.cpp */,
				4D9D448B27EB443C00CD1263 /* 15903.cpp */,
			);
			path = Greedy;
			sourceTree = "<group>";
		};
		4DA34CDC27C378E200A19A24 /* Stack */ = {
			isa = PBXGroup;
			children = (
				4D6394F927C38F4A009CEA1B /* 1874.cpp */,
				4D6394FB27C3A079009CEA1B /* 2493.cpp */,
				4D8CFD9B27C4A7A900675668 /* 3015.cpp */,
				4D8CFD9D27C4B56A00675668 /* 6198.cpp */,
				4D8CFD9F27C4B9E000675668 /* 6549.cpp */,
				4D6394F527C37E08009CEA1B /* 10773.cpp */,
				4D6394F727C37F65009CEA1B /* 17298.cpp */,
			);
			path = Stack;
			sourceTree = "<group>";
		};
		4DD423D827C22C220094A25D /* Dijkstra */ = {
			isa = PBXGroup;
			children = (
				4DD423DA27C232510094A25D /* 1753.cpp */,
				4DD423DC27C238070094A25D /* 11779.cpp */,
			);
			path = Dijkstra;
			sourceTree = "<group>";
		};
		4DD74F3B27C123430013AA93 /* Array */ = {
			isa = PBXGroup;
			children = (
				4DD74F4227C1349E0013AA93 /* 1475.cpp */,
				4DD74F4427C13AA50013AA93 /* 1919.cpp */,
				4DD74F4627C13CA30013AA93 /* 2577.cpp */,
				4DD74F4827C13E560013AA93 /* 3273.cpp */,
				4DD74F3C27C1239F0013AA93 /* 10807.cpp */,
				4D8045FD278DD0D300AB2A15 /* 10808.cpp */,
				4DD74F3E27C125810013AA93 /* 11328.cpp */,
				4DD74F4027C131820013AA93 /* 13300.cpp */,
			);
			path = Array;
			sourceTree = "<group>";
		};
		4DD74F4A27C1495A0013AA93 /* LinkedList */ = {
			isa = PBXGroup;
			children = (
				4DEACBE12791D285003D4028 /* 1406.cpp */,
				4DD74F4B27C149CB0013AA93 /* 5397.cpp */,
			);
			path = LinkedList;
			sourceTree = "<group>";
		};
		4DDD080827DF63B0003E7061 /* 220313~220319 */ = {
			isa = PBXGroup;
			children = (
				4DDD080B27DF6BE4003E7061 /* 5624.cpp */,
				4DDD080D27DF6DC3003E7061 /* 11279.cpp */,
				4DDD080F27DF711F003E7061 /* 19539.cpp */,
				4DDD080927DF63CD003E7061 /* 20154.cpp */,
			);
			path = "220313~220319";
			sourceTree = "<group>";
		};
		4DE392BE27BA12AC00A6BC5A /* Math */ = {
			isa = PBXGroup;
			children = (
				4DA62F3F27EF1B2600742AAA /* 1011.cpp */,
				4DA62F4127EF1D1400742AAA /* 1019.cpp */,
				4D663F9B27EF552A00B015B9 /* 1038.cpp */,
				4D663F9D27EF59A500B015B9 /* 1057.cpp */,
				4D663FA327EF710B00B015B9 /* 1193.cpp */,
				4D69A73B27F03E1E003FDE33 /* 1256.cpp */,
				4DB4064327F34FEC00368556 /* 1292.cpp */,
				4DB4064527F49B5F00368556 /* 1456.cpp */,
				4DB4064727F4A06200368556 /* 1476.cpp */,
				4D066B1C27F5F2A900DFFAD5 /* 1676.cpp */,
				4D1E953B27F73D6700E24FEF /* 1735.cpp */,
				4D711E4E27FB2ED1008185DC /* 1747.cpp */,
				4D711E5027FB3869008185DC /* 1790.cpp */,
				4DE392D027BA164F00A6BC5A /* 1929.cpp */,
				4DE392C527BA12BB00A6BC5A /* 1978.cpp */,
				4DE392E827BB8A2200A6BC5A /* 6064.cpp */,
				4D663F9927EF4FE900B015B9 /* 10250.cpp */,
				4D663F9F27EF671500B015B9 /* 10610.cpp */,
				4D8045FA278DD01200AB2A15 /* 10871.cpp */,
				4D663FA127EF700400B015B9 /* 11050.cpp */,
				4DE392F327BB90C100A6BC5A /* 11051.cpp */,
				4DE392DD27BB83AF00A6BC5A /* 11653.cpp */,
				4D066B1A27F5F12200DFFAD5 /* 15894.cpp */,
				4D1E953927F73CD200E24FEF /* 17103.cpp */,
			);
			path = Math;
			sourceTree = "<group>";
		};
		4DE392F827BB96BC00A6BC5A /* BinarySearch */ = {
			isa = PBXGroup;
			children = (
				4DE3932127BCE68000A6BC5A /* 1654.cpp */,
				4DE392FF27BB96E500A6BC5A /* 1920.cpp */,
				4DE3931F27BBE91B00A6BC5A /* 2295.cpp */,
				4DE3930A27BBADF300A6BC5A /* 10816.cpp */,
				4DE3931C27BBD6D800A6BC5A /* 18870.cpp */,
			);
			path = BinarySearch;
			sourceTree = "<group>";
		};
		4DE3932327BD454300A6BC5A /* TwoPointer */ = {
			isa = PBXGroup;
			children = (
				4DE3932627BE1AC000A6BC5A /* 1806.cpp */,
				4DE3932427BD45E500A6BC5A /* 2230.cpp */,
			);
			path = TwoPointer;
			sourceTree = "<group>";
		};
		4DE3932827BE22B700A6BC5A /* Hash */ = {
			isa = PBXGroup;
			children = (
				4DE3932C27BE30AD00A6BC5A /* 1620.cpp */,
				4DE3932A27BE2CE600A6BC5A /* 7785.cpp */,
			);
			path = Hash;
			sourceTree = "<group>";
		};
		4DE3933027BE49AB00A6BC5A /* BinarySearchTree */ = {
			isa = PBXGroup;
			children = (
				4DE3933327BE5A7B00A6BC5A /* 1202.cpp */,
				4DE3933127BE51D900A6BC5A /* 7662.cpp */,
			);
			path = BinarySearchTree;
			sourceTree = "<group>";
		};
		4DE3933527BE889100A6BC5A /* PriorityQueue */ = {
			isa = PBXGroup;
			children = (
				4DE3933B27BEA36600A6BC5A /* 1715.cpp */,
				4DE3933627BE904000A6BC5A /* 1927.cpp */,
				4DE3933827BE9FA300A6BC5A /* 11286.cpp */,
			);
			path = PriorityQueue;
			sourceTree = "<group>";
		};
		4DE80CF3277B03F100A41AE6 /* SJAlgorithm */ = {
			isa = PBXGroup;
			children = (
				4D69A74827F0BB66003FDE33 /* 220327~220401 */,
				4D9811DF27DDD98400D6740A /* 211222~220102 */,
				4D9811DE27DDD73800D6740A /* 220102~220108 */,
				4D9811DD27DDD71800D6740A /* 220109~220115 */,
				4D9811DC27DDD70800D6740A /* 220116~220122 */,
				4D9811DB27DDD6EB00D6740A /* 220123~220129 */,
				4D9811DA27DDD6DB00D6740A /* 220130~220205 */,
				4D9811D927DDD6C800D6740A /* 220206~220212 */,
				4D9811D827DDD6B900D6740A /* 220213~220219 */,
				4D9811D727DDD69C00D6740A /* 220220~220226 */,
				4D9811D627DDD67D00D6740A /* 220227~220305 */,
				4D9811D527DDD65600D6740A /* 220306~220312 */,
				4DDD080827DF63B0003E7061 /* 220313~220319 */,
				4D9D448D27EB470700CD1263 /* 220320~220326 */,
			);
			path = SJAlgorithm;
			sourceTree = "<group>";
		};
		4DF159C827B3E66500A4175A /* Sort */ = {
			isa = PBXGroup;
			children = (
				4D65129427D2531B005D4421 /* 1181.cpp */,
				4D65129627D2565A005D4421 /* 1181_1.cpp */,
				4DF159E827B41A6600A4175A /* 1431.cpp */,
				4DE7F84B27D2024500130401 /* 2750.cpp */,
				4DE7F84D27D2046300130401 /* 2751.cpp */,
				4DE7F84F27D204DC00130401 /* 2751_1.cpp */,
				4D65129827D25813005D4421 /* 2910.cpp */,
				4D65129A27D3AAF5005D4421 /* 5648.cpp */,
				4DD29B0527B6465300F2DE43 /* 7795.cpp */,
				4DE7F84127D1C82C00130401 /* 10814.cpp */,
				4DE7F85127D2092000130401 /* 10825.cpp */,
				4DE7F84327D1CB9100130401 /* 10989.cpp */,
				4DE7F84527D1F4DD00130401 /* 11650.cpp */,
				4DE7F84727D1F6DE00130401 /* 11651.cpp */,
				4DD29AFA27B63C0F00F2DE43 /* 11652.cpp */,
				4DE7F85327D20C6E00130401 /* 11656.cpp */,
				4DF159CF27B3E67000A4175A /* 11728.cpp */,
				4DE7F84927D200E100130401 /* 11931.cpp */,
				4DF159DA27B412D200A4175A /* 15688.cpp */,
			);
			path = Sort;
			sourceTree = "<group>";
		};
		4DFD2F762771D18F00A849C3 = {
			isa = PBXGroup;
			children = (
				4DFD2F9A2771DA3300A849C3 /* Backjoon */,
				4DFD2F802771D18F00A849C3 /* Products */,
			);
			sourceTree = "<group>";
		};
		4DFD2F802771D18F00A849C3 /* Products */ = {
			isa = PBXGroup;
			children = (
				4DE3931427BBB39200A6BC5A /* main */,
			);
			name = Products;
			sourceTree = "<group>";
		};
		4DFD2F892771D4E500A849C3 /* DataStructure */ = {
			isa = PBXGroup;
			children = (
				4DFD2F822771D18F00A849C3 /* 1158.cpp */,
				4DCACE532782AD9A00BD20E9 /* 1874.cpp */,
				4D11E86A2785DE9200ABB60D /* 1935.cpp */,
				4D8C1BFA27873BFB0074F6DC /* 1966.cpp */,
				4DCACE322782A2E200BD20E9 /* 2164.cpp */,
				4DC9CB232780A880009A9C3F /* 9012.cpp */,
				4D8C1BEF278732F90074F6DC /* 10799.cpp */,
				4DFD2F952771D90700A849C3 /* 10828.cpp */,
				4DCACE482782AA3E00BD20E9 /* 10866.cpp */,
				4D7E3FA52781AAF7005D62A8 /* 18258.cpp */,
			);
			path = DataStructure;
			sourceTree = "<group>";
		};
		4DFD2F9A2771DA3300A849C3 /* Backjoon */ = {
			isa = PBXGroup;
			children = (
				4D711E3F27F8102B008185DC /* Coding_Test */,
				4D1AD92927C52F9300CAB199 /* _reSolve */,
				4DD74F3B27C123430013AA93 /* Array */,
				4D7D0A8A27B21C7D000E7AA6 /* BackTracking */,
				4D7D0A4727B1504D000E7AA6 /* BFS */,
				4DE392F827BB96BC00A6BC5A /* BinarySearch */,
				4DE3933027BE49AB00A6BC5A /* BinarySearchTree */,
				4D1AD92527C5296200CAB199 /* Bracket */,
				4DFD2F892771D4E500A849C3 /* DataStructure */,
				4D0B6EE727C4BDE2000A97BE /* Deque */,
				4DD423D827C22C220094A25D /* Dijkstra */,
				4D5C08B627B64CC3001176E5 /* DP */,
				4D8045F9278DCFFC00AB2A15 /* ETC */,
				4D7E910227BFF2130049718F /* Floyd */,
				4D4E79D527BF66D00020BE4F /* Graph */,
				4D9D7D8427B6CB3F006E9F28 /* Greedy */,
				4DE3932827BE22B700A6BC5A /* Hash */,
				4DD74F4A27C1495A0013AA93 /* LinkedList */,
				4DE392BE27BA12AC00A6BC5A /* Math */,
				4D7E90FF27BFEBC70049718F /* MST */,
				4DE3933527BE889100A6BC5A /* PriorityQueue */,
				4D8CFDA227C4BD7500675668 /* Queue */,
				4D7D0A6527B15FC0000E7AA6 /* Recursion */,
				4D9CE34427B29B100034889E /* Simulation */,
				4DE80CF3277B03F100A41AE6 /* SJAlgorithm */,
				4DF159C827B3E66500A4175A /* Sort */,
				4DA34CDC27C378E200A19A24 /* Stack */,
				4D4E79E127BF90B00020BE4F /* TopologicalSort */,
				4D4E79DB27BF7C9D0020BE4F /* Tree */,
				4DE3932327BD454300A6BC5A /* TwoPointer */,
			);
			path = Backjoon;
			sourceTree = "<group>";
		};
/* End PBXGroup section */

/* Begin PBXNativeTarget section */
		4DE3931327BBB39200A6BC5A /* main */ = {
			isa = PBXNativeTarget;
			buildConfigurationList = 4DE3931827BBB39200A6BC5A /* Build configuration list for PBXNativeTarget "main" */;
			buildPhases = (
				4DE3931027BBB39200A6BC5A /* Sources */,
				4DE3931127BBB39200A6BC5A /* Frameworks */,
				4DE3931227BBB39200A6BC5A /* CopyFiles */,
			);
			buildRules = (
			);
			dependencies = (
			);
			name = main;
			productName = main;
			productReference = 4DE3931427BBB39200A6BC5A /* main */;
			productType = "com.apple.product-type.tool";
		};
/* End PBXNativeTarget section */

/* Begin PBXProject section */
		4DFD2F772771D18F00A849C3 /* Project object */ = {
			isa = PBXProject;
			attributes = {
				BuildIndependentTargetsInParallel = 1;
				LastSwiftUpdateCheck = 1310;
				LastUpgradeCheck = 1310;
				TargetAttributes = {
					4DE3931327BBB39200A6BC5A = {
						CreatedOnToolsVersion = 13.1;
					};
				};
			};
			buildConfigurationList = 4DFD2F7A2771D18F00A849C3 /* Build configuration list for PBXProject "Algorithm" */;
			compatibilityVersion = "Xcode 13.0";
			developmentRegion = en;
			hasScannedForEncodings = 0;
			knownRegions = (
				en,
				Base,
			);
			mainGroup = 4DFD2F762771D18F00A849C3;
			productRefGroup = 4DFD2F802771D18F00A849C3 /* Products */;
			projectDirPath = "";
			projectRoot = "";
			targets = (
				4DE3931327BBB39200A6BC5A /* main */,
			);
		};
/* End PBXProject section */

/* Begin PBXSourcesBuildPhase section */
		4DE3931027BBB39200A6BC5A /* Sources */ = {
			isa = PBXSourcesBuildPhase;
			buildActionMask = 2147483647;
			files = (
				4D711E5127FB3869008185DC /* 1790.cpp in Sources */,
			);
			runOnlyForDeploymentPostprocessing = 0;
		};
/* End PBXSourcesBuildPhase section */

/* Begin XCBuildConfiguration section */
		4DE3931927BBB39200A6BC5A /* Debug */ = {
			isa = XCBuildConfiguration;
			buildSettings = {
				CODE_SIGN_STYLE = Automatic;
				DEVELOPMENT_TEAM = 2KQLD72485;
				ENABLE_HARDENED_RUNTIME = YES;
				PRODUCT_NAME = "$(TARGET_NAME)";
			};
			name = Debug;
		};
		4DE3931A27BBB39200A6BC5A /* Release */ = {
			isa = XCBuildConfiguration;
			buildSettings = {
				CODE_SIGN_STYLE = Automatic;
				DEVELOPMENT_TEAM = 2KQLD72485;
				ENABLE_HARDENED_RUNTIME = YES;
				PRODUCT_NAME = "$(TARGET_NAME)";
			};
			name = Release;
		};
		4DFD2F842771D18F00A849C3 /* Debug */ = {
			isa = XCBuildConfiguration;
			buildSettings = {
				ALWAYS_SEARCH_USER_PATHS = NO;
				CLANG_ANALYZER_NONNULL = YES;
				CLANG_ANALYZER_NUMBER_OBJECT_CONVERSION = YES_AGGRESSIVE;
				CLANG_CXX_LANGUAGE_STANDARD = "gnu++17";
				CLANG_CXX_LIBRARY = "libc++";
				CLANG_ENABLE_MODULES = YES;
				CLANG_ENABLE_OBJC_ARC = YES;
				CLANG_ENABLE_OBJC_WEAK = YES;
				CLANG_WARN_BLOCK_CAPTURE_AUTORELEASING = YES;
				CLANG_WARN_BOOL_CONVERSION = YES;
				CLANG_WARN_COMMA = YES;
				CLANG_WARN_CONSTANT_CONVERSION = YES;
				CLANG_WARN_DEPRECATED_OBJC_IMPLEMENTATIONS = YES;
				CLANG_WARN_DIRECT_OBJC_ISA_USAGE = YES_ERROR;
				CLANG_WARN_DOCUMENTATION_COMMENTS = YES;
				CLANG_WARN_EMPTY_BODY = YES;
				CLANG_WARN_ENUM_CONVERSION = YES;
				CLANG_WARN_INFINITE_RECURSION = YES;
				CLANG_WARN_INT_CONVERSION = YES;
				CLANG_WARN_NON_LITERAL_NULL_CONVERSION = YES;
				CLANG_WARN_OBJC_IMPLICIT_RETAIN_SELF = YES;
				CLANG_WARN_OBJC_LITERAL_CONVERSION = YES;
				CLANG_WARN_OBJC_ROOT_CLASS = YES_ERROR;
				CLANG_WARN_QUOTED_INCLUDE_IN_FRAMEWORK_HEADER = YES;
				CLANG_WARN_RANGE_LOOP_ANALYSIS = YES;
				CLANG_WARN_STRICT_PROTOTYPES = YES;
				CLANG_WARN_SUSPICIOUS_MOVE = YES;
				CLANG_WARN_UNGUARDED_AVAILABILITY = YES_AGGRESSIVE;
				CLANG_WARN_UNREACHABLE_CODE = YES;
				CLANG_WARN__DUPLICATE_METHOD_MATCH = YES;
				COPY_PHASE_STRIP = NO;
				CREATE_INFOPLIST_SECTION_IN_BINARY = NO;
				DEBUG_INFORMATION_FORMAT = dwarf;
				ENABLE_PREVIEWS = NO;
				ENABLE_STRICT_OBJC_MSGSEND = YES;
				ENABLE_TESTABILITY = YES;
				GCC_C_LANGUAGE_STANDARD = gnu11;
				GCC_DYNAMIC_NO_PIC = NO;
				GCC_NO_COMMON_BLOCKS = YES;
				GCC_OPTIMIZATION_LEVEL = 0;
				GCC_PREPROCESSOR_DEFINITIONS = (
					"DEBUG=1",
					"$(inherited)",
				);
				GCC_WARN_64_TO_32_BIT_CONVERSION = YES;
				GCC_WARN_ABOUT_RETURN_TYPE = YES_ERROR;
				GCC_WARN_UNDECLARED_SELECTOR = YES;
				GCC_WARN_UNINITIALIZED_AUTOS = YES_AGGRESSIVE;
				GCC_WARN_UNUSED_FUNCTION = YES;
				GCC_WARN_UNUSED_VARIABLE = YES;
				HEADER_SEARCH_PATHS = /usr/local/include;
				MACOSX_DEPLOYMENT_TARGET = 12.0;
				MTL_ENABLE_DEBUG_INFO = INCLUDE_SOURCE;
				MTL_FAST_MATH = YES;
				ONLY_ACTIVE_ARCH = YES;
				ORDER_FILE = "";
				SDKROOT = macosx;
			};
			name = Debug;
		};
		4DFD2F852771D18F00A849C3 /* Release */ = {
			isa = XCBuildConfiguration;
			buildSettings = {
				ALWAYS_SEARCH_USER_PATHS = NO;
				CLANG_ANALYZER_NONNULL = YES;
				CLANG_ANALYZER_NUMBER_OBJECT_CONVERSION = YES_AGGRESSIVE;
				CLANG_CXX_LANGUAGE_STANDARD = "gnu++17";
				CLANG_CXX_LIBRARY = "libc++";
				CLANG_ENABLE_MODULES = YES;
				CLANG_ENABLE_OBJC_ARC = YES;
				CLANG_ENABLE_OBJC_WEAK = YES;
				CLANG_WARN_BLOCK_CAPTURE_AUTORELEASING = YES;
				CLANG_WARN_BOOL_CONVERSION = YES;
				CLANG_WARN_COMMA = YES;
				CLANG_WARN_CONSTANT_CONVERSION = YES;
				CLANG_WARN_DEPRECATED_OBJC_IMPLEMENTATIONS = YES;
				CLANG_WARN_DIRECT_OBJC_ISA_USAGE = YES_ERROR;
				CLANG_WARN_DOCUMENTATION_COMMENTS = YES;
				CLANG_WARN_EMPTY_BODY = YES;
				CLANG_WARN_ENUM_CONVERSION = YES;
				CLANG_WARN_INFINITE_RECURSION = YES;
				CLANG_WARN_INT_CONVERSION = YES;
				CLANG_WARN_NON_LITERAL_NULL_CONVERSION = YES;
				CLANG_WARN_OBJC_IMPLICIT_RETAIN_SELF = YES;
				CLANG_WARN_OBJC_LITERAL_CONVERSION = YES;
				CLANG_WARN_OBJC_ROOT_CLASS = YES_ERROR;
				CLANG_WARN_QUOTED_INCLUDE_IN_FRAMEWORK_HEADER = YES;
				CLANG_WARN_RANGE_LOOP_ANALYSIS = YES;
				CLANG_WARN_STRICT_PROTOTYPES = YES;
				CLANG_WARN_SUSPICIOUS_MOVE = YES;
				CLANG_WARN_UNGUARDED_AVAILABILITY = YES_AGGRESSIVE;
				CLANG_WARN_UNREACHABLE_CODE = YES;
				CLANG_WARN__DUPLICATE_METHOD_MATCH = YES;
				COPY_PHASE_STRIP = NO;
				CREATE_INFOPLIST_SECTION_IN_BINARY = NO;
				DEBUG_INFORMATION_FORMAT = "dwarf-with-dsym";
				ENABLE_NS_ASSERTIONS = NO;
				ENABLE_PREVIEWS = NO;
				ENABLE_STRICT_OBJC_MSGSEND = YES;
				GCC_C_LANGUAGE_STANDARD = gnu11;
				GCC_NO_COMMON_BLOCKS = YES;
				GCC_WARN_64_TO_32_BIT_CONVERSION = YES;
				GCC_WARN_ABOUT_RETURN_TYPE = YES_ERROR;
				GCC_WARN_UNDECLARED_SELECTOR = YES;
				GCC_WARN_UNINITIALIZED_AUTOS = YES_AGGRESSIVE;
				GCC_WARN_UNUSED_FUNCTION = YES;
				GCC_WARN_UNUSED_VARIABLE = YES;
				HEADER_SEARCH_PATHS = /usr/local/include;
				MACOSX_DEPLOYMENT_TARGET = 12.0;
				MTL_ENABLE_DEBUG_INFO = NO;
				MTL_FAST_MATH = YES;
				ORDER_FILE = "";
				SDKROOT = macosx;
			};
			name = Release;
		};
/* End XCBuildConfiguration section */

/* Begin XCConfigurationList section */
		4DE3931827BBB39200A6BC5A /* Build configuration list for PBXNativeTarget "main" */ = {
			isa = XCConfigurationList;
			buildConfigurations = (
				4DE3931927BBB39200A6BC5A /* Debug */,
				4DE3931A27BBB39200A6BC5A /* Release */,
			);
			defaultConfigurationIsVisible = 0;
			defaultConfigurationName = Release;
		};
		4DFD2F7A2771D18F00A849C3 /* Build configuration list for PBXProject "Algorithm" */ = {
			isa = XCConfigurationList;
			buildConfigurations = (
				4DFD2F842771D18F00A849C3 /* Debug */,
				4DFD2F852771D18F00A849C3 /* Release */,
			);
			defaultConfigurationIsVisible = 0;
			defaultConfigurationName = Release;
		};
/* End XCConfigurationList section */
	};
	rootObject = 4DFD2F772771D18F00A849C3 /* Project object */;
}
